
Microsoft Visual Studio Solution File, Format Version 12.00
# Visual Studio 15
VisualStudioVersion = 15.0.27130.2036
MinimumVisualStudioVersion = 10.0.40219.1
Project("{9A19103F-16F7-4668-BE54-9A1E7A4F7556}") = "hase.DevLib", "hase.DevLib\hase.DevLib.csproj", "{311B827A-67D5-4CE7-BE75-94E5AB7BE61A}"
EndProject
Project("{9A19103F-16F7-4668-BE54-9A1E7A4F7556}") = "hase.ClientUI.ConsoleApp", "hase.ClientUI.ConsoleApp\hase.ClientUI.ConsoleApp.csproj", "{3315ADBF-B4A3-4A67-BEEB-FF0C2EAE3BE6}"
EndProject
Project("{9A19103F-16F7-4668-BE54-9A1E7A4F7556}") = "hase.RelayHub.ConsoleHost", "hase.RelayHub.ConsoleHost\hase.RelayHub.ConsoleHost.csproj", "{0AA84C70-91CB-4ABF-9951-3FDABBD02778}"
EndProject
Project("{9A19103F-16F7-4668-BE54-9A1E7A4F7556}") = "hase.ServiceApp.ConsoleHost", "hase.ServiceApp.ConsoleHost\hase.ServiceApp.ConsoleHost.csproj", "{FFD40E4F-5AAC-4859-A1CA-A718A82E560E}"
EndProject
Project("{9A19103F-16F7-4668-BE54-9A1E7A4F7556}") = "hase.DevLib.Tests", "hase.DevLib.Tests\hase.DevLib.Tests.csproj", "{C7B21118-AE8F-4D58-AF20-E4664104ADF8}"
EndProject
Project("{FAE04EC0-301F-11D3-BF4B-00C04F79EFBC}") = "hase.ServiceApp.XFHost.Android", "hase.ServiceApp.XFHost\hase.ServiceApp.XFHost.Android\hase.ServiceApp.XFHost.Android.csproj", "{B41E8FAD-D18E-4D14-B4F0-95CEE65FD47C}"
EndProject
Project("{FAE04EC0-301F-11D3-BF4B-00C04F79EFBC}") = "hase.ServiceApp.XFHost.iOS", "hase.ServiceApp.XFHost\hase.ServiceApp.XFHost.iOS\hase.ServiceApp.XFHost.iOS.csproj", "{926E2C07-B4BF-417F-BFA9-B2DB7EE24A24}"
EndProject
Project("{FAE04EC0-301F-11D3-BF4B-00C04F79EFBC}") = "hase.ServiceApp.XFHost.UWP", "hase.ServiceApp.XFHost\hase.ServiceApp.XFHost.UWP\hase.ServiceApp.XFHost.UWP.csproj", "{B38C0E1A-049F-43CF-B95E-E264C5298471}"
EndProject
Project("{9A19103F-16F7-4668-BE54-9A1E7A4F7556}") = "hase.ServiceApp.XFHost", "hase.ServiceApp.XFHost\hase.ServiceApp.XFHost\hase.ServiceApp.XFHost.csproj", "{884408B0-C0C3-4AA0-8799-FFFE82C40514}"
EndProject
Project("{2150E333-8FDC-42A3-9474-1A3956D46DE8}") = "XF.ServiceApp", "XF.ServiceApp", "{1B044DD3-EEAE-4CA0-9B5C-AA5AF5055700}"
EndProject
Project("{9A19103F-16F7-4668-BE54-9A1E7A4F7556}") = "hase.DevLib.Core20", "hase.DevLib.Core20\hase.DevLib.Core20.csproj", "{ED171644-E9A9-4FE8-8581-74FA43F34A25}"
EndProject
Global
	GlobalSection(SolutionConfigurationPlatforms) = preSolution
		Ad-Hoc|Any CPU = Ad-Hoc|Any CPU
		Ad-Hoc|ARM = Ad-Hoc|ARM
		Ad-Hoc|iPhone = Ad-Hoc|iPhone
		Ad-Hoc|iPhoneSimulator = Ad-Hoc|iPhoneSimulator
		Ad-Hoc|x64 = Ad-Hoc|x64
		Ad-Hoc|x86 = Ad-Hoc|x86
		AppStore|Any CPU = AppStore|Any CPU
		AppStore|ARM = AppStore|ARM
		AppStore|iPhone = AppStore|iPhone
		AppStore|iPhoneSimulator = AppStore|iPhoneSimulator
		AppStore|x64 = AppStore|x64
		AppStore|x86 = AppStore|x86
		Debug|Any CPU = Debug|Any CPU
		Debug|ARM = Debug|ARM
		Debug|iPhone = Debug|iPhone
		Debug|iPhoneSimulator = Debug|iPhoneSimulator
		Debug|x64 = Debug|x64
		Debug|x86 = Debug|x86
		Release|Any CPU = Release|Any CPU
		Release|ARM = Release|ARM
		Release|iPhone = Release|iPhone
		Release|iPhoneSimulator = Release|iPhoneSimulator
		Release|x64 = Release|x64
		Release|x86 = Release|x86
	EndGlobalSection
	GlobalSection(ProjectConfigurationPlatforms) = postSolution
		{311B827A-67D5-4CE7-BE75-94E5AB7BE61A}.Ad-Hoc|Any CPU.ActiveCfg = Release|Any CPU
		{311B827A-67D5-4CE7-BE75-94E5AB7BE61A}.Ad-Hoc|Any CPU.Build.0 = Release|Any CPU
		{311B827A-67D5-4CE7-BE75-94E5AB7BE61A}.Ad-Hoc|ARM.ActiveCfg = Release|Any CPU
		{311B827A-67D5-4CE7-BE75-94E5AB7BE61A}.Ad-Hoc|ARM.Build.0 = Release|Any CPU
		{311B827A-67D5-4CE7-BE75-94E5AB7BE61A}.Ad-Hoc|iPhone.ActiveCfg = Release|Any CPU
		{311B827A-67D5-4CE7-BE75-94E5AB7BE61A}.Ad-Hoc|iPhone.Build.0 = Release|Any CPU
		{311B827A-67D5-4CE7-BE75-94E5AB7BE61A}.Ad-Hoc|iPhoneSimulator.ActiveCfg = Release|Any CPU
		{311B827A-67D5-4CE7-BE75-94E5AB7BE61A}.Ad-Hoc|iPhoneSimulator.Build.0 = Release|Any CPU
		{311B827A-67D5-4CE7-BE75-94E5AB7BE61A}.Ad-Hoc|x64.ActiveCfg = Release|Any CPU
		{311B827A-67D5-4CE7-BE75-94E5AB7BE61A}.Ad-Hoc|x64.Build.0 = Release|Any CPU
		{311B827A-67D5-4CE7-BE75-94E5AB7BE61A}.Ad-Hoc|x86.ActiveCfg = Release|Any CPU
		{311B827A-67D5-4CE7-BE75-94E5AB7BE61A}.Ad-Hoc|x86.Build.0 = Release|Any CPU
		{311B827A-67D5-4CE7-BE75-94E5AB7BE61A}.AppStore|Any CPU.ActiveCfg = Release|Any CPU
		{311B827A-67D5-4CE7-BE75-94E5AB7BE61A}.AppStore|Any CPU.Build.0 = Release|Any CPU
		{311B827A-67D5-4CE7-BE75-94E5AB7BE61A}.AppStore|ARM.ActiveCfg = Release|Any CPU
		{311B827A-67D5-4CE7-BE75-94E5AB7BE61A}.AppStore|ARM.Build.0 = Release|Any CPU
		{311B827A-67D5-4CE7-BE75-94E5AB7BE61A}.AppStore|iPhone.ActiveCfg = Release|Any CPU
		{311B827A-67D5-4CE7-BE75-94E5AB7BE61A}.AppStore|iPhone.Build.0 = Release|Any CPU
		{311B827A-67D5-4CE7-BE75-94E5AB7BE61A}.AppStore|iPhoneSimulator.ActiveCfg = Release|Any CPU
		{311B827A-67D5-4CE7-BE75-94E5AB7BE61A}.AppStore|iPhoneSimulator.Build.0 = Release|Any CPU
		{311B827A-67D5-4CE7-BE75-94E5AB7BE61A}.AppStore|x64.ActiveCfg = Release|Any CPU
		{311B827A-67D5-4CE7-BE75-94E5AB7BE61A}.AppStore|x64.Build.0 = Release|Any CPU
		{311B827A-67D5-4CE7-BE75-94E5AB7BE61A}.AppStore|x86.ActiveCfg = Release|Any CPU
		{311B827A-67D5-4CE7-BE75-94E5AB7BE61A}.AppStore|x86.Build.0 = Release|Any CPU
		{311B827A-67D5-4CE7-BE75-94E5AB7BE61A}.Debug|Any CPU.ActiveCfg = Debug|Any CPU
		{311B827A-67D5-4CE7-BE75-94E5AB7BE61A}.Debug|Any CPU.Build.0 = Debug|Any CPU
		{311B827A-67D5-4CE7-BE75-94E5AB7BE61A}.Debug|ARM.ActiveCfg = Debug|Any CPU
		{311B827A-67D5-4CE7-BE75-94E5AB7BE61A}.Debug|ARM.Build.0 = Debug|Any CPU
		{311B827A-67D5-4CE7-BE75-94E5AB7BE61A}.Debug|iPhone.ActiveCfg = Debug|Any CPU
		{311B827A-67D5-4CE7-BE75-94E5AB7BE61A}.Debug|iPhone.Build.0 = Debug|Any CPU
		{311B827A-67D5-4CE7-BE75-94E5AB7BE61A}.Debug|iPhoneSimulator.ActiveCfg = Debug|Any CPU
		{311B827A-67D5-4CE7-BE75-94E5AB7BE61A}.Debug|iPhoneSimulator.Build.0 = Debug|Any CPU
		{311B827A-67D5-4CE7-BE75-94E5AB7BE61A}.Debug|x64.ActiveCfg = Debug|Any CPU
		{311B827A-67D5-4CE7-BE75-94E5AB7BE61A}.Debug|x64.Build.0 = Debug|Any CPU
		{311B827A-67D5-4CE7-BE75-94E5AB7BE61A}.Debug|x86.ActiveCfg = Debug|Any CPU
		{311B827A-67D5-4CE7-BE75-94E5AB7BE61A}.Debug|x86.Build.0 = Debug|Any CPU
		{311B827A-67D5-4CE7-BE75-94E5AB7BE61A}.Release|Any CPU.ActiveCfg = Release|Any CPU
		{311B827A-67D5-4CE7-BE75-94E5AB7BE61A}.Release|Any CPU.Build.0 = Release|Any CPU
		{311B827A-67D5-4CE7-BE75-94E5AB7BE61A}.Release|ARM.ActiveCfg = Release|Any CPU
		{311B827A-67D5-4CE7-BE75-94E5AB7BE61A}.Release|ARM.Build.0 = Release|Any CPU
		{311B827A-67D5-4CE7-BE75-94E5AB7BE61A}.Release|iPhone.ActiveCfg = Release|Any CPU
		{311B827A-67D5-4CE7-BE75-94E5AB7BE61A}.Release|iPhone.Build.0 = Release|Any CPU
		{311B827A-67D5-4CE7-BE75-94E5AB7BE61A}.Release|iPhoneSimulator.ActiveCfg = Release|Any CPU
		{311B827A-67D5-4CE7-BE75-94E5AB7BE61A}.Release|iPhoneSimulator.Build.0 = Release|Any CPU
		{311B827A-67D5-4CE7-BE75-94E5AB7BE61A}.Release|x64.ActiveCfg = Release|Any CPU
		{311B827A-67D5-4CE7-BE75-94E5AB7BE61A}.Release|x64.Build.0 = Release|Any CPU
		{311B827A-67D5-4CE7-BE75-94E5AB7BE61A}.Release|x86.ActiveCfg = Release|Any CPU
		{311B827A-67D5-4CE7-BE75-94E5AB7BE61A}.Release|x86.Build.0 = Release|Any CPU
		{3315ADBF-B4A3-4A67-BEEB-FF0C2EAE3BE6}.Ad-Hoc|Any CPU.ActiveCfg = Release|Any CPU
		{3315ADBF-B4A3-4A67-BEEB-FF0C2EAE3BE6}.Ad-Hoc|Any CPU.Build.0 = Release|Any CPU
		{3315ADBF-B4A3-4A67-BEEB-FF0C2EAE3BE6}.Ad-Hoc|ARM.ActiveCfg = Release|Any CPU
		{3315ADBF-B4A3-4A67-BEEB-FF0C2EAE3BE6}.Ad-Hoc|ARM.Build.0 = Release|Any CPU
		{3315ADBF-B4A3-4A67-BEEB-FF0C2EAE3BE6}.Ad-Hoc|iPhone.ActiveCfg = Release|Any CPU
		{3315ADBF-B4A3-4A67-BEEB-FF0C2EAE3BE6}.Ad-Hoc|iPhone.Build.0 = Release|Any CPU
		{3315ADBF-B4A3-4A67-BEEB-FF0C2EAE3BE6}.Ad-Hoc|iPhoneSimulator.ActiveCfg = Release|Any CPU
		{3315ADBF-B4A3-4A67-BEEB-FF0C2EAE3BE6}.Ad-Hoc|iPhoneSimulator.Build.0 = Release|Any CPU
		{3315ADBF-B4A3-4A67-BEEB-FF0C2EAE3BE6}.Ad-Hoc|x64.ActiveCfg = Release|Any CPU
		{3315ADBF-B4A3-4A67-BEEB-FF0C2EAE3BE6}.Ad-Hoc|x64.Build.0 = Release|Any CPU
		{3315ADBF-B4A3-4A67-BEEB-FF0C2EAE3BE6}.Ad-Hoc|x86.ActiveCfg = Release|Any CPU
		{3315ADBF-B4A3-4A67-BEEB-FF0C2EAE3BE6}.Ad-Hoc|x86.Build.0 = Release|Any CPU
		{3315ADBF-B4A3-4A67-BEEB-FF0C2EAE3BE6}.AppStore|Any CPU.ActiveCfg = Release|Any CPU
		{3315ADBF-B4A3-4A67-BEEB-FF0C2EAE3BE6}.AppStore|Any CPU.Build.0 = Release|Any CPU
		{3315ADBF-B4A3-4A67-BEEB-FF0C2EAE3BE6}.AppStore|ARM.ActiveCfg = Release|Any CPU
		{3315ADBF-B4A3-4A67-BEEB-FF0C2EAE3BE6}.AppStore|ARM.Build.0 = Release|Any CPU
		{3315ADBF-B4A3-4A67-BEEB-FF0C2EAE3BE6}.AppStore|iPhone.ActiveCfg = Release|Any CPU
		{3315ADBF-B4A3-4A67-BEEB-FF0C2EAE3BE6}.AppStore|iPhone.Build.0 = Release|Any CPU
		{3315ADBF-B4A3-4A67-BEEB-FF0C2EAE3BE6}.AppStore|iPhoneSimulator.ActiveCfg = Release|Any CPU
		{3315ADBF-B4A3-4A67-BEEB-FF0C2EAE3BE6}.AppStore|iPhoneSimulator.Build.0 = Release|Any CPU
		{3315ADBF-B4A3-4A67-BEEB-FF0C2EAE3BE6}.AppStore|x64.ActiveCfg = Release|Any CPU
		{3315ADBF-B4A3-4A67-BEEB-FF0C2EAE3BE6}.AppStore|x64.Build.0 = Release|Any CPU
		{3315ADBF-B4A3-4A67-BEEB-FF0C2EAE3BE6}.AppStore|x86.ActiveCfg = Release|Any CPU
		{3315ADBF-B4A3-4A67-BEEB-FF0C2EAE3BE6}.AppStore|x86.Build.0 = Release|Any CPU
		{3315ADBF-B4A3-4A67-BEEB-FF0C2EAE3BE6}.Debug|Any CPU.ActiveCfg = Debug|Any CPU
		{3315ADBF-B4A3-4A67-BEEB-FF0C2EAE3BE6}.Debug|Any CPU.Build.0 = Debug|Any CPU
		{3315ADBF-B4A3-4A67-BEEB-FF0C2EAE3BE6}.Debug|ARM.ActiveCfg = Debug|Any CPU
		{3315ADBF-B4A3-4A67-BEEB-FF0C2EAE3BE6}.Debug|ARM.Build.0 = Debug|Any CPU
		{3315ADBF-B4A3-4A67-BEEB-FF0C2EAE3BE6}.Debug|iPhone.ActiveCfg = Debug|Any CPU
		{3315ADBF-B4A3-4A67-BEEB-FF0C2EAE3BE6}.Debug|iPhone.Build.0 = Debug|Any CPU
		{3315ADBF-B4A3-4A67-BEEB-FF0C2EAE3BE6}.Debug|iPhoneSimulator.ActiveCfg = Debug|Any CPU
		{3315ADBF-B4A3-4A67-BEEB-FF0C2EAE3BE6}.Debug|iPhoneSimulator.Build.0 = Debug|Any CPU
		{3315ADBF-B4A3-4A67-BEEB-FF0C2EAE3BE6}.Debug|x64.ActiveCfg = Debug|Any CPU
		{3315ADBF-B4A3-4A67-BEEB-FF0C2EAE3BE6}.Debug|x64.Build.0 = Debug|Any CPU
		{3315ADBF-B4A3-4A67-BEEB-FF0C2EAE3BE6}.Debug|x86.ActiveCfg = Debug|Any CPU
		{3315ADBF-B4A3-4A67-BEEB-FF0C2EAE3BE6}.Debug|x86.Build.0 = Debug|Any CPU
		{3315ADBF-B4A3-4A67-BEEB-FF0C2EAE3BE6}.Release|Any CPU.ActiveCfg = Release|Any CPU
		{3315ADBF-B4A3-4A67-BEEB-FF0C2EAE3BE6}.Release|Any CPU.Build.0 = Release|Any CPU
		{3315ADBF-B4A3-4A67-BEEB-FF0C2EAE3BE6}.Release|ARM.ActiveCfg = Release|Any CPU
		{3315ADBF-B4A3-4A67-BEEB-FF0C2EAE3BE6}.Release|ARM.Build.0 = Release|Any CPU
		{3315ADBF-B4A3-4A67-BEEB-FF0C2EAE3BE6}.Release|iPhone.ActiveCfg = Release|Any CPU
		{3315ADBF-B4A3-4A67-BEEB-FF0C2EAE3BE6}.Release|iPhone.Build.0 = Release|Any CPU
		{3315ADBF-B4A3-4A67-BEEB-FF0C2EAE3BE6}.Release|iPhoneSimulator.ActiveCfg = Release|Any CPU
		{3315ADBF-B4A3-4A67-BEEB-FF0C2EAE3BE6}.Release|iPhoneSimulator.Build.0 = Release|Any CPU
		{3315ADBF-B4A3-4A67-BEEB-FF0C2EAE3BE6}.Release|x64.ActiveCfg = Release|Any CPU
		{3315ADBF-B4A3-4A67-BEEB-FF0C2EAE3BE6}.Release|x64.Build.0 = Release|Any CPU
		{3315ADBF-B4A3-4A67-BEEB-FF0C2EAE3BE6}.Release|x86.ActiveCfg = Release|Any CPU
		{3315ADBF-B4A3-4A67-BEEB-FF0C2EAE3BE6}.Release|x86.Build.0 = Release|Any CPU
		{0AA84C70-91CB-4ABF-9951-3FDABBD02778}.Ad-Hoc|Any CPU.ActiveCfg = Release|Any CPU
		{0AA84C70-91CB-4ABF-9951-3FDABBD02778}.Ad-Hoc|Any CPU.Build.0 = Release|Any CPU
		{0AA84C70-91CB-4ABF-9951-3FDABBD02778}.Ad-Hoc|ARM.ActiveCfg = Release|Any CPU
		{0AA84C70-91CB-4ABF-9951-3FDABBD02778}.Ad-Hoc|ARM.Build.0 = Release|Any CPU
		{0AA84C70-91CB-4ABF-9951-3FDABBD02778}.Ad-Hoc|iPhone.ActiveCfg = Release|Any CPU
		{0AA84C70-91CB-4ABF-9951-3FDABBD02778}.Ad-Hoc|iPhone.Build.0 = Release|Any CPU
		{0AA84C70-91CB-4ABF-9951-3FDABBD02778}.Ad-Hoc|iPhoneSimulator.ActiveCfg = Release|Any CPU
		{0AA84C70-91CB-4ABF-9951-3FDABBD02778}.Ad-Hoc|iPhoneSimulator.Build.0 = Release|Any CPU
		{0AA84C70-91CB-4ABF-9951-3FDABBD02778}.Ad-Hoc|x64.ActiveCfg = Release|Any CPU
		{0AA84C70-91CB-4ABF-9951-3FDABBD02778}.Ad-Hoc|x64.Build.0 = Release|Any CPU
		{0AA84C70-91CB-4ABF-9951-3FDABBD02778}.Ad-Hoc|x86.ActiveCfg = Release|Any CPU
		{0AA84C70-91CB-4ABF-9951-3FDABBD02778}.Ad-Hoc|x86.Build.0 = Release|Any CPU
		{0AA84C70-91CB-4ABF-9951-3FDABBD02778}.AppStore|Any CPU.ActiveCfg = Release|Any CPU
		{0AA84C70-91CB-4ABF-9951-3FDABBD02778}.AppStore|Any CPU.Build.0 = Release|Any CPU
		{0AA84C70-91CB-4ABF-9951-3FDABBD02778}.AppStore|ARM.ActiveCfg = Release|Any CPU
		{0AA84C70-91CB-4ABF-9951-3FDABBD02778}.AppStore|ARM.Build.0 = Release|Any CPU
		{0AA84C70-91CB-4ABF-9951-3FDABBD02778}.AppStore|iPhone.ActiveCfg = Release|Any CPU
		{0AA84C70-91CB-4ABF-9951-3FDABBD02778}.AppStore|iPhone.Build.0 = Release|Any CPU
		{0AA84C70-91CB-4ABF-9951-3FDABBD02778}.AppStore|iPhoneSimulator.ActiveCfg = Release|Any CPU
		{0AA84C70-91CB-4ABF-9951-3FDABBD02778}.AppStore|iPhoneSimulator.Build.0 = Release|Any CPU
		{0AA84C70-91CB-4ABF-9951-3FDABBD02778}.AppStore|x64.ActiveCfg = Release|Any CPU
		{0AA84C70-91CB-4ABF-9951-3FDABBD02778}.AppStore|x64.Build.0 = Release|Any CPU
		{0AA84C70-91CB-4ABF-9951-3FDABBD02778}.AppStore|x86.ActiveCfg = Release|Any CPU
		{0AA84C70-91CB-4ABF-9951-3FDABBD02778}.AppStore|x86.Build.0 = Release|Any CPU
		{0AA84C70-91CB-4ABF-9951-3FDABBD02778}.Debug|Any CPU.ActiveCfg = Debug|Any CPU
		{0AA84C70-91CB-4ABF-9951-3FDABBD02778}.Debug|Any CPU.Build.0 = Debug|Any CPU
		{0AA84C70-91CB-4ABF-9951-3FDABBD02778}.Debug|ARM.ActiveCfg = Debug|Any CPU
		{0AA84C70-91CB-4ABF-9951-3FDABBD02778}.Debug|ARM.Build.0 = Debug|Any CPU
		{0AA84C70-91CB-4ABF-9951-3FDABBD02778}.Debug|iPhone.ActiveCfg = Debug|Any CPU
		{0AA84C70-91CB-4ABF-9951-3FDABBD02778}.Debug|iPhone.Build.0 = Debug|Any CPU
		{0AA84C70-91CB-4ABF-9951-3FDABBD02778}.Debug|iPhoneSimulator.ActiveCfg = Debug|Any CPU
		{0AA84C70-91CB-4ABF-9951-3FDABBD02778}.Debug|iPhoneSimulator.Build.0 = Debug|Any CPU
		{0AA84C70-91CB-4ABF-9951-3FDABBD02778}.Debug|x64.ActiveCfg = Debug|Any CPU
		{0AA84C70-91CB-4ABF-9951-3FDABBD02778}.Debug|x64.Build.0 = Debug|Any CPU
		{0AA84C70-91CB-4ABF-9951-3FDABBD02778}.Debug|x86.ActiveCfg = Debug|Any CPU
		{0AA84C70-91CB-4ABF-9951-3FDABBD02778}.Debug|x86.Build.0 = Debug|Any CPU
		{0AA84C70-91CB-4ABF-9951-3FDABBD02778}.Release|Any CPU.ActiveCfg = Release|Any CPU
		{0AA84C70-91CB-4ABF-9951-3FDABBD02778}.Release|Any CPU.Build.0 = Release|Any CPU
		{0AA84C70-91CB-4ABF-9951-3FDABBD02778}.Release|ARM.ActiveCfg = Release|Any CPU
		{0AA84C70-91CB-4ABF-9951-3FDABBD02778}.Release|ARM.Build.0 = Release|Any CPU
		{0AA84C70-91CB-4ABF-9951-3FDABBD02778}.Release|iPhone.ActiveCfg = Release|Any CPU
		{0AA84C70-91CB-4ABF-9951-3FDABBD02778}.Release|iPhone.Build.0 = Release|Any CPU
		{0AA84C70-91CB-4ABF-9951-3FDABBD02778}.Release|iPhoneSimulator.ActiveCfg = Release|Any CPU
		{0AA84C70-91CB-4ABF-9951-3FDABBD02778}.Release|iPhoneSimulator.Build.0 = Release|Any CPU
		{0AA84C70-91CB-4ABF-9951-3FDABBD02778}.Release|x64.ActiveCfg = Release|Any CPU
		{0AA84C70-91CB-4ABF-9951-3FDABBD02778}.Release|x64.Build.0 = Release|Any CPU
		{0AA84C70-91CB-4ABF-9951-3FDABBD02778}.Release|x86.ActiveCfg = Release|Any CPU
		{0AA84C70-91CB-4ABF-9951-3FDABBD02778}.Release|x86.Build.0 = Release|Any CPU
		{FFD40E4F-5AAC-4859-A1CA-A718A82E560E}.Ad-Hoc|Any CPU.ActiveCfg = Release|Any CPU
		{FFD40E4F-5AAC-4859-A1CA-A718A82E560E}.Ad-Hoc|Any CPU.Build.0 = Release|Any CPU
		{FFD40E4F-5AAC-4859-A1CA-A718A82E560E}.Ad-Hoc|ARM.ActiveCfg = Release|Any CPU
		{FFD40E4F-5AAC-4859-A1CA-A718A82E560E}.Ad-Hoc|ARM.Build.0 = Release|Any CPU
		{FFD40E4F-5AAC-4859-A1CA-A718A82E560E}.Ad-Hoc|iPhone.ActiveCfg = Release|Any CPU
		{FFD40E4F-5AAC-4859-A1CA-A718A82E560E}.Ad-Hoc|iPhone.Build.0 = Release|Any CPU
		{FFD40E4F-5AAC-4859-A1CA-A718A82E560E}.Ad-Hoc|iPhoneSimulator.ActiveCfg = Release|Any CPU
		{FFD40E4F-5AAC-4859-A1CA-A718A82E560E}.Ad-Hoc|iPhoneSimulator.Build.0 = Release|Any CPU
		{FFD40E4F-5AAC-4859-A1CA-A718A82E560E}.Ad-Hoc|x64.ActiveCfg = Release|Any CPU
		{FFD40E4F-5AAC-4859-A1CA-A718A82E560E}.Ad-Hoc|x64.Build.0 = Release|Any CPU
		{FFD40E4F-5AAC-4859-A1CA-A718A82E560E}.Ad-Hoc|x86.ActiveCfg = Release|Any CPU
		{FFD40E4F-5AAC-4859-A1CA-A718A82E560E}.Ad-Hoc|x86.Build.0 = Release|Any CPU
		{FFD40E4F-5AAC-4859-A1CA-A718A82E560E}.AppStore|Any CPU.ActiveCfg = Release|Any CPU
		{FFD40E4F-5AAC-4859-A1CA-A718A82E560E}.AppStore|Any CPU.Build.0 = Release|Any CPU
		{FFD40E4F-5AAC-4859-A1CA-A718A82E560E}.AppStore|ARM.ActiveCfg = Release|Any CPU
		{FFD40E4F-5AAC-4859-A1CA-A718A82E560E}.AppStore|ARM.Build.0 = Release|Any CPU
		{FFD40E4F-5AAC-4859-A1CA-A718A82E560E}.AppStore|iPhone.ActiveCfg = Release|Any CPU
		{FFD40E4F-5AAC-4859-A1CA-A718A82E560E}.AppStore|iPhone.Build.0 = Release|Any CPU
		{FFD40E4F-5AAC-4859-A1CA-A718A82E560E}.AppStore|iPhoneSimulator.ActiveCfg = Release|Any CPU
		{FFD40E4F-5AAC-4859-A1CA-A718A82E560E}.AppStore|iPhoneSimulator.Build.0 = Release|Any CPU
		{FFD40E4F-5AAC-4859-A1CA-A718A82E560E}.AppStore|x64.ActiveCfg = Release|Any CPU
		{FFD40E4F-5AAC-4859-A1CA-A718A82E560E}.AppStore|x64.Build.0 = Release|Any CPU
		{FFD40E4F-5AAC-4859-A1CA-A718A82E560E}.AppStore|x86.ActiveCfg = Release|Any CPU
		{FFD40E4F-5AAC-4859-A1CA-A718A82E560E}.AppStore|x86.Build.0 = Release|Any CPU
		{FFD40E4F-5AAC-4859-A1CA-A718A82E560E}.Debug|Any CPU.ActiveCfg = Debug|Any CPU
		{FFD40E4F-5AAC-4859-A1CA-A718A82E560E}.Debug|Any CPU.Build.0 = Debug|Any CPU
		{FFD40E4F-5AAC-4859-A1CA-A718A82E560E}.Debug|ARM.ActiveCfg = Debug|Any CPU
		{FFD40E4F-5AAC-4859-A1CA-A718A82E560E}.Debug|ARM.Build.0 = Debug|Any CPU
		{FFD40E4F-5AAC-4859-A1CA-A718A82E560E}.Debug|iPhone.ActiveCfg = Debug|Any CPU
		{FFD40E4F-5AAC-4859-A1CA-A718A82E560E}.Debug|iPhone.Build.0 = Debug|Any CPU
		{FFD40E4F-5AAC-4859-A1CA-A718A82E560E}.Debug|iPhoneSimulator.ActiveCfg = Debug|Any CPU
		{FFD40E4F-5AAC-4859-A1CA-A718A82E560E}.Debug|iPhoneSimulator.Build.0 = Debug|Any CPU
		{FFD40E4F-5AAC-4859-A1CA-A718A82E560E}.Debug|x64.ActiveCfg = Debug|Any CPU
		{FFD40E4F-5AAC-4859-A1CA-A718A82E560E}.Debug|x64.Build.0 = Debug|Any CPU
		{FFD40E4F-5AAC-4859-A1CA-A718A82E560E}.Debug|x86.ActiveCfg = Debug|Any CPU
		{FFD40E4F-5AAC-4859-A1CA-A718A82E560E}.Debug|x86.Build.0 = Debug|Any CPU
		{FFD40E4F-5AAC-4859-A1CA-A718A82E560E}.Release|Any CPU.ActiveCfg = Release|Any CPU
		{FFD40E4F-5AAC-4859-A1CA-A718A82E560E}.Release|Any CPU.Build.0 = Release|Any CPU
		{FFD40E4F-5AAC-4859-A1CA-A718A82E560E}.Release|ARM.ActiveCfg = Release|Any CPU
		{FFD40E4F-5AAC-4859-A1CA-A718A82E560E}.Release|ARM.Build.0 = Release|Any CPU
		{FFD40E4F-5AAC-4859-A1CA-A718A82E560E}.Release|iPhone.ActiveCfg = Release|Any CPU
		{FFD40E4F-5AAC-4859-A1CA-A718A82E560E}.Release|iPhone.Build.0 = Release|Any CPU
		{FFD40E4F-5AAC-4859-A1CA-A718A82E560E}.Release|iPhoneSimulator.ActiveCfg = Release|Any CPU
		{FFD40E4F-5AAC-4859-A1CA-A718A82E560E}.Release|iPhoneSimulator.Build.0 = Release|Any CPU
		{FFD40E4F-5AAC-4859-A1CA-A718A82E560E}.Release|x64.ActiveCfg = Release|Any CPU
		{FFD40E4F-5AAC-4859-A1CA-A718A82E560E}.Release|x64.Build.0 = Release|Any CPU
		{FFD40E4F-5AAC-4859-A1CA-A718A82E560E}.Release|x86.ActiveCfg = Release|Any CPU
		{FFD40E4F-5AAC-4859-A1CA-A718A82E560E}.Release|x86.Build.0 = Release|Any CPU
		{C7B21118-AE8F-4D58-AF20-E4664104ADF8}.Ad-Hoc|Any CPU.ActiveCfg = Release|Any CPU
		{C7B21118-AE8F-4D58-AF20-E4664104ADF8}.Ad-Hoc|Any CPU.Build.0 = Release|Any CPU
		{C7B21118-AE8F-4D58-AF20-E4664104ADF8}.Ad-Hoc|ARM.ActiveCfg = Release|Any CPU
		{C7B21118-AE8F-4D58-AF20-E4664104ADF8}.Ad-Hoc|ARM.Build.0 = Release|Any CPU
		{C7B21118-AE8F-4D58-AF20-E4664104ADF8}.Ad-Hoc|iPhone.ActiveCfg = Release|Any CPU
		{C7B21118-AE8F-4D58-AF20-E4664104ADF8}.Ad-Hoc|iPhone.Build.0 = Release|Any CPU
		{C7B21118-AE8F-4D58-AF20-E4664104ADF8}.Ad-Hoc|iPhoneSimulator.ActiveCfg = Release|Any CPU
		{C7B21118-AE8F-4D58-AF20-E4664104ADF8}.Ad-Hoc|iPhoneSimulator.Build.0 = Release|Any CPU
		{C7B21118-AE8F-4D58-AF20-E4664104ADF8}.Ad-Hoc|x64.ActiveCfg = Release|Any CPU
		{C7B21118-AE8F-4D58-AF20-E4664104ADF8}.Ad-Hoc|x64.Build.0 = Release|Any CPU
		{C7B21118-AE8F-4D58-AF20-E4664104ADF8}.Ad-Hoc|x86.ActiveCfg = Release|Any CPU
		{C7B21118-AE8F-4D58-AF20-E4664104ADF8}.Ad-Hoc|x86.Build.0 = Release|Any CPU
		{C7B21118-AE8F-4D58-AF20-E4664104ADF8}.AppStore|Any CPU.ActiveCfg = Release|Any CPU
		{C7B21118-AE8F-4D58-AF20-E4664104ADF8}.AppStore|Any CPU.Build.0 = Release|Any CPU
		{C7B21118-AE8F-4D58-AF20-E4664104ADF8}.AppStore|ARM.ActiveCfg = Release|Any CPU
		{C7B21118-AE8F-4D58-AF20-E4664104ADF8}.AppStore|ARM.Build.0 = Release|Any CPU
		{C7B21118-AE8F-4D58-AF20-E4664104ADF8}.AppStore|iPhone.ActiveCfg = Release|Any CPU
		{C7B21118-AE8F-4D58-AF20-E4664104ADF8}.AppStore|iPhone.Build.0 = Release|Any CPU
		{C7B21118-AE8F-4D58-AF20-E4664104ADF8}.AppStore|iPhoneSimulator.ActiveCfg = Release|Any CPU
		{C7B21118-AE8F-4D58-AF20-E4664104ADF8}.AppStore|iPhoneSimulator.Build.0 = Release|Any CPU
		{C7B21118-AE8F-4D58-AF20-E4664104ADF8}.AppStore|x64.ActiveCfg = Release|Any CPU
		{C7B21118-AE8F-4D58-AF20-E4664104ADF8}.AppStore|x64.Build.0 = Release|Any CPU
		{C7B21118-AE8F-4D58-AF20-E4664104ADF8}.AppStore|x86.ActiveCfg = Release|Any CPU
		{C7B21118-AE8F-4D58-AF20-E4664104ADF8}.AppStore|x86.Build.0 = Release|Any CPU
		{C7B21118-AE8F-4D58-AF20-E4664104ADF8}.Debug|Any CPU.ActiveCfg = Debug|Any CPU
		{C7B21118-AE8F-4D58-AF20-E4664104ADF8}.Debug|Any CPU.Build.0 = Debug|Any CPU
		{C7B21118-AE8F-4D58-AF20-E4664104ADF8}.Debug|ARM.ActiveCfg = Debug|Any CPU
		{C7B21118-AE8F-4D58-AF20-E4664104ADF8}.Debug|ARM.Build.0 = Debug|Any CPU
		{C7B21118-AE8F-4D58-AF20-E4664104ADF8}.Debug|iPhone.ActiveCfg = Debug|Any CPU
		{C7B21118-AE8F-4D58-AF20-E4664104ADF8}.Debug|iPhone.Build.0 = Debug|Any CPU
		{C7B21118-AE8F-4D58-AF20-E4664104ADF8}.Debug|iPhoneSimulator.ActiveCfg = Debug|Any CPU
		{C7B21118-AE8F-4D58-AF20-E4664104ADF8}.Debug|iPhoneSimulator.Build.0 = Debug|Any CPU
		{C7B21118-AE8F-4D58-AF20-E4664104ADF8}.Debug|x64.ActiveCfg = Debug|Any CPU
		{C7B21118-AE8F-4D58-AF20-E4664104ADF8}.Debug|x64.Build.0 = Debug|Any CPU
		{C7B21118-AE8F-4D58-AF20-E4664104ADF8}.Debug|x86.ActiveCfg = Debug|Any CPU
		{C7B21118-AE8F-4D58-AF20-E4664104ADF8}.Debug|x86.Build.0 = Debug|Any CPU
		{C7B21118-AE8F-4D58-AF20-E4664104ADF8}.Release|Any CPU.ActiveCfg = Release|Any CPU
		{C7B21118-AE8F-4D58-AF20-E4664104ADF8}.Release|Any CPU.Build.0 = Release|Any CPU
		{C7B21118-AE8F-4D58-AF20-E4664104ADF8}.Release|ARM.ActiveCfg = Release|Any CPU
		{C7B21118-AE8F-4D58-AF20-E4664104ADF8}.Release|ARM.Build.0 = Release|Any CPU
		{C7B21118-AE8F-4D58-AF20-E4664104ADF8}.Release|iPhone.ActiveCfg = Release|Any CPU
		{C7B21118-AE8F-4D58-AF20-E4664104ADF8}.Release|iPhone.Build.0 = Release|Any CPU
		{C7B21118-AE8F-4D58-AF20-E4664104ADF8}.Release|iPhoneSimulator.ActiveCfg = Release|Any CPU
		{C7B21118-AE8F-4D58-AF20-E4664104ADF8}.Release|iPhoneSimulator.Build.0 = Release|Any CPU
		{C7B21118-AE8F-4D58-AF20-E4664104ADF8}.Release|x64.ActiveCfg = Release|Any CPU
		{C7B21118-AE8F-4D58-AF20-E4664104ADF8}.Release|x64.Build.0 = Release|Any CPU
		{C7B21118-AE8F-4D58-AF20-E4664104ADF8}.Release|x86.ActiveCfg = Release|Any CPU
		{C7B21118-AE8F-4D58-AF20-E4664104ADF8}.Release|x86.Build.0 = Release|Any CPU
		{B41E8FAD-D18E-4D14-B4F0-95CEE65FD47C}.Ad-Hoc|Any CPU.ActiveCfg = Release|Any CPU
		{B41E8FAD-D18E-4D14-B4F0-95CEE65FD47C}.Ad-Hoc|Any CPU.Build.0 = Release|Any CPU
		{B41E8FAD-D18E-4D14-B4F0-95CEE65FD47C}.Ad-Hoc|Any CPU.Deploy.0 = Release|Any CPU
		{B41E8FAD-D18E-4D14-B4F0-95CEE65FD47C}.Ad-Hoc|ARM.ActiveCfg = Release|Any CPU
		{B41E8FAD-D18E-4D14-B4F0-95CEE65FD47C}.Ad-Hoc|ARM.Build.0 = Release|Any CPU
		{B41E8FAD-D18E-4D14-B4F0-95CEE65FD47C}.Ad-Hoc|ARM.Deploy.0 = Release|Any CPU
		{B41E8FAD-D18E-4D14-B4F0-95CEE65FD47C}.Ad-Hoc|iPhone.ActiveCfg = Release|Any CPU
		{B41E8FAD-D18E-4D14-B4F0-95CEE65FD47C}.Ad-Hoc|iPhone.Build.0 = Release|Any CPU
		{B41E8FAD-D18E-4D14-B4F0-95CEE65FD47C}.Ad-Hoc|iPhone.Deploy.0 = Release|Any CPU
		{B41E8FAD-D18E-4D14-B4F0-95CEE65FD47C}.Ad-Hoc|iPhoneSimulator.ActiveCfg = Release|Any CPU
		{B41E8FAD-D18E-4D14-B4F0-95CEE65FD47C}.Ad-Hoc|iPhoneSimulator.Build.0 = Release|Any CPU
		{B41E8FAD-D18E-4D14-B4F0-95CEE65FD47C}.Ad-Hoc|iPhoneSimulator.Deploy.0 = Release|Any CPU
		{B41E8FAD-D18E-4D14-B4F0-95CEE65FD47C}.Ad-Hoc|x64.ActiveCfg = Release|Any CPU
		{B41E8FAD-D18E-4D14-B4F0-95CEE65FD47C}.Ad-Hoc|x64.Build.0 = Release|Any CPU
		{B41E8FAD-D18E-4D14-B4F0-95CEE65FD47C}.Ad-Hoc|x64.Deploy.0 = Release|Any CPU
		{B41E8FAD-D18E-4D14-B4F0-95CEE65FD47C}.Ad-Hoc|x86.ActiveCfg = Release|Any CPU
		{B41E8FAD-D18E-4D14-B4F0-95CEE65FD47C}.Ad-Hoc|x86.Build.0 = Release|Any CPU
		{B41E8FAD-D18E-4D14-B4F0-95CEE65FD47C}.Ad-Hoc|x86.Deploy.0 = Release|Any CPU
		{B41E8FAD-D18E-4D14-B4F0-95CEE65FD47C}.AppStore|Any CPU.ActiveCfg = Release|Any CPU
		{B41E8FAD-D18E-4D14-B4F0-95CEE65FD47C}.AppStore|Any CPU.Build.0 = Release|Any CPU
		{B41E8FAD-D18E-4D14-B4F0-95CEE65FD47C}.AppStore|Any CPU.Deploy.0 = Release|Any CPU
		{B41E8FAD-D18E-4D14-B4F0-95CEE65FD47C}.AppStore|ARM.ActiveCfg = Release|Any CPU
		{B41E8FAD-D18E-4D14-B4F0-95CEE65FD47C}.AppStore|ARM.Build.0 = Release|Any CPU
		{B41E8FAD-D18E-4D14-B4F0-95CEE65FD47C}.AppStore|ARM.Deploy.0 = Release|Any CPU
		{B41E8FAD-D18E-4D14-B4F0-95CEE65FD47C}.AppStore|iPhone.ActiveCfg = Release|Any CPU
		{B41E8FAD-D18E-4D14-B4F0-95CEE65FD47C}.AppStore|iPhone.Build.0 = Release|Any CPU
		{B41E8FAD-D18E-4D14-B4F0-95CEE65FD47C}.AppStore|iPhone.Deploy.0 = Release|Any CPU
		{B41E8FAD-D18E-4D14-B4F0-95CEE65FD47C}.AppStore|iPhoneSimulator.ActiveCfg = Release|Any CPU
		{B41E8FAD-D18E-4D14-B4F0-95CEE65FD47C}.AppStore|iPhoneSimulator.Build.0 = Release|Any CPU
		{B41E8FAD-D18E-4D14-B4F0-95CEE65FD47C}.AppStore|iPhoneSimulator.Deploy.0 = Release|Any CPU
		{B41E8FAD-D18E-4D14-B4F0-95CEE65FD47C}.AppStore|x64.ActiveCfg = Release|Any CPU
		{B41E8FAD-D18E-4D14-B4F0-95CEE65FD47C}.AppStore|x64.Build.0 = Release|Any CPU
		{B41E8FAD-D18E-4D14-B4F0-95CEE65FD47C}.AppStore|x64.Deploy.0 = Release|Any CPU
		{B41E8FAD-D18E-4D14-B4F0-95CEE65FD47C}.AppStore|x86.ActiveCfg = Release|Any CPU
		{B41E8FAD-D18E-4D14-B4F0-95CEE65FD47C}.AppStore|x86.Build.0 = Release|Any CPU
		{B41E8FAD-D18E-4D14-B4F0-95CEE65FD47C}.AppStore|x86.Deploy.0 = Release|Any CPU
		{B41E8FAD-D18E-4D14-B4F0-95CEE65FD47C}.Debug|Any CPU.ActiveCfg = Debug|Any CPU
		{B41E8FAD-D18E-4D14-B4F0-95CEE65FD47C}.Debug|Any CPU.Build.0 = Debug|Any CPU
		{B41E8FAD-D18E-4D14-B4F0-95CEE65FD47C}.Debug|Any CPU.Deploy.0 = Debug|Any CPU
		{B41E8FAD-D18E-4D14-B4F0-95CEE65FD47C}.Debug|ARM.ActiveCfg = Debug|Any CPU
		{B41E8FAD-D18E-4D14-B4F0-95CEE65FD47C}.Debug|ARM.Build.0 = Debug|Any CPU
		{B41E8FAD-D18E-4D14-B4F0-95CEE65FD47C}.Debug|ARM.Deploy.0 = Debug|Any CPU
		{B41E8FAD-D18E-4D14-B4F0-95CEE65FD47C}.Debug|iPhone.ActiveCfg = Debug|Any CPU
		{B41E8FAD-D18E-4D14-B4F0-95CEE65FD47C}.Debug|iPhone.Build.0 = Debug|Any CPU
		{B41E8FAD-D18E-4D14-B4F0-95CEE65FD47C}.Debug|iPhone.Deploy.0 = Debug|Any CPU
		{B41E8FAD-D18E-4D14-B4F0-95CEE65FD47C}.Debug|iPhoneSimulator.ActiveCfg = Debug|Any CPU
		{B41E8FAD-D18E-4D14-B4F0-95CEE65FD47C}.Debug|iPhoneSimulator.Build.0 = Debug|Any CPU
		{B41E8FAD-D18E-4D14-B4F0-95CEE65FD47C}.Debug|iPhoneSimulator.Deploy.0 = Debug|Any CPU
		{B41E8FAD-D18E-4D14-B4F0-95CEE65FD47C}.Debug|x64.ActiveCfg = Debug|Any CPU
		{B41E8FAD-D18E-4D14-B4F0-95CEE65FD47C}.Debug|x64.Build.0 = Debug|Any CPU
		{B41E8FAD-D18E-4D14-B4F0-95CEE65FD47C}.Debug|x64.Deploy.0 = Debug|Any CPU
		{B41E8FAD-D18E-4D14-B4F0-95CEE65FD47C}.Debug|x86.ActiveCfg = Debug|Any CPU
		{B41E8FAD-D18E-4D14-B4F0-95CEE65FD47C}.Debug|x86.Build.0 = Debug|Any CPU
		{B41E8FAD-D18E-4D14-B4F0-95CEE65FD47C}.Debug|x86.Deploy.0 = Debug|Any CPU
		{B41E8FAD-D18E-4D14-B4F0-95CEE65FD47C}.Release|Any CPU.ActiveCfg = Release|Any CPU
		{B41E8FAD-D18E-4D14-B4F0-95CEE65FD47C}.Release|ARM.ActiveCfg = Release|Any CPU
		{B41E8FAD-D18E-4D14-B4F0-95CEE65FD47C}.Release|ARM.Build.0 = Release|Any CPU
		{B41E8FAD-D18E-4D14-B4F0-95CEE65FD47C}.Release|ARM.Deploy.0 = Release|Any CPU
		{B41E8FAD-D18E-4D14-B4F0-95CEE65FD47C}.Release|iPhone.ActiveCfg = Release|Any CPU
		{B41E8FAD-D18E-4D14-B4F0-95CEE65FD47C}.Release|iPhone.Build.0 = Release|Any CPU
		{B41E8FAD-D18E-4D14-B4F0-95CEE65FD47C}.Release|iPhone.Deploy.0 = Release|Any CPU
		{B41E8FAD-D18E-4D14-B4F0-95CEE65FD47C}.Release|iPhoneSimulator.ActiveCfg = Release|Any CPU
		{B41E8FAD-D18E-4D14-B4F0-95CEE65FD47C}.Release|iPhoneSimulator.Build.0 = Release|Any CPU
		{B41E8FAD-D18E-4D14-B4F0-95CEE65FD47C}.Release|iPhoneSimulator.Deploy.0 = Release|Any CPU
		{B41E8FAD-D18E-4D14-B4F0-95CEE65FD47C}.Release|x64.ActiveCfg = Release|Any CPU
		{B41E8FAD-D18E-4D14-B4F0-95CEE65FD47C}.Release|x64.Build.0 = Release|Any CPU
		{B41E8FAD-D18E-4D14-B4F0-95CEE65FD47C}.Release|x64.Deploy.0 = Release|Any CPU
		{B41E8FAD-D18E-4D14-B4F0-95CEE65FD47C}.Release|x86.ActiveCfg = Release|Any CPU
		{B41E8FAD-D18E-4D14-B4F0-95CEE65FD47C}.Release|x86.Build.0 = Release|Any CPU
		{B41E8FAD-D18E-4D14-B4F0-95CEE65FD47C}.Release|x86.Deploy.0 = Release|Any CPU
		{926E2C07-B4BF-417F-BFA9-B2DB7EE24A24}.Ad-Hoc|Any CPU.ActiveCfg = Ad-Hoc|iPhone
		{926E2C07-B4BF-417F-BFA9-B2DB7EE24A24}.Ad-Hoc|ARM.ActiveCfg = Ad-Hoc|iPhone
		{926E2C07-B4BF-417F-BFA9-B2DB7EE24A24}.Ad-Hoc|iPhone.ActiveCfg = Ad-Hoc|iPhone
		{926E2C07-B4BF-417F-BFA9-B2DB7EE24A24}.Ad-Hoc|iPhone.Build.0 = Ad-Hoc|iPhone
		{926E2C07-B4BF-417F-BFA9-B2DB7EE24A24}.Ad-Hoc|iPhoneSimulator.ActiveCfg = Ad-Hoc|iPhoneSimulator
		{926E2C07-B4BF-417F-BFA9-B2DB7EE24A24}.Ad-Hoc|iPhoneSimulator.Build.0 = Ad-Hoc|iPhoneSimulator
		{926E2C07-B4BF-417F-BFA9-B2DB7EE24A24}.Ad-Hoc|x64.ActiveCfg = Ad-Hoc|iPhone
		{926E2C07-B4BF-417F-BFA9-B2DB7EE24A24}.Ad-Hoc|x86.ActiveCfg = Ad-Hoc|iPhone
		{926E2C07-B4BF-417F-BFA9-B2DB7EE24A24}.AppStore|Any CPU.ActiveCfg = AppStore|iPhone
		{926E2C07-B4BF-417F-BFA9-B2DB7EE24A24}.AppStore|ARM.ActiveCfg = AppStore|iPhone
		{926E2C07-B4BF-417F-BFA9-B2DB7EE24A24}.AppStore|iPhone.ActiveCfg = AppStore|iPhone
		{926E2C07-B4BF-417F-BFA9-B2DB7EE24A24}.AppStore|iPhone.Build.0 = AppStore|iPhone
		{926E2C07-B4BF-417F-BFA9-B2DB7EE24A24}.AppStore|iPhoneSimulator.ActiveCfg = AppStore|iPhoneSimulator
		{926E2C07-B4BF-417F-BFA9-B2DB7EE24A24}.AppStore|iPhoneSimulator.Build.0 = AppStore|iPhoneSimulator
		{926E2C07-B4BF-417F-BFA9-B2DB7EE24A24}.AppStore|x64.ActiveCfg = AppStore|iPhone
		{926E2C07-B4BF-417F-BFA9-B2DB7EE24A24}.AppStore|x86.ActiveCfg = AppStore|iPhone
		{926E2C07-B4BF-417F-BFA9-B2DB7EE24A24}.Debug|Any CPU.ActiveCfg = Debug|iPhone
		{926E2C07-B4BF-417F-BFA9-B2DB7EE24A24}.Debug|Any CPU.Build.0 = Debug|iPhone
		{926E2C07-B4BF-417F-BFA9-B2DB7EE24A24}.Debug|ARM.ActiveCfg = Debug|iPhone
		{926E2C07-B4BF-417F-BFA9-B2DB7EE24A24}.Debug|iPhone.ActiveCfg = Debug|iPhone
		{926E2C07-B4BF-417F-BFA9-B2DB7EE24A24}.Debug|iPhone.Build.0 = Debug|iPhone
		{926E2C07-B4BF-417F-BFA9-B2DB7EE24A24}.Debug|iPhoneSimulator.ActiveCfg = Debug|iPhoneSimulator
		{926E2C07-B4BF-417F-BFA9-B2DB7EE24A24}.Debug|iPhoneSimulator.Build.0 = Debug|iPhoneSimulator
		{926E2C07-B4BF-417F-BFA9-B2DB7EE24A24}.Debug|x64.ActiveCfg = Debug|iPhone
		{926E2C07-B4BF-417F-BFA9-B2DB7EE24A24}.Debug|x86.ActiveCfg = Debug|iPhone
		{926E2C07-B4BF-417F-BFA9-B2DB7EE24A24}.Release|Any CPU.ActiveCfg = Release|iPhone
		{926E2C07-B4BF-417F-BFA9-B2DB7EE24A24}.Release|ARM.ActiveCfg = Release|iPhone
		{926E2C07-B4BF-417F-BFA9-B2DB7EE24A24}.Release|iPhone.ActiveCfg = Release|iPhone
		{926E2C07-B4BF-417F-BFA9-B2DB7EE24A24}.Release|iPhone.Build.0 = Release|iPhone
		{926E2C07-B4BF-417F-BFA9-B2DB7EE24A24}.Release|iPhoneSimulator.ActiveCfg = Release|iPhoneSimulator
		{926E2C07-B4BF-417F-BFA9-B2DB7EE24A24}.Release|iPhoneSimulator.Build.0 = Release|iPhoneSimulator
		{926E2C07-B4BF-417F-BFA9-B2DB7EE24A24}.Release|x64.ActiveCfg = Release|iPhone
		{926E2C07-B4BF-417F-BFA9-B2DB7EE24A24}.Release|x86.ActiveCfg = Release|iPhone
		{B38C0E1A-049F-43CF-B95E-E264C5298471}.Ad-Hoc|Any CPU.ActiveCfg = Release|x86
		{B38C0E1A-049F-43CF-B95E-E264C5298471}.Ad-Hoc|Any CPU.Build.0 = Release|x86
		{B38C0E1A-049F-43CF-B95E-E264C5298471}.Ad-Hoc|Any CPU.Deploy.0 = Release|x86
		{B38C0E1A-049F-43CF-B95E-E264C5298471}.Ad-Hoc|ARM.ActiveCfg = Release|ARM
		{B38C0E1A-049F-43CF-B95E-E264C5298471}.Ad-Hoc|ARM.Build.0 = Release|ARM
		{B38C0E1A-049F-43CF-B95E-E264C5298471}.Ad-Hoc|ARM.Deploy.0 = Release|ARM
		{B38C0E1A-049F-43CF-B95E-E264C5298471}.Ad-Hoc|iPhone.ActiveCfg = Release|x86
		{B38C0E1A-049F-43CF-B95E-E264C5298471}.Ad-Hoc|iPhone.Build.0 = Release|x86
		{B38C0E1A-049F-43CF-B95E-E264C5298471}.Ad-Hoc|iPhone.Deploy.0 = Release|x86
		{B38C0E1A-049F-43CF-B95E-E264C5298471}.Ad-Hoc|iPhoneSimulator.ActiveCfg = Release|x86
		{B38C0E1A-049F-43CF-B95E-E264C5298471}.Ad-Hoc|iPhoneSimulator.Build.0 = Release|x86
		{B38C0E1A-049F-43CF-B95E-E264C5298471}.Ad-Hoc|iPhoneSimulator.Deploy.0 = Release|x86
		{B38C0E1A-049F-43CF-B95E-E264C5298471}.Ad-Hoc|x64.ActiveCfg = Release|x64
		{B38C0E1A-049F-43CF-B95E-E264C5298471}.Ad-Hoc|x64.Build.0 = Release|x64
		{B38C0E1A-049F-43CF-B95E-E264C5298471}.Ad-Hoc|x64.Deploy.0 = Release|x64
		{B38C0E1A-049F-43CF-B95E-E264C5298471}.Ad-Hoc|x86.ActiveCfg = Release|x86
		{B38C0E1A-049F-43CF-B95E-E264C5298471}.Ad-Hoc|x86.Build.0 = Release|x86
		{B38C0E1A-049F-43CF-B95E-E264C5298471}.Ad-Hoc|x86.Deploy.0 = Release|x86
		{B38C0E1A-049F-43CF-B95E-E264C5298471}.AppStore|Any CPU.ActiveCfg = Release|x86
		{B38C0E1A-049F-43CF-B95E-E264C5298471}.AppStore|Any CPU.Build.0 = Release|x86
		{B38C0E1A-049F-43CF-B95E-E264C5298471}.AppStore|Any CPU.Deploy.0 = Release|x86
		{B38C0E1A-049F-43CF-B95E-E264C5298471}.AppStore|ARM.ActiveCfg = Release|ARM
		{B38C0E1A-049F-43CF-B95E-E264C5298471}.AppStore|ARM.Build.0 = Release|ARM
		{B38C0E1A-049F-43CF-B95E-E264C5298471}.AppStore|ARM.Deploy.0 = Release|ARM
		{B38C0E1A-049F-43CF-B95E-E264C5298471}.AppStore|iPhone.ActiveCfg = Release|x86
		{B38C0E1A-049F-43CF-B95E-E264C5298471}.AppStore|iPhone.Build.0 = Release|x86
		{B38C0E1A-049F-43CF-B95E-E264C5298471}.AppStore|iPhone.Deploy.0 = Release|x86
		{B38C0E1A-049F-43CF-B95E-E264C5298471}.AppStore|iPhoneSimulator.ActiveCfg = Release|x86
		{B38C0E1A-049F-43CF-B95E-E264C5298471}.AppStore|iPhoneSimulator.Build.0 = Release|x86
		{B38C0E1A-049F-43CF-B95E-E264C5298471}.AppStore|iPhoneSimulator.Deploy.0 = Release|x86
		{B38C0E1A-049F-43CF-B95E-E264C5298471}.AppStore|x64.ActiveCfg = Release|x64
		{B38C0E1A-049F-43CF-B95E-E264C5298471}.AppStore|x64.Build.0 = Release|x64
		{B38C0E1A-049F-43CF-B95E-E264C5298471}.AppStore|x64.Deploy.0 = Release|x64
		{B38C0E1A-049F-43CF-B95E-E264C5298471}.AppStore|x86.ActiveCfg = Release|x86
		{B38C0E1A-049F-43CF-B95E-E264C5298471}.AppStore|x86.Build.0 = Release|x86
		{B38C0E1A-049F-43CF-B95E-E264C5298471}.AppStore|x86.Deploy.0 = Release|x86
		{B38C0E1A-049F-43CF-B95E-E264C5298471}.Debug|Any CPU.ActiveCfg = Debug|x86
		{B38C0E1A-049F-43CF-B95E-E264C5298471}.Debug|Any CPU.Build.0 = Debug|x86
		{B38C0E1A-049F-43CF-B95E-E264C5298471}.Debug|Any CPU.Deploy.0 = Debug|x86
		{B38C0E1A-049F-43CF-B95E-E264C5298471}.Debug|ARM.ActiveCfg = Debug|ARM
		{B38C0E1A-049F-43CF-B95E-E264C5298471}.Debug|ARM.Build.0 = Debug|ARM
		{B38C0E1A-049F-43CF-B95E-E264C5298471}.Debug|ARM.Deploy.0 = Debug|ARM
		{B38C0E1A-049F-43CF-B95E-E264C5298471}.Debug|iPhone.ActiveCfg = Debug|x86
		{B38C0E1A-049F-43CF-B95E-E264C5298471}.Debug|iPhone.Build.0 = Debug|x86
		{B38C0E1A-049F-43CF-B95E-E264C5298471}.Debug|iPhoneSimulator.ActiveCfg = Debug|x86
		{B38C0E1A-049F-43CF-B95E-E264C5298471}.Debug|x64.ActiveCfg = Debug|x64
		{B38C0E1A-049F-43CF-B95E-E264C5298471}.Debug|x64.Build.0 = Debug|x64
		{B38C0E1A-049F-43CF-B95E-E264C5298471}.Debug|x64.Deploy.0 = Debug|x64
		{B38C0E1A-049F-43CF-B95E-E264C5298471}.Debug|x86.ActiveCfg = Debug|x86
		{B38C0E1A-049F-43CF-B95E-E264C5298471}.Release|Any CPU.ActiveCfg = Release|x86
		{B38C0E1A-049F-43CF-B95E-E264C5298471}.Release|Any CPU.Build.0 = Release|x86
		{B38C0E1A-049F-43CF-B95E-E264C5298471}.Release|Any CPU.Deploy.0 = Release|x86
		{B38C0E1A-049F-43CF-B95E-E264C5298471}.Release|ARM.ActiveCfg = Release|ARM
		{B38C0E1A-049F-43CF-B95E-E264C5298471}.Release|ARM.Build.0 = Release|ARM
		{B38C0E1A-049F-43CF-B95E-E264C5298471}.Release|ARM.Deploy.0 = Release|ARM
		{B38C0E1A-049F-43CF-B95E-E264C5298471}.Release|iPhone.ActiveCfg = Release|x86
		{B38C0E1A-049F-43CF-B95E-E264C5298471}.Release|iPhoneSimulator.ActiveCfg = Release|x86
		{B38C0E1A-049F-43CF-B95E-E264C5298471}.Release|x64.ActiveCfg = Release|x64
		{B38C0E1A-049F-43CF-B95E-E264C5298471}.Release|x64.Build.0 = Release|x64
		{B38C0E1A-049F-43CF-B95E-E264C5298471}.Release|x64.Deploy.0 = Release|x64
		{B38C0E1A-049F-43CF-B95E-E264C5298471}.Release|x86.ActiveCfg = Release|x86
		{B38C0E1A-049F-43CF-B95E-E264C5298471}.Release|x86.Build.0 = Release|x86
		{B38C0E1A-049F-43CF-B95E-E264C5298471}.Release|x86.Deploy.0 = Release|x86
		{884408B0-C0C3-4AA0-8799-FFFE82C40514}.Ad-Hoc|Any CPU.ActiveCfg = Debug|Any CPU
		{884408B0-C0C3-4AA0-8799-FFFE82C40514}.Ad-Hoc|Any CPU.Build.0 = Debug|Any CPU
		{884408B0-C0C3-4AA0-8799-FFFE82C40514}.Ad-Hoc|ARM.ActiveCfg = Debug|Any CPU
		{884408B0-C0C3-4AA0-8799-FFFE82C40514}.Ad-Hoc|ARM.Build.0 = Debug|Any CPU
		{884408B0-C0C3-4AA0-8799-FFFE82C40514}.Ad-Hoc|iPhone.ActiveCfg = Debug|Any CPU
		{884408B0-C0C3-4AA0-8799-FFFE82C40514}.Ad-Hoc|iPhone.Build.0 = Debug|Any CPU
		{884408B0-C0C3-4AA0-8799-FFFE82C40514}.Ad-Hoc|iPhoneSimulator.ActiveCfg = Debug|Any CPU
		{884408B0-C0C3-4AA0-8799-FFFE82C40514}.Ad-Hoc|iPhoneSimulator.Build.0 = Debug|Any CPU
		{884408B0-C0C3-4AA0-8799-FFFE82C40514}.Ad-Hoc|x64.ActiveCfg = Debug|Any CPU
		{884408B0-C0C3-4AA0-8799-FFFE82C40514}.Ad-Hoc|x64.Build.0 = Debug|Any CPU
		{884408B0-C0C3-4AA0-8799-FFFE82C40514}.Ad-Hoc|x86.ActiveCfg = Debug|Any CPU
		{884408B0-C0C3-4AA0-8799-FFFE82C40514}.Ad-Hoc|x86.Build.0 = Debug|Any CPU
		{884408B0-C0C3-4AA0-8799-FFFE82C40514}.AppStore|Any CPU.ActiveCfg = Debug|Any CPU
		{884408B0-C0C3-4AA0-8799-FFFE82C40514}.AppStore|Any CPU.Build.0 = Debug|Any CPU
		{884408B0-C0C3-4AA0-8799-FFFE82C40514}.AppStore|ARM.ActiveCfg = Debug|Any CPU
		{884408B0-C0C3-4AA0-8799-FFFE82C40514}.AppStore|ARM.Build.0 = Debug|Any CPU
		{884408B0-C0C3-4AA0-8799-FFFE82C40514}.AppStore|iPhone.ActiveCfg = Debug|Any CPU
		{884408B0-C0C3-4AA0-8799-FFFE82C40514}.AppStore|iPhone.Build.0 = Debug|Any CPU
		{884408B0-C0C3-4AA0-8799-FFFE82C40514}.AppStore|iPhoneSimulator.ActiveCfg = Debug|Any CPU
		{884408B0-C0C3-4AA0-8799-FFFE82C40514}.AppStore|iPhoneSimulator.Build.0 = Debug|Any CPU
		{884408B0-C0C3-4AA0-8799-FFFE82C40514}.AppStore|x64.ActiveCfg = Debug|Any CPU
		{884408B0-C0C3-4AA0-8799-FFFE82C40514}.AppStore|x64.Build.0 = Debug|Any CPU
		{884408B0-C0C3-4AA0-8799-FFFE82C40514}.AppStore|x86.ActiveCfg = Debug|Any CPU
		{884408B0-C0C3-4AA0-8799-FFFE82C40514}.AppStore|x86.Build.0 = Debug|Any CPU
		{884408B0-C0C3-4AA0-8799-FFFE82C40514}.Debug|Any CPU.ActiveCfg = Debug|Any CPU
		{884408B0-C0C3-4AA0-8799-FFFE82C40514}.Debug|Any CPU.Build.0 = Debug|Any CPU
		{884408B0-C0C3-4AA0-8799-FFFE82C40514}.Debug|ARM.ActiveCfg = Debug|Any CPU
		{884408B0-C0C3-4AA0-8799-FFFE82C40514}.Debug|ARM.Build.0 = Debug|Any CPU
		{884408B0-C0C3-4AA0-8799-FFFE82C40514}.Debug|iPhone.ActiveCfg = Debug|Any CPU
		{884408B0-C0C3-4AA0-8799-FFFE82C40514}.Debug|iPhone.Build.0 = Debug|Any CPU
		{884408B0-C0C3-4AA0-8799-FFFE82C40514}.Debug|iPhoneSimulator.ActiveCfg = Debug|Any CPU
		{884408B0-C0C3-4AA0-8799-FFFE82C40514}.Debug|iPhoneSimulator.Build.0 = Debug|Any CPU
		{884408B0-C0C3-4AA0-8799-FFFE82C40514}.Debug|x64.ActiveCfg = Debug|Any CPU
		{884408B0-C0C3-4AA0-8799-FFFE82C40514}.Debug|x64.Build.0 = Debug|Any CPU
		{884408B0-C0C3-4AA0-8799-FFFE82C40514}.Debug|x86.ActiveCfg = Debug|Any CPU
		{884408B0-C0C3-4AA0-8799-FFFE82C40514}.Debug|x86.Build.0 = Debug|Any CPU
		{884408B0-C0C3-4AA0-8799-FFFE82C40514}.Release|Any CPU.ActiveCfg = Release|Any CPU
		{884408B0-C0C3-4AA0-8799-FFFE82C40514}.Release|Any CPU.Build.0 = Release|Any CPU
		{884408B0-C0C3-4AA0-8799-FFFE82C40514}.Release|ARM.ActiveCfg = Release|Any CPU
		{884408B0-C0C3-4AA0-8799-FFFE82C40514}.Release|ARM.Build.0 = Release|Any CPU
		{884408B0-C0C3-4AA0-8799-FFFE82C40514}.Release|iPhone.ActiveCfg = Release|Any CPU
		{884408B0-C0C3-4AA0-8799-FFFE82C40514}.Release|iPhone.Build.0 = Release|Any CPU
		{884408B0-C0C3-4AA0-8799-FFFE82C40514}.Release|iPhoneSimulator.ActiveCfg = Release|Any CPU
		{884408B0-C0C3-4AA0-8799-FFFE82C40514}.Release|iPhoneSimulator.Build.0 = Release|Any CPU
		{884408B0-C0C3-4AA0-8799-FFFE82C40514}.Release|x64.ActiveCfg = Release|Any CPU
		{884408B0-C0C3-4AA0-8799-FFFE82C40514}.Release|x64.Build.0 = Release|Any CPU
		{884408B0-C0C3-4AA0-8799-FFFE82C40514}.Release|x86.ActiveCfg = Release|Any CPU
		{884408B0-C0C3-4AA0-8799-FFFE82C40514}.Release|x86.Build.0 = Release|Any CPU
		{ED171644-E9A9-4FE8-8581-74FA43F34A25}.Ad-Hoc|Any CPU.ActiveCfg = Debug|Any CPU
		{ED171644-E9A9-4FE8-8581-74FA43F34A25}.Ad-Hoc|Any CPU.Build.0 = Debug|Any CPU
		{ED171644-E9A9-4FE8-8581-74FA43F34A25}.Ad-Hoc|ARM.ActiveCfg = Debug|Any CPU
		{ED171644-E9A9-4FE8-8581-74FA43F34A25}.Ad-Hoc|ARM.Build.0 = Debug|Any CPU
		{ED171644-E9A9-4FE8-8581-74FA43F34A25}.Ad-Hoc|iPhone.ActiveCfg = Debug|Any CPU
		{ED171644-E9A9-4FE8-8581-74FA43F34A25}.Ad-Hoc|iPhone.Build.0 = Debug|Any CPU
		{ED171644-E9A9-4FE8-8581-74FA43F34A25}.Ad-Hoc|iPhoneSimulator.ActiveCfg = Debug|Any CPU
		{ED171644-E9A9-4FE8-8581-74FA43F34A25}.Ad-Hoc|iPhoneSimulator.Build.0 = Debug|Any CPU
		{ED171644-E9A9-4FE8-8581-74FA43F34A25}.Ad-Hoc|x64.ActiveCfg = Debug|Any CPU
		{ED171644-E9A9-4FE8-8581-74FA43F34A25}.Ad-Hoc|x64.Build.0 = Debug|Any CPU
		{ED171644-E9A9-4FE8-8581-74FA43F34A25}.Ad-Hoc|x86.ActiveCfg = Debug|Any CPU
		{ED171644-E9A9-4FE8-8581-74FA43F34A25}.Ad-Hoc|x86.Build.0 = Debug|Any CPU
		{ED171644-E9A9-4FE8-8581-74FA43F34A25}.AppStore|Any CPU.ActiveCfg = Debug|Any CPU
		{ED171644-E9A9-4FE8-8581-74FA43F34A25}.AppStore|Any CPU.Build.0 = Debug|Any CPU
		{ED171644-E9A9-4FE8-8581-74FA43F34A25}.AppStore|ARM.ActiveCfg = Debug|Any CPU
		{ED171644-E9A9-4FE8-8581-74FA43F34A25}.AppStore|ARM.Build.0 = Debug|Any CPU
		{ED171644-E9A9-4FE8-8581-74FA43F34A25}.AppStore|iPhone.ActiveCfg = Debug|Any CPU
		{ED171644-E9A9-4FE8-8581-74FA43F34A25}.AppStore|iPhone.Build.0 = Debug|Any CPU
		{ED171644-E9A9-4FE8-8581-74FA43F34A25}.AppStore|iPhoneSimulator.ActiveCfg = Debug|Any CPU
		{ED171644-E9A9-4FE8-8581-74FA43F34A25}.AppStore|iPhoneSimulator.Build.0 = Debug|Any CPU
		{ED171644-E9A9-4FE8-8581-74FA43F34A25}.AppStore|x64.ActiveCfg = Debug|Any CPU
		{ED171644-E9A9-4FE8-8581-74FA43F34A25}.AppStore|x64.Build.0 = Debug|Any CPU
		{ED171644-E9A9-4FE8-8581-74FA43F34A25}.AppStore|x86.ActiveCfg = Debug|Any CPU
		{ED171644-E9A9-4FE8-8581-74FA43F34A25}.AppStore|x86.Build.0 = Debug|Any CPU
		{ED171644-E9A9-4FE8-8581-74FA43F34A25}.Debug|Any CPU.ActiveCfg = Debug|Any CPU
		{ED171644-E9A9-4FE8-8581-74FA43F34A25}.Debug|Any CPU.Build.0 = Debug|Any CPU
		{ED171644-E9A9-4FE8-8581-74FA43F34A25}.Debug|ARM.ActiveCfg = Debug|Any CPU
		{ED171644-E9A9-4FE8-8581-74FA43F34A25}.Debug|ARM.Build.0 = Debug|Any CPU
		{ED171644-E9A9-4FE8-8581-74FA43F34A25}.Debug|iPhone.ActiveCfg = Debug|Any CPU
		{ED171644-E9A9-4FE8-8581-74FA43F34A25}.Debug|iPhone.Build.0 = Debug|Any CPU
		{ED171644-E9A9-4FE8-8581-74FA43F34A25}.Debug|iPhoneSimulator.ActiveCfg = Debug|Any CPU
		{ED171644-E9A9-4FE8-8581-74FA43F34A25}.Debug|iPhoneSimulator.Build.0 = Debug|Any CPU
		{ED171644-E9A9-4FE8-8581-74FA43F34A25}.Debug|x64.ActiveCfg = Debug|Any CPU
		{ED171644-E9A9-4FE8-8581-74FA43F34A25}.Debug|x64.Build.0 = Debug|Any CPU
		{ED171644-E9A9-4FE8-8581-74FA43F34A25}.Debug|x86.ActiveCfg = Debug|Any CPU
		{ED171644-E9A9-4FE8-8581-74FA43F34A25}.Debug|x86.Build.0 = Debug|Any CPU
		{ED171644-E9A9-4FE8-8581-74FA43F34A25}.Release|Any CPU.ActiveCfg = Release|Any CPU
		{ED171644-E9A9-4FE8-8581-74FA43F34A25}.Release|Any CPU.Build.0 = Release|Any CPU
		{ED171644-E9A9-4FE8-8581-74FA43F34A25}.Release|ARM.ActiveCfg = Release|Any CPU
		{ED171644-E9A9-4FE8-8581-74FA43F34A25}.Release|ARM.Build.0 = Release|Any CPU
		{ED171644-E9A9-4FE8-8581-74FA43F34A25}.Release|iPhone.ActiveCfg = Release|Any CPU
		{ED171644-E9A9-4FE8-8581-74FA43F34A25}.Release|iPhone.Build.0 = Release|Any CPU
		{ED171644-E9A9-4FE8-8581-74FA43F34A25}.Release|iPhoneSimulator.ActiveCfg = Release|Any CPU
		{ED171644-E9A9-4FE8-8581-74FA43F34A25}.Release|iPhoneSimulator.Build.0 = Release|Any CPU
		{ED171644-E9A9-4FE8-8581-74FA43F34A25}.Release|x64.ActiveCfg = Release|Any CPU
		{ED171644-E9A9-4FE8-8581-74FA43F34A25}.Release|x64.Build.0 = Release|Any CPU
		{ED171644-E9A9-4FE8-8581-74FA43F34A25}.Release|x86.ActiveCfg = Release|Any CPU
		{ED171644-E9A9-4FE8-8581-74FA43F34A25}.Release|x86.Build.0 = Release|Any CPU
	EndGlobalSection
	GlobalSection(SolutionProperties) = preSolution
		HideSolutionNode = FALSE
	EndGlobalSection
	GlobalSection(NestedProjects) = preSolution
		{B41E8FAD-D18E-4D14-B4F0-95CEE65FD47C} = {1B044DD3-EEAE-4CA0-9B5C-AA5AF5055700}
		{926E2C07-B4BF-417F-BFA9-B2DB7EE24A24} = {1B044DD3-EEAE-4CA0-9B5C-AA5AF5055700}
		{B38C0E1A-049F-43CF-B95E-E264C5298471} = {1B044DD3-EEAE-4CA0-9B5C-AA5AF5055700}
		{884408B0-C0C3-4AA0-8799-FFFE82C40514} = {1B044DD3-EEAE-4CA0-9B5C-AA5AF5055700}
	EndGlobalSection
	GlobalSection(ExtensibilityGlobals) = postSolution
		SolutionGuid = {65C1FA2A-5D5E-4AA3-9470-8F4F99FEE77A}
	EndGlobalSection
EndGlobal
