
Microsoft Visual Studio Solution File, Format Version 12.00
# Visual Studio 15
VisualStudioVersion = 15.0.27130.2036
MinimumVisualStudioVersion = 10.0.40219.1
Project("{9A19103F-16F7-4668-BE54-9A1E7A4F7556}") = "hase.ClientUI.ConsoleApp", "hase.ClientUI.ConsoleApp\hase.ClientUI.ConsoleApp.csproj", "{3315ADBF-B4A3-4A67-BEEB-FF0C2EAE3BE6}"
EndProject
Project("{9A19103F-16F7-4668-BE54-9A1E7A4F7556}") = "hase.DevLib.Tests", "hase.DevLib.Tests\hase.DevLib.Tests.csproj", "{C7B21118-AE8F-4D58-AF20-E4664104ADF8}"
EndProject
Project("{9A19103F-16F7-4668-BE54-9A1E7A4F7556}") = "hase.DevLib.Core20", "hase.DevLib.Core20\hase.DevLib.Core20.csproj", "{ED171644-E9A9-4FE8-8581-74FA43F34A25}"
EndProject
Project("{2150E333-8FDC-42A3-9474-1A3956D46DE8}") = ".solution-items", ".solution-items", "{D6BE760B-A3B3-4490-B6AF-27CE1EAD6836}"
	ProjectSection(SolutionItems) = preProject
		global.json.bak = global.json.bak
	EndProjectSection
EndProject
Project("{9A19103F-16F7-4668-BE54-9A1E7A4F7556}") = "hase.DevLib", "hase.DevLib\hase.DevLib.csproj", "{7A70F8A9-D247-4D5A-BD0D-2E2816B3298D}"
EndProject
Project("{2150E333-8FDC-42A3-9474-1A3956D46DE8}") = "XF.ClientApp", "XF.ClientApp", "{D3477D73-A095-45AB-9535-3375F7F6845E}"
EndProject
Project("{9A19103F-16F7-4668-BE54-9A1E7A4F7556}") = "hase.AppServices.Calculator", "hase.AppServices.Calculator\hase.AppServices.Calculator.csproj", "{81237579-D428-4F56-834A-876142E3B8B7}"
EndProject
Project("{9A19103F-16F7-4668-BE54-9A1E7A4F7556}") = "hase.AppServices.FileSystemQuery", "hase.AppServices.FileSystemQuery\hase.AppServices.FileSystemQuery.csproj", "{25785E74-1B01-4DA3-BEA5-454928FDD766}"
EndProject
Project("{2150E333-8FDC-42A3-9474-1A3956D46DE8}") = "ConsoleTestHosts", "ConsoleTestHosts", "{CFBC9CB3-574E-48A8-ACC3-3E8ECD9F048D}"
EndProject
Project("{9A19103F-16F7-4668-BE54-9A1E7A4F7556}") = "hase.Relays.Signalr.Client", "hase.Relays.Signalr.Client\hase.Relays.Signalr.Client.csproj", "{B6FFC2B4-E0F3-427F-ADBE-C7FA2801ACE6}"
EndProject
Project("{9A19103F-16F7-4668-BE54-9A1E7A4F7556}") = "hase.Relays.Signalr.Server", "hase.Relays.Signalr.Server\hase.Relays.Signalr.Server.csproj", "{B0653D67-E038-48CF-A8BD-E3E21B6469C5}"
EndProject
Project("{2150E333-8FDC-42A3-9474-1A3956D46DE8}") = "Relays", "Relays", "{A27AF5D8-2382-420B-BC18-62D9908B7DD8}"
EndProject
Project("{2150E333-8FDC-42A3-9474-1A3956D46DE8}") = "Xamarin", "Xamarin", "{944B3809-2169-474F-A390-CC348A2C6CB2}"
EndProject
Project("{2150E333-8FDC-42A3-9474-1A3956D46DE8}") = "Services", "Services", "{610538F7-A5A3-41D9-A6BC-8036E7259659}"
EndProject
Project("{9A19103F-16F7-4668-BE54-9A1E7A4F7556}") = "hase.Relays.Local", "hase.Relays.Local\hase.Relays.Local.csproj", "{DD9EB861-9F9D-4065-B792-CAA81377E906}"
EndProject
Project("{9A19103F-16F7-4668-BE54-9A1E7A4F7556}") = "hase.AppServices.FileSystemReader", "hase.AppServices.FileSystemReader\hase.AppServices.FileSystemReader.csproj", "{0DAFEDDE-3988-4ABD-B9E5-80BC511FE26F}"
EndProject
Project("{9A19103F-16F7-4668-BE54-9A1E7A4F7556}") = "hase.AppServices.FileSystemWriter", "hase.AppServices.FileSystemWriter\hase.AppServices.FileSystemWriter.csproj", "{1E23EE32-C421-449A-80E7-904C666A6473}"
EndProject
Project("{FAE04EC0-301F-11D3-BF4B-00C04F79EFBC}") = "hase.ClientUI.XFApp.Android", "hase.ClientUI.XFApp\hase.ClientUI.XFApp.Android\hase.ClientUI.XFApp.Android.csproj", "{F85302DB-140B-4DB6-98F9-CE62E670D00D}"
EndProject
Project("{FAE04EC0-301F-11D3-BF4B-00C04F79EFBC}") = "hase.ClientUI.XFApp.iOS", "hase.ClientUI.XFApp\hase.ClientUI.XFApp.iOS\hase.ClientUI.XFApp.iOS.csproj", "{47A741F8-5CE4-45CD-832B-1F45ECA6B76D}"
EndProject
Project("{FAE04EC0-301F-11D3-BF4B-00C04F79EFBC}") = "hase.ClientUI.XFApp.UWP", "hase.ClientUI.XFApp\hase.ClientUI.XFApp.UWP\hase.ClientUI.XFApp.UWP.csproj", "{4A0D8043-BD04-4F49-B0C1-F74A9E37F056}"
EndProject
Project("{9A19103F-16F7-4668-BE54-9A1E7A4F7556}") = "hase.ClientUI.XFApp", "hase.ClientUI.XFApp\hase.ClientUI.XFApp\hase.ClientUI.XFApp.csproj", "{7C1162B0-EC0F-4288-82A7-E99BD505199C}"
EndProject
Project("{2150E333-8FDC-42A3-9474-1A3956D46DE8}") = ".nuget-commands", ".nuget-commands", "{2B4C6E3C-7DFE-4773-BE63-57259C03216F}"
	ProjectSection(SolutionItems) = preProject
		.nuget\hase-local-install.cmd = .nuget\hase-local-install.cmd
		.nuget\hase-local-list.cmd = .nuget\hase-local-list.cmd
		.nuget\hase-local-set-package-source.cmd = .nuget\hase-local-set-package-source.cmd
		.nuget\nuget.exe = .nuget\nuget.exe
	EndProjectSection
EndProject
Project("{2150E333-8FDC-42A3-9474-1A3956D46DE8}") = "Hosts", "Hosts", "{F204E34C-19F9-4421-B799-D76C49813F9B}"
EndProject
Project("{9A19103F-16F7-4668-BE54-9A1E7A4F7556}") = "hase.ServiceDispatcher.XHost", "hase.ServiceDispatcher.XHost\hase.ServiceDispatcher.XHost.csproj", "{C804A17A-6CD8-4AC6-A53A-A17A8210F925}"
EndProject
Project("{9A19103F-16F7-4668-BE54-9A1E7A4F7556}") = "hase.RelayServer.XHost", "hase.RelayServer.XHost\hase.RelayServer.XHost.csproj", "{8687545A-EF81-4011-8106-1B27BE5CBBC8}"
EndProject
Global
	GlobalSection(SolutionConfigurationPlatforms) = preSolution
		Ad-Hoc|Any CPU = Ad-Hoc|Any CPU
		Ad-Hoc|ARM = Ad-Hoc|ARM
		Ad-Hoc|iPhone = Ad-Hoc|iPhone
		Ad-Hoc|iPhoneSimulator = Ad-Hoc|iPhoneSimulator
		Ad-Hoc|x64 = Ad-Hoc|x64
		Ad-Hoc|x86 = Ad-Hoc|x86
		AppStore|Any CPU = AppStore|Any CPU
		AppStore|ARM = AppStore|ARM
		AppStore|iPhone = AppStore|iPhone
		AppStore|iPhoneSimulator = AppStore|iPhoneSimulator
		AppStore|x64 = AppStore|x64
		AppStore|x86 = AppStore|x86
		Debug|Any CPU = Debug|Any CPU
		Debug|ARM = Debug|ARM
		Debug|iPhone = Debug|iPhone
		Debug|iPhoneSimulator = Debug|iPhoneSimulator
		Debug|x64 = Debug|x64
		Debug|x86 = Debug|x86
		Release|Any CPU = Release|Any CPU
		Release|ARM = Release|ARM
		Release|iPhone = Release|iPhone
		Release|iPhoneSimulator = Release|iPhoneSimulator
		Release|x64 = Release|x64
		Release|x86 = Release|x86
	EndGlobalSection
	GlobalSection(ProjectConfigurationPlatforms) = postSolution
		{3315ADBF-B4A3-4A67-BEEB-FF0C2EAE3BE6}.Ad-Hoc|Any CPU.ActiveCfg = Release|Any CPU
		{3315ADBF-B4A3-4A67-BEEB-FF0C2EAE3BE6}.Ad-Hoc|Any CPU.Build.0 = Release|Any CPU
		{3315ADBF-B4A3-4A67-BEEB-FF0C2EAE3BE6}.Ad-Hoc|ARM.ActiveCfg = Release|Any CPU
		{3315ADBF-B4A3-4A67-BEEB-FF0C2EAE3BE6}.Ad-Hoc|ARM.Build.0 = Release|Any CPU
		{3315ADBF-B4A3-4A67-BEEB-FF0C2EAE3BE6}.Ad-Hoc|iPhone.ActiveCfg = Release|Any CPU
		{3315ADBF-B4A3-4A67-BEEB-FF0C2EAE3BE6}.Ad-Hoc|iPhone.Build.0 = Release|Any CPU
		{3315ADBF-B4A3-4A67-BEEB-FF0C2EAE3BE6}.Ad-Hoc|iPhoneSimulator.ActiveCfg = Release|Any CPU
		{3315ADBF-B4A3-4A67-BEEB-FF0C2EAE3BE6}.Ad-Hoc|iPhoneSimulator.Build.0 = Release|Any CPU
		{3315ADBF-B4A3-4A67-BEEB-FF0C2EAE3BE6}.Ad-Hoc|x64.ActiveCfg = Release|Any CPU
		{3315ADBF-B4A3-4A67-BEEB-FF0C2EAE3BE6}.Ad-Hoc|x64.Build.0 = Release|Any CPU
		{3315ADBF-B4A3-4A67-BEEB-FF0C2EAE3BE6}.Ad-Hoc|x86.ActiveCfg = Release|Any CPU
		{3315ADBF-B4A3-4A67-BEEB-FF0C2EAE3BE6}.Ad-Hoc|x86.Build.0 = Release|Any CPU
		{3315ADBF-B4A3-4A67-BEEB-FF0C2EAE3BE6}.AppStore|Any CPU.ActiveCfg = Release|Any CPU
		{3315ADBF-B4A3-4A67-BEEB-FF0C2EAE3BE6}.AppStore|Any CPU.Build.0 = Release|Any CPU
		{3315ADBF-B4A3-4A67-BEEB-FF0C2EAE3BE6}.AppStore|ARM.ActiveCfg = Release|Any CPU
		{3315ADBF-B4A3-4A67-BEEB-FF0C2EAE3BE6}.AppStore|ARM.Build.0 = Release|Any CPU
		{3315ADBF-B4A3-4A67-BEEB-FF0C2EAE3BE6}.AppStore|iPhone.ActiveCfg = Release|Any CPU
		{3315ADBF-B4A3-4A67-BEEB-FF0C2EAE3BE6}.AppStore|iPhone.Build.0 = Release|Any CPU
		{3315ADBF-B4A3-4A67-BEEB-FF0C2EAE3BE6}.AppStore|iPhoneSimulator.ActiveCfg = Release|Any CPU
		{3315ADBF-B4A3-4A67-BEEB-FF0C2EAE3BE6}.AppStore|iPhoneSimulator.Build.0 = Release|Any CPU
		{3315ADBF-B4A3-4A67-BEEB-FF0C2EAE3BE6}.AppStore|x64.ActiveCfg = Release|Any CPU
		{3315ADBF-B4A3-4A67-BEEB-FF0C2EAE3BE6}.AppStore|x64.Build.0 = Release|Any CPU
		{3315ADBF-B4A3-4A67-BEEB-FF0C2EAE3BE6}.AppStore|x86.ActiveCfg = Release|Any CPU
		{3315ADBF-B4A3-4A67-BEEB-FF0C2EAE3BE6}.AppStore|x86.Build.0 = Release|Any CPU
		{3315ADBF-B4A3-4A67-BEEB-FF0C2EAE3BE6}.Debug|Any CPU.ActiveCfg = Debug|Any CPU
		{3315ADBF-B4A3-4A67-BEEB-FF0C2EAE3BE6}.Debug|Any CPU.Build.0 = Debug|Any CPU
		{3315ADBF-B4A3-4A67-BEEB-FF0C2EAE3BE6}.Debug|ARM.ActiveCfg = Debug|Any CPU
		{3315ADBF-B4A3-4A67-BEEB-FF0C2EAE3BE6}.Debug|ARM.Build.0 = Debug|Any CPU
		{3315ADBF-B4A3-4A67-BEEB-FF0C2EAE3BE6}.Debug|iPhone.ActiveCfg = Debug|Any CPU
		{3315ADBF-B4A3-4A67-BEEB-FF0C2EAE3BE6}.Debug|iPhone.Build.0 = Debug|Any CPU
		{3315ADBF-B4A3-4A67-BEEB-FF0C2EAE3BE6}.Debug|iPhoneSimulator.ActiveCfg = Debug|Any CPU
		{3315ADBF-B4A3-4A67-BEEB-FF0C2EAE3BE6}.Debug|iPhoneSimulator.Build.0 = Debug|Any CPU
		{3315ADBF-B4A3-4A67-BEEB-FF0C2EAE3BE6}.Debug|x64.ActiveCfg = Debug|Any CPU
		{3315ADBF-B4A3-4A67-BEEB-FF0C2EAE3BE6}.Debug|x64.Build.0 = Debug|Any CPU
		{3315ADBF-B4A3-4A67-BEEB-FF0C2EAE3BE6}.Debug|x86.ActiveCfg = Debug|Any CPU
		{3315ADBF-B4A3-4A67-BEEB-FF0C2EAE3BE6}.Debug|x86.Build.0 = Debug|Any CPU
		{3315ADBF-B4A3-4A67-BEEB-FF0C2EAE3BE6}.Release|Any CPU.ActiveCfg = Release|Any CPU
		{3315ADBF-B4A3-4A67-BEEB-FF0C2EAE3BE6}.Release|Any CPU.Build.0 = Release|Any CPU
		{3315ADBF-B4A3-4A67-BEEB-FF0C2EAE3BE6}.Release|ARM.ActiveCfg = Release|Any CPU
		{3315ADBF-B4A3-4A67-BEEB-FF0C2EAE3BE6}.Release|ARM.Build.0 = Release|Any CPU
		{3315ADBF-B4A3-4A67-BEEB-FF0C2EAE3BE6}.Release|iPhone.ActiveCfg = Release|Any CPU
		{3315ADBF-B4A3-4A67-BEEB-FF0C2EAE3BE6}.Release|iPhone.Build.0 = Release|Any CPU
		{3315ADBF-B4A3-4A67-BEEB-FF0C2EAE3BE6}.Release|iPhoneSimulator.ActiveCfg = Release|Any CPU
		{3315ADBF-B4A3-4A67-BEEB-FF0C2EAE3BE6}.Release|iPhoneSimulator.Build.0 = Release|Any CPU
		{3315ADBF-B4A3-4A67-BEEB-FF0C2EAE3BE6}.Release|x64.ActiveCfg = Release|Any CPU
		{3315ADBF-B4A3-4A67-BEEB-FF0C2EAE3BE6}.Release|x64.Build.0 = Release|Any CPU
		{3315ADBF-B4A3-4A67-BEEB-FF0C2EAE3BE6}.Release|x86.ActiveCfg = Release|Any CPU
		{3315ADBF-B4A3-4A67-BEEB-FF0C2EAE3BE6}.Release|x86.Build.0 = Release|Any CPU
		{C7B21118-AE8F-4D58-AF20-E4664104ADF8}.Ad-Hoc|Any CPU.ActiveCfg = Release|Any CPU
		{C7B21118-AE8F-4D58-AF20-E4664104ADF8}.Ad-Hoc|Any CPU.Build.0 = Release|Any CPU
		{C7B21118-AE8F-4D58-AF20-E4664104ADF8}.Ad-Hoc|ARM.ActiveCfg = Release|Any CPU
		{C7B21118-AE8F-4D58-AF20-E4664104ADF8}.Ad-Hoc|ARM.Build.0 = Release|Any CPU
		{C7B21118-AE8F-4D58-AF20-E4664104ADF8}.Ad-Hoc|iPhone.ActiveCfg = Release|Any CPU
		{C7B21118-AE8F-4D58-AF20-E4664104ADF8}.Ad-Hoc|iPhone.Build.0 = Release|Any CPU
		{C7B21118-AE8F-4D58-AF20-E4664104ADF8}.Ad-Hoc|iPhoneSimulator.ActiveCfg = Release|Any CPU
		{C7B21118-AE8F-4D58-AF20-E4664104ADF8}.Ad-Hoc|iPhoneSimulator.Build.0 = Release|Any CPU
		{C7B21118-AE8F-4D58-AF20-E4664104ADF8}.Ad-Hoc|x64.ActiveCfg = Release|Any CPU
		{C7B21118-AE8F-4D58-AF20-E4664104ADF8}.Ad-Hoc|x64.Build.0 = Release|Any CPU
		{C7B21118-AE8F-4D58-AF20-E4664104ADF8}.Ad-Hoc|x86.ActiveCfg = Release|Any CPU
		{C7B21118-AE8F-4D58-AF20-E4664104ADF8}.Ad-Hoc|x86.Build.0 = Release|Any CPU
		{C7B21118-AE8F-4D58-AF20-E4664104ADF8}.AppStore|Any CPU.ActiveCfg = Release|Any CPU
		{C7B21118-AE8F-4D58-AF20-E4664104ADF8}.AppStore|Any CPU.Build.0 = Release|Any CPU
		{C7B21118-AE8F-4D58-AF20-E4664104ADF8}.AppStore|ARM.ActiveCfg = Release|Any CPU
		{C7B21118-AE8F-4D58-AF20-E4664104ADF8}.AppStore|ARM.Build.0 = Release|Any CPU
		{C7B21118-AE8F-4D58-AF20-E4664104ADF8}.AppStore|iPhone.ActiveCfg = Release|Any CPU
		{C7B21118-AE8F-4D58-AF20-E4664104ADF8}.AppStore|iPhone.Build.0 = Release|Any CPU
		{C7B21118-AE8F-4D58-AF20-E4664104ADF8}.AppStore|iPhoneSimulator.ActiveCfg = Release|Any CPU
		{C7B21118-AE8F-4D58-AF20-E4664104ADF8}.AppStore|iPhoneSimulator.Build.0 = Release|Any CPU
		{C7B21118-AE8F-4D58-AF20-E4664104ADF8}.AppStore|x64.ActiveCfg = Release|Any CPU
		{C7B21118-AE8F-4D58-AF20-E4664104ADF8}.AppStore|x64.Build.0 = Release|Any CPU
		{C7B21118-AE8F-4D58-AF20-E4664104ADF8}.AppStore|x86.ActiveCfg = Release|Any CPU
		{C7B21118-AE8F-4D58-AF20-E4664104ADF8}.AppStore|x86.Build.0 = Release|Any CPU
		{C7B21118-AE8F-4D58-AF20-E4664104ADF8}.Debug|Any CPU.ActiveCfg = Debug|Any CPU
		{C7B21118-AE8F-4D58-AF20-E4664104ADF8}.Debug|Any CPU.Build.0 = Debug|Any CPU
		{C7B21118-AE8F-4D58-AF20-E4664104ADF8}.Debug|ARM.ActiveCfg = Debug|Any CPU
		{C7B21118-AE8F-4D58-AF20-E4664104ADF8}.Debug|ARM.Build.0 = Debug|Any CPU
		{C7B21118-AE8F-4D58-AF20-E4664104ADF8}.Debug|iPhone.ActiveCfg = Debug|Any CPU
		{C7B21118-AE8F-4D58-AF20-E4664104ADF8}.Debug|iPhone.Build.0 = Debug|Any CPU
		{C7B21118-AE8F-4D58-AF20-E4664104ADF8}.Debug|iPhoneSimulator.ActiveCfg = Debug|Any CPU
		{C7B21118-AE8F-4D58-AF20-E4664104ADF8}.Debug|iPhoneSimulator.Build.0 = Debug|Any CPU
		{C7B21118-AE8F-4D58-AF20-E4664104ADF8}.Debug|x64.ActiveCfg = Debug|Any CPU
		{C7B21118-AE8F-4D58-AF20-E4664104ADF8}.Debug|x64.Build.0 = Debug|Any CPU
		{C7B21118-AE8F-4D58-AF20-E4664104ADF8}.Debug|x86.ActiveCfg = Debug|Any CPU
		{C7B21118-AE8F-4D58-AF20-E4664104ADF8}.Debug|x86.Build.0 = Debug|Any CPU
		{C7B21118-AE8F-4D58-AF20-E4664104ADF8}.Release|Any CPU.ActiveCfg = Release|Any CPU
		{C7B21118-AE8F-4D58-AF20-E4664104ADF8}.Release|Any CPU.Build.0 = Release|Any CPU
		{C7B21118-AE8F-4D58-AF20-E4664104ADF8}.Release|ARM.ActiveCfg = Release|Any CPU
		{C7B21118-AE8F-4D58-AF20-E4664104ADF8}.Release|ARM.Build.0 = Release|Any CPU
		{C7B21118-AE8F-4D58-AF20-E4664104ADF8}.Release|iPhone.ActiveCfg = Release|Any CPU
		{C7B21118-AE8F-4D58-AF20-E4664104ADF8}.Release|iPhone.Build.0 = Release|Any CPU
		{C7B21118-AE8F-4D58-AF20-E4664104ADF8}.Release|iPhoneSimulator.ActiveCfg = Release|Any CPU
		{C7B21118-AE8F-4D58-AF20-E4664104ADF8}.Release|iPhoneSimulator.Build.0 = Release|Any CPU
		{C7B21118-AE8F-4D58-AF20-E4664104ADF8}.Release|x64.ActiveCfg = Release|Any CPU
		{C7B21118-AE8F-4D58-AF20-E4664104ADF8}.Release|x64.Build.0 = Release|Any CPU
		{C7B21118-AE8F-4D58-AF20-E4664104ADF8}.Release|x86.ActiveCfg = Release|Any CPU
		{C7B21118-AE8F-4D58-AF20-E4664104ADF8}.Release|x86.Build.0 = Release|Any CPU
		{ED171644-E9A9-4FE8-8581-74FA43F34A25}.Ad-Hoc|Any CPU.ActiveCfg = Debug|Any CPU
		{ED171644-E9A9-4FE8-8581-74FA43F34A25}.Ad-Hoc|Any CPU.Build.0 = Debug|Any CPU
		{ED171644-E9A9-4FE8-8581-74FA43F34A25}.Ad-Hoc|ARM.ActiveCfg = Debug|Any CPU
		{ED171644-E9A9-4FE8-8581-74FA43F34A25}.Ad-Hoc|ARM.Build.0 = Debug|Any CPU
		{ED171644-E9A9-4FE8-8581-74FA43F34A25}.Ad-Hoc|iPhone.ActiveCfg = Debug|Any CPU
		{ED171644-E9A9-4FE8-8581-74FA43F34A25}.Ad-Hoc|iPhone.Build.0 = Debug|Any CPU
		{ED171644-E9A9-4FE8-8581-74FA43F34A25}.Ad-Hoc|iPhoneSimulator.ActiveCfg = Debug|Any CPU
		{ED171644-E9A9-4FE8-8581-74FA43F34A25}.Ad-Hoc|iPhoneSimulator.Build.0 = Debug|Any CPU
		{ED171644-E9A9-4FE8-8581-74FA43F34A25}.Ad-Hoc|x64.ActiveCfg = Debug|Any CPU
		{ED171644-E9A9-4FE8-8581-74FA43F34A25}.Ad-Hoc|x64.Build.0 = Debug|Any CPU
		{ED171644-E9A9-4FE8-8581-74FA43F34A25}.Ad-Hoc|x86.ActiveCfg = Debug|Any CPU
		{ED171644-E9A9-4FE8-8581-74FA43F34A25}.Ad-Hoc|x86.Build.0 = Debug|Any CPU
		{ED171644-E9A9-4FE8-8581-74FA43F34A25}.AppStore|Any CPU.ActiveCfg = Debug|Any CPU
		{ED171644-E9A9-4FE8-8581-74FA43F34A25}.AppStore|Any CPU.Build.0 = Debug|Any CPU
		{ED171644-E9A9-4FE8-8581-74FA43F34A25}.AppStore|ARM.ActiveCfg = Debug|Any CPU
		{ED171644-E9A9-4FE8-8581-74FA43F34A25}.AppStore|ARM.Build.0 = Debug|Any CPU
		{ED171644-E9A9-4FE8-8581-74FA43F34A25}.AppStore|iPhone.ActiveCfg = Debug|Any CPU
		{ED171644-E9A9-4FE8-8581-74FA43F34A25}.AppStore|iPhone.Build.0 = Debug|Any CPU
		{ED171644-E9A9-4FE8-8581-74FA43F34A25}.AppStore|iPhoneSimulator.ActiveCfg = Debug|Any CPU
		{ED171644-E9A9-4FE8-8581-74FA43F34A25}.AppStore|iPhoneSimulator.Build.0 = Debug|Any CPU
		{ED171644-E9A9-4FE8-8581-74FA43F34A25}.AppStore|x64.ActiveCfg = Debug|Any CPU
		{ED171644-E9A9-4FE8-8581-74FA43F34A25}.AppStore|x64.Build.0 = Debug|Any CPU
		{ED171644-E9A9-4FE8-8581-74FA43F34A25}.AppStore|x86.ActiveCfg = Debug|Any CPU
		{ED171644-E9A9-4FE8-8581-74FA43F34A25}.AppStore|x86.Build.0 = Debug|Any CPU
		{ED171644-E9A9-4FE8-8581-74FA43F34A25}.Debug|Any CPU.ActiveCfg = Debug|Any CPU
		{ED171644-E9A9-4FE8-8581-74FA43F34A25}.Debug|Any CPU.Build.0 = Debug|Any CPU
		{ED171644-E9A9-4FE8-8581-74FA43F34A25}.Debug|ARM.ActiveCfg = Debug|Any CPU
		{ED171644-E9A9-4FE8-8581-74FA43F34A25}.Debug|ARM.Build.0 = Debug|Any CPU
		{ED171644-E9A9-4FE8-8581-74FA43F34A25}.Debug|iPhone.ActiveCfg = Debug|Any CPU
		{ED171644-E9A9-4FE8-8581-74FA43F34A25}.Debug|iPhone.Build.0 = Debug|Any CPU
		{ED171644-E9A9-4FE8-8581-74FA43F34A25}.Debug|iPhoneSimulator.ActiveCfg = Debug|Any CPU
		{ED171644-E9A9-4FE8-8581-74FA43F34A25}.Debug|iPhoneSimulator.Build.0 = Debug|Any CPU
		{ED171644-E9A9-4FE8-8581-74FA43F34A25}.Debug|x64.ActiveCfg = Debug|Any CPU
		{ED171644-E9A9-4FE8-8581-74FA43F34A25}.Debug|x64.Build.0 = Debug|Any CPU
		{ED171644-E9A9-4FE8-8581-74FA43F34A25}.Debug|x86.ActiveCfg = Debug|Any CPU
		{ED171644-E9A9-4FE8-8581-74FA43F34A25}.Debug|x86.Build.0 = Debug|Any CPU
		{ED171644-E9A9-4FE8-8581-74FA43F34A25}.Release|Any CPU.ActiveCfg = Release|Any CPU
		{ED171644-E9A9-4FE8-8581-74FA43F34A25}.Release|Any CPU.Build.0 = Release|Any CPU
		{ED171644-E9A9-4FE8-8581-74FA43F34A25}.Release|ARM.ActiveCfg = Release|Any CPU
		{ED171644-E9A9-4FE8-8581-74FA43F34A25}.Release|ARM.Build.0 = Release|Any CPU
		{ED171644-E9A9-4FE8-8581-74FA43F34A25}.Release|iPhone.ActiveCfg = Release|Any CPU
		{ED171644-E9A9-4FE8-8581-74FA43F34A25}.Release|iPhone.Build.0 = Release|Any CPU
		{ED171644-E9A9-4FE8-8581-74FA43F34A25}.Release|iPhoneSimulator.ActiveCfg = Release|Any CPU
		{ED171644-E9A9-4FE8-8581-74FA43F34A25}.Release|iPhoneSimulator.Build.0 = Release|Any CPU
		{ED171644-E9A9-4FE8-8581-74FA43F34A25}.Release|x64.ActiveCfg = Release|Any CPU
		{ED171644-E9A9-4FE8-8581-74FA43F34A25}.Release|x64.Build.0 = Release|Any CPU
		{ED171644-E9A9-4FE8-8581-74FA43F34A25}.Release|x86.ActiveCfg = Release|Any CPU
		{ED171644-E9A9-4FE8-8581-74FA43F34A25}.Release|x86.Build.0 = Release|Any CPU
		{7A70F8A9-D247-4D5A-BD0D-2E2816B3298D}.Ad-Hoc|Any CPU.ActiveCfg = Debug|Any CPU
		{7A70F8A9-D247-4D5A-BD0D-2E2816B3298D}.Ad-Hoc|Any CPU.Build.0 = Debug|Any CPU
		{7A70F8A9-D247-4D5A-BD0D-2E2816B3298D}.Ad-Hoc|ARM.ActiveCfg = Debug|Any CPU
		{7A70F8A9-D247-4D5A-BD0D-2E2816B3298D}.Ad-Hoc|ARM.Build.0 = Debug|Any CPU
		{7A70F8A9-D247-4D5A-BD0D-2E2816B3298D}.Ad-Hoc|iPhone.ActiveCfg = Debug|Any CPU
		{7A70F8A9-D247-4D5A-BD0D-2E2816B3298D}.Ad-Hoc|iPhone.Build.0 = Debug|Any CPU
		{7A70F8A9-D247-4D5A-BD0D-2E2816B3298D}.Ad-Hoc|iPhoneSimulator.ActiveCfg = Debug|Any CPU
		{7A70F8A9-D247-4D5A-BD0D-2E2816B3298D}.Ad-Hoc|iPhoneSimulator.Build.0 = Debug|Any CPU
		{7A70F8A9-D247-4D5A-BD0D-2E2816B3298D}.Ad-Hoc|x64.ActiveCfg = Debug|Any CPU
		{7A70F8A9-D247-4D5A-BD0D-2E2816B3298D}.Ad-Hoc|x64.Build.0 = Debug|Any CPU
		{7A70F8A9-D247-4D5A-BD0D-2E2816B3298D}.Ad-Hoc|x86.ActiveCfg = Debug|Any CPU
		{7A70F8A9-D247-4D5A-BD0D-2E2816B3298D}.Ad-Hoc|x86.Build.0 = Debug|Any CPU
		{7A70F8A9-D247-4D5A-BD0D-2E2816B3298D}.AppStore|Any CPU.ActiveCfg = Debug|Any CPU
		{7A70F8A9-D247-4D5A-BD0D-2E2816B3298D}.AppStore|Any CPU.Build.0 = Debug|Any CPU
		{7A70F8A9-D247-4D5A-BD0D-2E2816B3298D}.AppStore|ARM.ActiveCfg = Debug|Any CPU
		{7A70F8A9-D247-4D5A-BD0D-2E2816B3298D}.AppStore|ARM.Build.0 = Debug|Any CPU
		{7A70F8A9-D247-4D5A-BD0D-2E2816B3298D}.AppStore|iPhone.ActiveCfg = Debug|Any CPU
		{7A70F8A9-D247-4D5A-BD0D-2E2816B3298D}.AppStore|iPhone.Build.0 = Debug|Any CPU
		{7A70F8A9-D247-4D5A-BD0D-2E2816B3298D}.AppStore|iPhoneSimulator.ActiveCfg = Debug|Any CPU
		{7A70F8A9-D247-4D5A-BD0D-2E2816B3298D}.AppStore|iPhoneSimulator.Build.0 = Debug|Any CPU
		{7A70F8A9-D247-4D5A-BD0D-2E2816B3298D}.AppStore|x64.ActiveCfg = Debug|Any CPU
		{7A70F8A9-D247-4D5A-BD0D-2E2816B3298D}.AppStore|x64.Build.0 = Debug|Any CPU
		{7A70F8A9-D247-4D5A-BD0D-2E2816B3298D}.AppStore|x86.ActiveCfg = Debug|Any CPU
		{7A70F8A9-D247-4D5A-BD0D-2E2816B3298D}.AppStore|x86.Build.0 = Debug|Any CPU
		{7A70F8A9-D247-4D5A-BD0D-2E2816B3298D}.Debug|Any CPU.ActiveCfg = Debug|Any CPU
		{7A70F8A9-D247-4D5A-BD0D-2E2816B3298D}.Debug|Any CPU.Build.0 = Debug|Any CPU
		{7A70F8A9-D247-4D5A-BD0D-2E2816B3298D}.Debug|ARM.ActiveCfg = Debug|Any CPU
		{7A70F8A9-D247-4D5A-BD0D-2E2816B3298D}.Debug|ARM.Build.0 = Debug|Any CPU
		{7A70F8A9-D247-4D5A-BD0D-2E2816B3298D}.Debug|iPhone.ActiveCfg = Debug|Any CPU
		{7A70F8A9-D247-4D5A-BD0D-2E2816B3298D}.Debug|iPhone.Build.0 = Debug|Any CPU
		{7A70F8A9-D247-4D5A-BD0D-2E2816B3298D}.Debug|iPhoneSimulator.ActiveCfg = Debug|Any CPU
		{7A70F8A9-D247-4D5A-BD0D-2E2816B3298D}.Debug|iPhoneSimulator.Build.0 = Debug|Any CPU
		{7A70F8A9-D247-4D5A-BD0D-2E2816B3298D}.Debug|x64.ActiveCfg = Debug|Any CPU
		{7A70F8A9-D247-4D5A-BD0D-2E2816B3298D}.Debug|x64.Build.0 = Debug|Any CPU
		{7A70F8A9-D247-4D5A-BD0D-2E2816B3298D}.Debug|x86.ActiveCfg = Debug|Any CPU
		{7A70F8A9-D247-4D5A-BD0D-2E2816B3298D}.Debug|x86.Build.0 = Debug|Any CPU
		{7A70F8A9-D247-4D5A-BD0D-2E2816B3298D}.Release|Any CPU.ActiveCfg = Release|Any CPU
		{7A70F8A9-D247-4D5A-BD0D-2E2816B3298D}.Release|Any CPU.Build.0 = Release|Any CPU
		{7A70F8A9-D247-4D5A-BD0D-2E2816B3298D}.Release|ARM.ActiveCfg = Release|Any CPU
		{7A70F8A9-D247-4D5A-BD0D-2E2816B3298D}.Release|ARM.Build.0 = Release|Any CPU
		{7A70F8A9-D247-4D5A-BD0D-2E2816B3298D}.Release|iPhone.ActiveCfg = Release|Any CPU
		{7A70F8A9-D247-4D5A-BD0D-2E2816B3298D}.Release|iPhone.Build.0 = Release|Any CPU
		{7A70F8A9-D247-4D5A-BD0D-2E2816B3298D}.Release|iPhoneSimulator.ActiveCfg = Release|Any CPU
		{7A70F8A9-D247-4D5A-BD0D-2E2816B3298D}.Release|iPhoneSimulator.Build.0 = Release|Any CPU
		{7A70F8A9-D247-4D5A-BD0D-2E2816B3298D}.Release|x64.ActiveCfg = Release|Any CPU
		{7A70F8A9-D247-4D5A-BD0D-2E2816B3298D}.Release|x64.Build.0 = Release|Any CPU
		{7A70F8A9-D247-4D5A-BD0D-2E2816B3298D}.Release|x86.ActiveCfg = Release|Any CPU
		{7A70F8A9-D247-4D5A-BD0D-2E2816B3298D}.Release|x86.Build.0 = Release|Any CPU
		{81237579-D428-4F56-834A-876142E3B8B7}.Ad-Hoc|Any CPU.ActiveCfg = Debug|Any CPU
		{81237579-D428-4F56-834A-876142E3B8B7}.Ad-Hoc|Any CPU.Build.0 = Debug|Any CPU
		{81237579-D428-4F56-834A-876142E3B8B7}.Ad-Hoc|ARM.ActiveCfg = Debug|Any CPU
		{81237579-D428-4F56-834A-876142E3B8B7}.Ad-Hoc|ARM.Build.0 = Debug|Any CPU
		{81237579-D428-4F56-834A-876142E3B8B7}.Ad-Hoc|iPhone.ActiveCfg = Debug|Any CPU
		{81237579-D428-4F56-834A-876142E3B8B7}.Ad-Hoc|iPhone.Build.0 = Debug|Any CPU
		{81237579-D428-4F56-834A-876142E3B8B7}.Ad-Hoc|iPhoneSimulator.ActiveCfg = Debug|Any CPU
		{81237579-D428-4F56-834A-876142E3B8B7}.Ad-Hoc|iPhoneSimulator.Build.0 = Debug|Any CPU
		{81237579-D428-4F56-834A-876142E3B8B7}.Ad-Hoc|x64.ActiveCfg = Debug|Any CPU
		{81237579-D428-4F56-834A-876142E3B8B7}.Ad-Hoc|x64.Build.0 = Debug|Any CPU
		{81237579-D428-4F56-834A-876142E3B8B7}.Ad-Hoc|x86.ActiveCfg = Debug|Any CPU
		{81237579-D428-4F56-834A-876142E3B8B7}.Ad-Hoc|x86.Build.0 = Debug|Any CPU
		{81237579-D428-4F56-834A-876142E3B8B7}.AppStore|Any CPU.ActiveCfg = Debug|Any CPU
		{81237579-D428-4F56-834A-876142E3B8B7}.AppStore|Any CPU.Build.0 = Debug|Any CPU
		{81237579-D428-4F56-834A-876142E3B8B7}.AppStore|ARM.ActiveCfg = Debug|Any CPU
		{81237579-D428-4F56-834A-876142E3B8B7}.AppStore|ARM.Build.0 = Debug|Any CPU
		{81237579-D428-4F56-834A-876142E3B8B7}.AppStore|iPhone.ActiveCfg = Debug|Any CPU
		{81237579-D428-4F56-834A-876142E3B8B7}.AppStore|iPhone.Build.0 = Debug|Any CPU
		{81237579-D428-4F56-834A-876142E3B8B7}.AppStore|iPhoneSimulator.ActiveCfg = Debug|Any CPU
		{81237579-D428-4F56-834A-876142E3B8B7}.AppStore|iPhoneSimulator.Build.0 = Debug|Any CPU
		{81237579-D428-4F56-834A-876142E3B8B7}.AppStore|x64.ActiveCfg = Debug|Any CPU
		{81237579-D428-4F56-834A-876142E3B8B7}.AppStore|x64.Build.0 = Debug|Any CPU
		{81237579-D428-4F56-834A-876142E3B8B7}.AppStore|x86.ActiveCfg = Debug|Any CPU
		{81237579-D428-4F56-834A-876142E3B8B7}.AppStore|x86.Build.0 = Debug|Any CPU
		{81237579-D428-4F56-834A-876142E3B8B7}.Debug|Any CPU.ActiveCfg = Debug|Any CPU
		{81237579-D428-4F56-834A-876142E3B8B7}.Debug|Any CPU.Build.0 = Debug|Any CPU
		{81237579-D428-4F56-834A-876142E3B8B7}.Debug|ARM.ActiveCfg = Debug|Any CPU
		{81237579-D428-4F56-834A-876142E3B8B7}.Debug|ARM.Build.0 = Debug|Any CPU
		{81237579-D428-4F56-834A-876142E3B8B7}.Debug|iPhone.ActiveCfg = Debug|Any CPU
		{81237579-D428-4F56-834A-876142E3B8B7}.Debug|iPhone.Build.0 = Debug|Any CPU
		{81237579-D428-4F56-834A-876142E3B8B7}.Debug|iPhoneSimulator.ActiveCfg = Debug|Any CPU
		{81237579-D428-4F56-834A-876142E3B8B7}.Debug|iPhoneSimulator.Build.0 = Debug|Any CPU
		{81237579-D428-4F56-834A-876142E3B8B7}.Debug|x64.ActiveCfg = Debug|Any CPU
		{81237579-D428-4F56-834A-876142E3B8B7}.Debug|x64.Build.0 = Debug|Any CPU
		{81237579-D428-4F56-834A-876142E3B8B7}.Debug|x86.ActiveCfg = Debug|Any CPU
		{81237579-D428-4F56-834A-876142E3B8B7}.Debug|x86.Build.0 = Debug|Any CPU
		{81237579-D428-4F56-834A-876142E3B8B7}.Release|Any CPU.ActiveCfg = Release|Any CPU
		{81237579-D428-4F56-834A-876142E3B8B7}.Release|Any CPU.Build.0 = Release|Any CPU
		{81237579-D428-4F56-834A-876142E3B8B7}.Release|ARM.ActiveCfg = Release|Any CPU
		{81237579-D428-4F56-834A-876142E3B8B7}.Release|ARM.Build.0 = Release|Any CPU
		{81237579-D428-4F56-834A-876142E3B8B7}.Release|iPhone.ActiveCfg = Release|Any CPU
		{81237579-D428-4F56-834A-876142E3B8B7}.Release|iPhone.Build.0 = Release|Any CPU
		{81237579-D428-4F56-834A-876142E3B8B7}.Release|iPhoneSimulator.ActiveCfg = Release|Any CPU
		{81237579-D428-4F56-834A-876142E3B8B7}.Release|iPhoneSimulator.Build.0 = Release|Any CPU
		{81237579-D428-4F56-834A-876142E3B8B7}.Release|x64.ActiveCfg = Release|Any CPU
		{81237579-D428-4F56-834A-876142E3B8B7}.Release|x64.Build.0 = Release|Any CPU
		{81237579-D428-4F56-834A-876142E3B8B7}.Release|x86.ActiveCfg = Release|Any CPU
		{81237579-D428-4F56-834A-876142E3B8B7}.Release|x86.Build.0 = Release|Any CPU
		{25785E74-1B01-4DA3-BEA5-454928FDD766}.Ad-Hoc|Any CPU.ActiveCfg = Debug|Any CPU
		{25785E74-1B01-4DA3-BEA5-454928FDD766}.Ad-Hoc|Any CPU.Build.0 = Debug|Any CPU
		{25785E74-1B01-4DA3-BEA5-454928FDD766}.Ad-Hoc|ARM.ActiveCfg = Debug|Any CPU
		{25785E74-1B01-4DA3-BEA5-454928FDD766}.Ad-Hoc|ARM.Build.0 = Debug|Any CPU
		{25785E74-1B01-4DA3-BEA5-454928FDD766}.Ad-Hoc|iPhone.ActiveCfg = Debug|Any CPU
		{25785E74-1B01-4DA3-BEA5-454928FDD766}.Ad-Hoc|iPhone.Build.0 = Debug|Any CPU
		{25785E74-1B01-4DA3-BEA5-454928FDD766}.Ad-Hoc|iPhoneSimulator.ActiveCfg = Debug|Any CPU
		{25785E74-1B01-4DA3-BEA5-454928FDD766}.Ad-Hoc|iPhoneSimulator.Build.0 = Debug|Any CPU
		{25785E74-1B01-4DA3-BEA5-454928FDD766}.Ad-Hoc|x64.ActiveCfg = Debug|Any CPU
		{25785E74-1B01-4DA3-BEA5-454928FDD766}.Ad-Hoc|x64.Build.0 = Debug|Any CPU
		{25785E74-1B01-4DA3-BEA5-454928FDD766}.Ad-Hoc|x86.ActiveCfg = Debug|Any CPU
		{25785E74-1B01-4DA3-BEA5-454928FDD766}.Ad-Hoc|x86.Build.0 = Debug|Any CPU
		{25785E74-1B01-4DA3-BEA5-454928FDD766}.AppStore|Any CPU.ActiveCfg = Debug|Any CPU
		{25785E74-1B01-4DA3-BEA5-454928FDD766}.AppStore|Any CPU.Build.0 = Debug|Any CPU
		{25785E74-1B01-4DA3-BEA5-454928FDD766}.AppStore|ARM.ActiveCfg = Debug|Any CPU
		{25785E74-1B01-4DA3-BEA5-454928FDD766}.AppStore|ARM.Build.0 = Debug|Any CPU
		{25785E74-1B01-4DA3-BEA5-454928FDD766}.AppStore|iPhone.ActiveCfg = Debug|Any CPU
		{25785E74-1B01-4DA3-BEA5-454928FDD766}.AppStore|iPhone.Build.0 = Debug|Any CPU
		{25785E74-1B01-4DA3-BEA5-454928FDD766}.AppStore|iPhoneSimulator.ActiveCfg = Debug|Any CPU
		{25785E74-1B01-4DA3-BEA5-454928FDD766}.AppStore|iPhoneSimulator.Build.0 = Debug|Any CPU
		{25785E74-1B01-4DA3-BEA5-454928FDD766}.AppStore|x64.ActiveCfg = Debug|Any CPU
		{25785E74-1B01-4DA3-BEA5-454928FDD766}.AppStore|x64.Build.0 = Debug|Any CPU
		{25785E74-1B01-4DA3-BEA5-454928FDD766}.AppStore|x86.ActiveCfg = Debug|Any CPU
		{25785E74-1B01-4DA3-BEA5-454928FDD766}.AppStore|x86.Build.0 = Debug|Any CPU
		{25785E74-1B01-4DA3-BEA5-454928FDD766}.Debug|Any CPU.ActiveCfg = Debug|Any CPU
		{25785E74-1B01-4DA3-BEA5-454928FDD766}.Debug|Any CPU.Build.0 = Debug|Any CPU
		{25785E74-1B01-4DA3-BEA5-454928FDD766}.Debug|ARM.ActiveCfg = Debug|Any CPU
		{25785E74-1B01-4DA3-BEA5-454928FDD766}.Debug|ARM.Build.0 = Debug|Any CPU
		{25785E74-1B01-4DA3-BEA5-454928FDD766}.Debug|iPhone.ActiveCfg = Debug|Any CPU
		{25785E74-1B01-4DA3-BEA5-454928FDD766}.Debug|iPhone.Build.0 = Debug|Any CPU
		{25785E74-1B01-4DA3-BEA5-454928FDD766}.Debug|iPhoneSimulator.ActiveCfg = Debug|Any CPU
		{25785E74-1B01-4DA3-BEA5-454928FDD766}.Debug|iPhoneSimulator.Build.0 = Debug|Any CPU
		{25785E74-1B01-4DA3-BEA5-454928FDD766}.Debug|x64.ActiveCfg = Debug|Any CPU
		{25785E74-1B01-4DA3-BEA5-454928FDD766}.Debug|x64.Build.0 = Debug|Any CPU
		{25785E74-1B01-4DA3-BEA5-454928FDD766}.Debug|x86.ActiveCfg = Debug|Any CPU
		{25785E74-1B01-4DA3-BEA5-454928FDD766}.Debug|x86.Build.0 = Debug|Any CPU
		{25785E74-1B01-4DA3-BEA5-454928FDD766}.Release|Any CPU.ActiveCfg = Release|Any CPU
		{25785E74-1B01-4DA3-BEA5-454928FDD766}.Release|Any CPU.Build.0 = Release|Any CPU
		{25785E74-1B01-4DA3-BEA5-454928FDD766}.Release|ARM.ActiveCfg = Release|Any CPU
		{25785E74-1B01-4DA3-BEA5-454928FDD766}.Release|ARM.Build.0 = Release|Any CPU
		{25785E74-1B01-4DA3-BEA5-454928FDD766}.Release|iPhone.ActiveCfg = Release|Any CPU
		{25785E74-1B01-4DA3-BEA5-454928FDD766}.Release|iPhone.Build.0 = Release|Any CPU
		{25785E74-1B01-4DA3-BEA5-454928FDD766}.Release|iPhoneSimulator.ActiveCfg = Release|Any CPU
		{25785E74-1B01-4DA3-BEA5-454928FDD766}.Release|iPhoneSimulator.Build.0 = Release|Any CPU
		{25785E74-1B01-4DA3-BEA5-454928FDD766}.Release|x64.ActiveCfg = Release|Any CPU
		{25785E74-1B01-4DA3-BEA5-454928FDD766}.Release|x64.Build.0 = Release|Any CPU
		{25785E74-1B01-4DA3-BEA5-454928FDD766}.Release|x86.ActiveCfg = Release|Any CPU
		{25785E74-1B01-4DA3-BEA5-454928FDD766}.Release|x86.Build.0 = Release|Any CPU
		{B6FFC2B4-E0F3-427F-ADBE-C7FA2801ACE6}.Ad-Hoc|Any CPU.ActiveCfg = Debug|Any CPU
		{B6FFC2B4-E0F3-427F-ADBE-C7FA2801ACE6}.Ad-Hoc|Any CPU.Build.0 = Debug|Any CPU
		{B6FFC2B4-E0F3-427F-ADBE-C7FA2801ACE6}.Ad-Hoc|ARM.ActiveCfg = Debug|Any CPU
		{B6FFC2B4-E0F3-427F-ADBE-C7FA2801ACE6}.Ad-Hoc|ARM.Build.0 = Debug|Any CPU
		{B6FFC2B4-E0F3-427F-ADBE-C7FA2801ACE6}.Ad-Hoc|iPhone.ActiveCfg = Debug|Any CPU
		{B6FFC2B4-E0F3-427F-ADBE-C7FA2801ACE6}.Ad-Hoc|iPhone.Build.0 = Debug|Any CPU
		{B6FFC2B4-E0F3-427F-ADBE-C7FA2801ACE6}.Ad-Hoc|iPhoneSimulator.ActiveCfg = Debug|Any CPU
		{B6FFC2B4-E0F3-427F-ADBE-C7FA2801ACE6}.Ad-Hoc|iPhoneSimulator.Build.0 = Debug|Any CPU
		{B6FFC2B4-E0F3-427F-ADBE-C7FA2801ACE6}.Ad-Hoc|x64.ActiveCfg = Debug|Any CPU
		{B6FFC2B4-E0F3-427F-ADBE-C7FA2801ACE6}.Ad-Hoc|x64.Build.0 = Debug|Any CPU
		{B6FFC2B4-E0F3-427F-ADBE-C7FA2801ACE6}.Ad-Hoc|x86.ActiveCfg = Debug|Any CPU
		{B6FFC2B4-E0F3-427F-ADBE-C7FA2801ACE6}.Ad-Hoc|x86.Build.0 = Debug|Any CPU
		{B6FFC2B4-E0F3-427F-ADBE-C7FA2801ACE6}.AppStore|Any CPU.ActiveCfg = Debug|Any CPU
		{B6FFC2B4-E0F3-427F-ADBE-C7FA2801ACE6}.AppStore|Any CPU.Build.0 = Debug|Any CPU
		{B6FFC2B4-E0F3-427F-ADBE-C7FA2801ACE6}.AppStore|ARM.ActiveCfg = Debug|Any CPU
		{B6FFC2B4-E0F3-427F-ADBE-C7FA2801ACE6}.AppStore|ARM.Build.0 = Debug|Any CPU
		{B6FFC2B4-E0F3-427F-ADBE-C7FA2801ACE6}.AppStore|iPhone.ActiveCfg = Debug|Any CPU
		{B6FFC2B4-E0F3-427F-ADBE-C7FA2801ACE6}.AppStore|iPhone.Build.0 = Debug|Any CPU
		{B6FFC2B4-E0F3-427F-ADBE-C7FA2801ACE6}.AppStore|iPhoneSimulator.ActiveCfg = Debug|Any CPU
		{B6FFC2B4-E0F3-427F-ADBE-C7FA2801ACE6}.AppStore|iPhoneSimulator.Build.0 = Debug|Any CPU
		{B6FFC2B4-E0F3-427F-ADBE-C7FA2801ACE6}.AppStore|x64.ActiveCfg = Debug|Any CPU
		{B6FFC2B4-E0F3-427F-ADBE-C7FA2801ACE6}.AppStore|x64.Build.0 = Debug|Any CPU
		{B6FFC2B4-E0F3-427F-ADBE-C7FA2801ACE6}.AppStore|x86.ActiveCfg = Debug|Any CPU
		{B6FFC2B4-E0F3-427F-ADBE-C7FA2801ACE6}.AppStore|x86.Build.0 = Debug|Any CPU
		{B6FFC2B4-E0F3-427F-ADBE-C7FA2801ACE6}.Debug|Any CPU.ActiveCfg = Debug|Any CPU
		{B6FFC2B4-E0F3-427F-ADBE-C7FA2801ACE6}.Debug|Any CPU.Build.0 = Debug|Any CPU
		{B6FFC2B4-E0F3-427F-ADBE-C7FA2801ACE6}.Debug|ARM.ActiveCfg = Debug|Any CPU
		{B6FFC2B4-E0F3-427F-ADBE-C7FA2801ACE6}.Debug|ARM.Build.0 = Debug|Any CPU
		{B6FFC2B4-E0F3-427F-ADBE-C7FA2801ACE6}.Debug|iPhone.ActiveCfg = Debug|Any CPU
		{B6FFC2B4-E0F3-427F-ADBE-C7FA2801ACE6}.Debug|iPhone.Build.0 = Debug|Any CPU
		{B6FFC2B4-E0F3-427F-ADBE-C7FA2801ACE6}.Debug|iPhoneSimulator.ActiveCfg = Debug|Any CPU
		{B6FFC2B4-E0F3-427F-ADBE-C7FA2801ACE6}.Debug|iPhoneSimulator.Build.0 = Debug|Any CPU
		{B6FFC2B4-E0F3-427F-ADBE-C7FA2801ACE6}.Debug|x64.ActiveCfg = Debug|Any CPU
		{B6FFC2B4-E0F3-427F-ADBE-C7FA2801ACE6}.Debug|x64.Build.0 = Debug|Any CPU
		{B6FFC2B4-E0F3-427F-ADBE-C7FA2801ACE6}.Debug|x86.ActiveCfg = Debug|Any CPU
		{B6FFC2B4-E0F3-427F-ADBE-C7FA2801ACE6}.Debug|x86.Build.0 = Debug|Any CPU
		{B6FFC2B4-E0F3-427F-ADBE-C7FA2801ACE6}.Release|Any CPU.ActiveCfg = Release|Any CPU
		{B6FFC2B4-E0F3-427F-ADBE-C7FA2801ACE6}.Release|Any CPU.Build.0 = Release|Any CPU
		{B6FFC2B4-E0F3-427F-ADBE-C7FA2801ACE6}.Release|ARM.ActiveCfg = Release|Any CPU
		{B6FFC2B4-E0F3-427F-ADBE-C7FA2801ACE6}.Release|ARM.Build.0 = Release|Any CPU
		{B6FFC2B4-E0F3-427F-ADBE-C7FA2801ACE6}.Release|iPhone.ActiveCfg = Release|Any CPU
		{B6FFC2B4-E0F3-427F-ADBE-C7FA2801ACE6}.Release|iPhone.Build.0 = Release|Any CPU
		{B6FFC2B4-E0F3-427F-ADBE-C7FA2801ACE6}.Release|iPhoneSimulator.ActiveCfg = Release|Any CPU
		{B6FFC2B4-E0F3-427F-ADBE-C7FA2801ACE6}.Release|iPhoneSimulator.Build.0 = Release|Any CPU
		{B6FFC2B4-E0F3-427F-ADBE-C7FA2801ACE6}.Release|x64.ActiveCfg = Release|Any CPU
		{B6FFC2B4-E0F3-427F-ADBE-C7FA2801ACE6}.Release|x64.Build.0 = Release|Any CPU
		{B6FFC2B4-E0F3-427F-ADBE-C7FA2801ACE6}.Release|x86.ActiveCfg = Release|Any CPU
		{B6FFC2B4-E0F3-427F-ADBE-C7FA2801ACE6}.Release|x86.Build.0 = Release|Any CPU
		{B0653D67-E038-48CF-A8BD-E3E21B6469C5}.Ad-Hoc|Any CPU.ActiveCfg = Debug|Any CPU
		{B0653D67-E038-48CF-A8BD-E3E21B6469C5}.Ad-Hoc|Any CPU.Build.0 = Debug|Any CPU
		{B0653D67-E038-48CF-A8BD-E3E21B6469C5}.Ad-Hoc|ARM.ActiveCfg = Debug|Any CPU
		{B0653D67-E038-48CF-A8BD-E3E21B6469C5}.Ad-Hoc|ARM.Build.0 = Debug|Any CPU
		{B0653D67-E038-48CF-A8BD-E3E21B6469C5}.Ad-Hoc|iPhone.ActiveCfg = Debug|Any CPU
		{B0653D67-E038-48CF-A8BD-E3E21B6469C5}.Ad-Hoc|iPhone.Build.0 = Debug|Any CPU
		{B0653D67-E038-48CF-A8BD-E3E21B6469C5}.Ad-Hoc|iPhoneSimulator.ActiveCfg = Debug|Any CPU
		{B0653D67-E038-48CF-A8BD-E3E21B6469C5}.Ad-Hoc|iPhoneSimulator.Build.0 = Debug|Any CPU
		{B0653D67-E038-48CF-A8BD-E3E21B6469C5}.Ad-Hoc|x64.ActiveCfg = Debug|Any CPU
		{B0653D67-E038-48CF-A8BD-E3E21B6469C5}.Ad-Hoc|x64.Build.0 = Debug|Any CPU
		{B0653D67-E038-48CF-A8BD-E3E21B6469C5}.Ad-Hoc|x86.ActiveCfg = Debug|Any CPU
		{B0653D67-E038-48CF-A8BD-E3E21B6469C5}.Ad-Hoc|x86.Build.0 = Debug|Any CPU
		{B0653D67-E038-48CF-A8BD-E3E21B6469C5}.AppStore|Any CPU.ActiveCfg = Debug|Any CPU
		{B0653D67-E038-48CF-A8BD-E3E21B6469C5}.AppStore|Any CPU.Build.0 = Debug|Any CPU
		{B0653D67-E038-48CF-A8BD-E3E21B6469C5}.AppStore|ARM.ActiveCfg = Debug|Any CPU
		{B0653D67-E038-48CF-A8BD-E3E21B6469C5}.AppStore|ARM.Build.0 = Debug|Any CPU
		{B0653D67-E038-48CF-A8BD-E3E21B6469C5}.AppStore|iPhone.ActiveCfg = Debug|Any CPU
		{B0653D67-E038-48CF-A8BD-E3E21B6469C5}.AppStore|iPhone.Build.0 = Debug|Any CPU
		{B0653D67-E038-48CF-A8BD-E3E21B6469C5}.AppStore|iPhoneSimulator.ActiveCfg = Debug|Any CPU
		{B0653D67-E038-48CF-A8BD-E3E21B6469C5}.AppStore|iPhoneSimulator.Build.0 = Debug|Any CPU
		{B0653D67-E038-48CF-A8BD-E3E21B6469C5}.AppStore|x64.ActiveCfg = Debug|Any CPU
		{B0653D67-E038-48CF-A8BD-E3E21B6469C5}.AppStore|x64.Build.0 = Debug|Any CPU
		{B0653D67-E038-48CF-A8BD-E3E21B6469C5}.AppStore|x86.ActiveCfg = Debug|Any CPU
		{B0653D67-E038-48CF-A8BD-E3E21B6469C5}.AppStore|x86.Build.0 = Debug|Any CPU
		{B0653D67-E038-48CF-A8BD-E3E21B6469C5}.Debug|Any CPU.ActiveCfg = Debug|Any CPU
		{B0653D67-E038-48CF-A8BD-E3E21B6469C5}.Debug|Any CPU.Build.0 = Debug|Any CPU
		{B0653D67-E038-48CF-A8BD-E3E21B6469C5}.Debug|ARM.ActiveCfg = Debug|Any CPU
		{B0653D67-E038-48CF-A8BD-E3E21B6469C5}.Debug|ARM.Build.0 = Debug|Any CPU
		{B0653D67-E038-48CF-A8BD-E3E21B6469C5}.Debug|iPhone.ActiveCfg = Debug|Any CPU
		{B0653D67-E038-48CF-A8BD-E3E21B6469C5}.Debug|iPhone.Build.0 = Debug|Any CPU
		{B0653D67-E038-48CF-A8BD-E3E21B6469C5}.Debug|iPhoneSimulator.ActiveCfg = Debug|Any CPU
		{B0653D67-E038-48CF-A8BD-E3E21B6469C5}.Debug|iPhoneSimulator.Build.0 = Debug|Any CPU
		{B0653D67-E038-48CF-A8BD-E3E21B6469C5}.Debug|x64.ActiveCfg = Debug|Any CPU
		{B0653D67-E038-48CF-A8BD-E3E21B6469C5}.Debug|x64.Build.0 = Debug|Any CPU
		{B0653D67-E038-48CF-A8BD-E3E21B6469C5}.Debug|x86.ActiveCfg = Debug|Any CPU
		{B0653D67-E038-48CF-A8BD-E3E21B6469C5}.Debug|x86.Build.0 = Debug|Any CPU
		{B0653D67-E038-48CF-A8BD-E3E21B6469C5}.Release|Any CPU.ActiveCfg = Release|Any CPU
		{B0653D67-E038-48CF-A8BD-E3E21B6469C5}.Release|Any CPU.Build.0 = Release|Any CPU
		{B0653D67-E038-48CF-A8BD-E3E21B6469C5}.Release|ARM.ActiveCfg = Release|Any CPU
		{B0653D67-E038-48CF-A8BD-E3E21B6469C5}.Release|ARM.Build.0 = Release|Any CPU
		{B0653D67-E038-48CF-A8BD-E3E21B6469C5}.Release|iPhone.ActiveCfg = Release|Any CPU
		{B0653D67-E038-48CF-A8BD-E3E21B6469C5}.Release|iPhone.Build.0 = Release|Any CPU
		{B0653D67-E038-48CF-A8BD-E3E21B6469C5}.Release|iPhoneSimulator.ActiveCfg = Release|Any CPU
		{B0653D67-E038-48CF-A8BD-E3E21B6469C5}.Release|iPhoneSimulator.Build.0 = Release|Any CPU
		{B0653D67-E038-48CF-A8BD-E3E21B6469C5}.Release|x64.ActiveCfg = Release|Any CPU
		{B0653D67-E038-48CF-A8BD-E3E21B6469C5}.Release|x64.Build.0 = Release|Any CPU
		{B0653D67-E038-48CF-A8BD-E3E21B6469C5}.Release|x86.ActiveCfg = Release|Any CPU
		{B0653D67-E038-48CF-A8BD-E3E21B6469C5}.Release|x86.Build.0 = Release|Any CPU
		{DD9EB861-9F9D-4065-B792-CAA81377E906}.Ad-Hoc|Any CPU.ActiveCfg = Debug|Any CPU
		{DD9EB861-9F9D-4065-B792-CAA81377E906}.Ad-Hoc|Any CPU.Build.0 = Debug|Any CPU
		{DD9EB861-9F9D-4065-B792-CAA81377E906}.Ad-Hoc|ARM.ActiveCfg = Debug|Any CPU
		{DD9EB861-9F9D-4065-B792-CAA81377E906}.Ad-Hoc|ARM.Build.0 = Debug|Any CPU
		{DD9EB861-9F9D-4065-B792-CAA81377E906}.Ad-Hoc|iPhone.ActiveCfg = Debug|Any CPU
		{DD9EB861-9F9D-4065-B792-CAA81377E906}.Ad-Hoc|iPhone.Build.0 = Debug|Any CPU
		{DD9EB861-9F9D-4065-B792-CAA81377E906}.Ad-Hoc|iPhoneSimulator.ActiveCfg = Debug|Any CPU
		{DD9EB861-9F9D-4065-B792-CAA81377E906}.Ad-Hoc|iPhoneSimulator.Build.0 = Debug|Any CPU
		{DD9EB861-9F9D-4065-B792-CAA81377E906}.Ad-Hoc|x64.ActiveCfg = Debug|Any CPU
		{DD9EB861-9F9D-4065-B792-CAA81377E906}.Ad-Hoc|x64.Build.0 = Debug|Any CPU
		{DD9EB861-9F9D-4065-B792-CAA81377E906}.Ad-Hoc|x86.ActiveCfg = Debug|Any CPU
		{DD9EB861-9F9D-4065-B792-CAA81377E906}.Ad-Hoc|x86.Build.0 = Debug|Any CPU
		{DD9EB861-9F9D-4065-B792-CAA81377E906}.AppStore|Any CPU.ActiveCfg = Debug|Any CPU
		{DD9EB861-9F9D-4065-B792-CAA81377E906}.AppStore|Any CPU.Build.0 = Debug|Any CPU
		{DD9EB861-9F9D-4065-B792-CAA81377E906}.AppStore|ARM.ActiveCfg = Debug|Any CPU
		{DD9EB861-9F9D-4065-B792-CAA81377E906}.AppStore|ARM.Build.0 = Debug|Any CPU
		{DD9EB861-9F9D-4065-B792-CAA81377E906}.AppStore|iPhone.ActiveCfg = Debug|Any CPU
		{DD9EB861-9F9D-4065-B792-CAA81377E906}.AppStore|iPhone.Build.0 = Debug|Any CPU
		{DD9EB861-9F9D-4065-B792-CAA81377E906}.AppStore|iPhoneSimulator.ActiveCfg = Debug|Any CPU
		{DD9EB861-9F9D-4065-B792-CAA81377E906}.AppStore|iPhoneSimulator.Build.0 = Debug|Any CPU
		{DD9EB861-9F9D-4065-B792-CAA81377E906}.AppStore|x64.ActiveCfg = Debug|Any CPU
		{DD9EB861-9F9D-4065-B792-CAA81377E906}.AppStore|x64.Build.0 = Debug|Any CPU
		{DD9EB861-9F9D-4065-B792-CAA81377E906}.AppStore|x86.ActiveCfg = Debug|Any CPU
		{DD9EB861-9F9D-4065-B792-CAA81377E906}.AppStore|x86.Build.0 = Debug|Any CPU
		{DD9EB861-9F9D-4065-B792-CAA81377E906}.Debug|Any CPU.ActiveCfg = Debug|Any CPU
		{DD9EB861-9F9D-4065-B792-CAA81377E906}.Debug|Any CPU.Build.0 = Debug|Any CPU
		{DD9EB861-9F9D-4065-B792-CAA81377E906}.Debug|ARM.ActiveCfg = Debug|Any CPU
		{DD9EB861-9F9D-4065-B792-CAA81377E906}.Debug|ARM.Build.0 = Debug|Any CPU
		{DD9EB861-9F9D-4065-B792-CAA81377E906}.Debug|iPhone.ActiveCfg = Debug|Any CPU
		{DD9EB861-9F9D-4065-B792-CAA81377E906}.Debug|iPhone.Build.0 = Debug|Any CPU
		{DD9EB861-9F9D-4065-B792-CAA81377E906}.Debug|iPhoneSimulator.ActiveCfg = Debug|Any CPU
		{DD9EB861-9F9D-4065-B792-CAA81377E906}.Debug|iPhoneSimulator.Build.0 = Debug|Any CPU
		{DD9EB861-9F9D-4065-B792-CAA81377E906}.Debug|x64.ActiveCfg = Debug|Any CPU
		{DD9EB861-9F9D-4065-B792-CAA81377E906}.Debug|x64.Build.0 = Debug|Any CPU
		{DD9EB861-9F9D-4065-B792-CAA81377E906}.Debug|x86.ActiveCfg = Debug|Any CPU
		{DD9EB861-9F9D-4065-B792-CAA81377E906}.Debug|x86.Build.0 = Debug|Any CPU
		{DD9EB861-9F9D-4065-B792-CAA81377E906}.Release|Any CPU.ActiveCfg = Release|Any CPU
		{DD9EB861-9F9D-4065-B792-CAA81377E906}.Release|Any CPU.Build.0 = Release|Any CPU
		{DD9EB861-9F9D-4065-B792-CAA81377E906}.Release|ARM.ActiveCfg = Release|Any CPU
		{DD9EB861-9F9D-4065-B792-CAA81377E906}.Release|ARM.Build.0 = Release|Any CPU
		{DD9EB861-9F9D-4065-B792-CAA81377E906}.Release|iPhone.ActiveCfg = Release|Any CPU
		{DD9EB861-9F9D-4065-B792-CAA81377E906}.Release|iPhone.Build.0 = Release|Any CPU
		{DD9EB861-9F9D-4065-B792-CAA81377E906}.Release|iPhoneSimulator.ActiveCfg = Release|Any CPU
		{DD9EB861-9F9D-4065-B792-CAA81377E906}.Release|iPhoneSimulator.Build.0 = Release|Any CPU
		{DD9EB861-9F9D-4065-B792-CAA81377E906}.Release|x64.ActiveCfg = Release|Any CPU
		{DD9EB861-9F9D-4065-B792-CAA81377E906}.Release|x64.Build.0 = Release|Any CPU
		{DD9EB861-9F9D-4065-B792-CAA81377E906}.Release|x86.ActiveCfg = Release|Any CPU
		{DD9EB861-9F9D-4065-B792-CAA81377E906}.Release|x86.Build.0 = Release|Any CPU
		{0DAFEDDE-3988-4ABD-B9E5-80BC511FE26F}.Ad-Hoc|Any CPU.ActiveCfg = Debug|Any CPU
		{0DAFEDDE-3988-4ABD-B9E5-80BC511FE26F}.Ad-Hoc|Any CPU.Build.0 = Debug|Any CPU
		{0DAFEDDE-3988-4ABD-B9E5-80BC511FE26F}.Ad-Hoc|ARM.ActiveCfg = Debug|Any CPU
		{0DAFEDDE-3988-4ABD-B9E5-80BC511FE26F}.Ad-Hoc|ARM.Build.0 = Debug|Any CPU
		{0DAFEDDE-3988-4ABD-B9E5-80BC511FE26F}.Ad-Hoc|iPhone.ActiveCfg = Debug|Any CPU
		{0DAFEDDE-3988-4ABD-B9E5-80BC511FE26F}.Ad-Hoc|iPhone.Build.0 = Debug|Any CPU
		{0DAFEDDE-3988-4ABD-B9E5-80BC511FE26F}.Ad-Hoc|iPhoneSimulator.ActiveCfg = Debug|Any CPU
		{0DAFEDDE-3988-4ABD-B9E5-80BC511FE26F}.Ad-Hoc|iPhoneSimulator.Build.0 = Debug|Any CPU
		{0DAFEDDE-3988-4ABD-B9E5-80BC511FE26F}.Ad-Hoc|x64.ActiveCfg = Debug|Any CPU
		{0DAFEDDE-3988-4ABD-B9E5-80BC511FE26F}.Ad-Hoc|x64.Build.0 = Debug|Any CPU
		{0DAFEDDE-3988-4ABD-B9E5-80BC511FE26F}.Ad-Hoc|x86.ActiveCfg = Debug|Any CPU
		{0DAFEDDE-3988-4ABD-B9E5-80BC511FE26F}.Ad-Hoc|x86.Build.0 = Debug|Any CPU
		{0DAFEDDE-3988-4ABD-B9E5-80BC511FE26F}.AppStore|Any CPU.ActiveCfg = Debug|Any CPU
		{0DAFEDDE-3988-4ABD-B9E5-80BC511FE26F}.AppStore|Any CPU.Build.0 = Debug|Any CPU
		{0DAFEDDE-3988-4ABD-B9E5-80BC511FE26F}.AppStore|ARM.ActiveCfg = Debug|Any CPU
		{0DAFEDDE-3988-4ABD-B9E5-80BC511FE26F}.AppStore|ARM.Build.0 = Debug|Any CPU
		{0DAFEDDE-3988-4ABD-B9E5-80BC511FE26F}.AppStore|iPhone.ActiveCfg = Debug|Any CPU
		{0DAFEDDE-3988-4ABD-B9E5-80BC511FE26F}.AppStore|iPhone.Build.0 = Debug|Any CPU
		{0DAFEDDE-3988-4ABD-B9E5-80BC511FE26F}.AppStore|iPhoneSimulator.ActiveCfg = Debug|Any CPU
		{0DAFEDDE-3988-4ABD-B9E5-80BC511FE26F}.AppStore|iPhoneSimulator.Build.0 = Debug|Any CPU
		{0DAFEDDE-3988-4ABD-B9E5-80BC511FE26F}.AppStore|x64.ActiveCfg = Debug|Any CPU
		{0DAFEDDE-3988-4ABD-B9E5-80BC511FE26F}.AppStore|x64.Build.0 = Debug|Any CPU
		{0DAFEDDE-3988-4ABD-B9E5-80BC511FE26F}.AppStore|x86.ActiveCfg = Debug|Any CPU
		{0DAFEDDE-3988-4ABD-B9E5-80BC511FE26F}.AppStore|x86.Build.0 = Debug|Any CPU
		{0DAFEDDE-3988-4ABD-B9E5-80BC511FE26F}.Debug|Any CPU.ActiveCfg = Debug|Any CPU
		{0DAFEDDE-3988-4ABD-B9E5-80BC511FE26F}.Debug|Any CPU.Build.0 = Debug|Any CPU
		{0DAFEDDE-3988-4ABD-B9E5-80BC511FE26F}.Debug|ARM.ActiveCfg = Debug|Any CPU
		{0DAFEDDE-3988-4ABD-B9E5-80BC511FE26F}.Debug|ARM.Build.0 = Debug|Any CPU
		{0DAFEDDE-3988-4ABD-B9E5-80BC511FE26F}.Debug|iPhone.ActiveCfg = Debug|Any CPU
		{0DAFEDDE-3988-4ABD-B9E5-80BC511FE26F}.Debug|iPhone.Build.0 = Debug|Any CPU
		{0DAFEDDE-3988-4ABD-B9E5-80BC511FE26F}.Debug|iPhoneSimulator.ActiveCfg = Debug|Any CPU
		{0DAFEDDE-3988-4ABD-B9E5-80BC511FE26F}.Debug|iPhoneSimulator.Build.0 = Debug|Any CPU
		{0DAFEDDE-3988-4ABD-B9E5-80BC511FE26F}.Debug|x64.ActiveCfg = Debug|Any CPU
		{0DAFEDDE-3988-4ABD-B9E5-80BC511FE26F}.Debug|x64.Build.0 = Debug|Any CPU
		{0DAFEDDE-3988-4ABD-B9E5-80BC511FE26F}.Debug|x86.ActiveCfg = Debug|Any CPU
		{0DAFEDDE-3988-4ABD-B9E5-80BC511FE26F}.Debug|x86.Build.0 = Debug|Any CPU
		{0DAFEDDE-3988-4ABD-B9E5-80BC511FE26F}.Release|Any CPU.ActiveCfg = Release|Any CPU
		{0DAFEDDE-3988-4ABD-B9E5-80BC511FE26F}.Release|Any CPU.Build.0 = Release|Any CPU
		{0DAFEDDE-3988-4ABD-B9E5-80BC511FE26F}.Release|ARM.ActiveCfg = Release|Any CPU
		{0DAFEDDE-3988-4ABD-B9E5-80BC511FE26F}.Release|ARM.Build.0 = Release|Any CPU
		{0DAFEDDE-3988-4ABD-B9E5-80BC511FE26F}.Release|iPhone.ActiveCfg = Release|Any CPU
		{0DAFEDDE-3988-4ABD-B9E5-80BC511FE26F}.Release|iPhone.Build.0 = Release|Any CPU
		{0DAFEDDE-3988-4ABD-B9E5-80BC511FE26F}.Release|iPhoneSimulator.ActiveCfg = Release|Any CPU
		{0DAFEDDE-3988-4ABD-B9E5-80BC511FE26F}.Release|iPhoneSimulator.Build.0 = Release|Any CPU
		{0DAFEDDE-3988-4ABD-B9E5-80BC511FE26F}.Release|x64.ActiveCfg = Release|Any CPU
		{0DAFEDDE-3988-4ABD-B9E5-80BC511FE26F}.Release|x64.Build.0 = Release|Any CPU
		{0DAFEDDE-3988-4ABD-B9E5-80BC511FE26F}.Release|x86.ActiveCfg = Release|Any CPU
		{0DAFEDDE-3988-4ABD-B9E5-80BC511FE26F}.Release|x86.Build.0 = Release|Any CPU
		{1E23EE32-C421-449A-80E7-904C666A6473}.Ad-Hoc|Any CPU.ActiveCfg = Debug|Any CPU
		{1E23EE32-C421-449A-80E7-904C666A6473}.Ad-Hoc|Any CPU.Build.0 = Debug|Any CPU
		{1E23EE32-C421-449A-80E7-904C666A6473}.Ad-Hoc|ARM.ActiveCfg = Debug|Any CPU
		{1E23EE32-C421-449A-80E7-904C666A6473}.Ad-Hoc|ARM.Build.0 = Debug|Any CPU
		{1E23EE32-C421-449A-80E7-904C666A6473}.Ad-Hoc|iPhone.ActiveCfg = Debug|Any CPU
		{1E23EE32-C421-449A-80E7-904C666A6473}.Ad-Hoc|iPhone.Build.0 = Debug|Any CPU
		{1E23EE32-C421-449A-80E7-904C666A6473}.Ad-Hoc|iPhoneSimulator.ActiveCfg = Debug|Any CPU
		{1E23EE32-C421-449A-80E7-904C666A6473}.Ad-Hoc|iPhoneSimulator.Build.0 = Debug|Any CPU
		{1E23EE32-C421-449A-80E7-904C666A6473}.Ad-Hoc|x64.ActiveCfg = Debug|Any CPU
		{1E23EE32-C421-449A-80E7-904C666A6473}.Ad-Hoc|x64.Build.0 = Debug|Any CPU
		{1E23EE32-C421-449A-80E7-904C666A6473}.Ad-Hoc|x86.ActiveCfg = Debug|Any CPU
		{1E23EE32-C421-449A-80E7-904C666A6473}.Ad-Hoc|x86.Build.0 = Debug|Any CPU
		{1E23EE32-C421-449A-80E7-904C666A6473}.AppStore|Any CPU.ActiveCfg = Debug|Any CPU
		{1E23EE32-C421-449A-80E7-904C666A6473}.AppStore|Any CPU.Build.0 = Debug|Any CPU
		{1E23EE32-C421-449A-80E7-904C666A6473}.AppStore|ARM.ActiveCfg = Debug|Any CPU
		{1E23EE32-C421-449A-80E7-904C666A6473}.AppStore|ARM.Build.0 = Debug|Any CPU
		{1E23EE32-C421-449A-80E7-904C666A6473}.AppStore|iPhone.ActiveCfg = Debug|Any CPU
		{1E23EE32-C421-449A-80E7-904C666A6473}.AppStore|iPhone.Build.0 = Debug|Any CPU
		{1E23EE32-C421-449A-80E7-904C666A6473}.AppStore|iPhoneSimulator.ActiveCfg = Debug|Any CPU
		{1E23EE32-C421-449A-80E7-904C666A6473}.AppStore|iPhoneSimulator.Build.0 = Debug|Any CPU
		{1E23EE32-C421-449A-80E7-904C666A6473}.AppStore|x64.ActiveCfg = Debug|Any CPU
		{1E23EE32-C421-449A-80E7-904C666A6473}.AppStore|x64.Build.0 = Debug|Any CPU
		{1E23EE32-C421-449A-80E7-904C666A6473}.AppStore|x86.ActiveCfg = Debug|Any CPU
		{1E23EE32-C421-449A-80E7-904C666A6473}.AppStore|x86.Build.0 = Debug|Any CPU
		{1E23EE32-C421-449A-80E7-904C666A6473}.Debug|Any CPU.ActiveCfg = Debug|Any CPU
		{1E23EE32-C421-449A-80E7-904C666A6473}.Debug|Any CPU.Build.0 = Debug|Any CPU
		{1E23EE32-C421-449A-80E7-904C666A6473}.Debug|ARM.ActiveCfg = Debug|Any CPU
		{1E23EE32-C421-449A-80E7-904C666A6473}.Debug|ARM.Build.0 = Debug|Any CPU
		{1E23EE32-C421-449A-80E7-904C666A6473}.Debug|iPhone.ActiveCfg = Debug|Any CPU
		{1E23EE32-C421-449A-80E7-904C666A6473}.Debug|iPhone.Build.0 = Debug|Any CPU
		{1E23EE32-C421-449A-80E7-904C666A6473}.Debug|iPhoneSimulator.ActiveCfg = Debug|Any CPU
		{1E23EE32-C421-449A-80E7-904C666A6473}.Debug|iPhoneSimulator.Build.0 = Debug|Any CPU
		{1E23EE32-C421-449A-80E7-904C666A6473}.Debug|x64.ActiveCfg = Debug|Any CPU
		{1E23EE32-C421-449A-80E7-904C666A6473}.Debug|x64.Build.0 = Debug|Any CPU
		{1E23EE32-C421-449A-80E7-904C666A6473}.Debug|x86.ActiveCfg = Debug|Any CPU
		{1E23EE32-C421-449A-80E7-904C666A6473}.Debug|x86.Build.0 = Debug|Any CPU
		{1E23EE32-C421-449A-80E7-904C666A6473}.Release|Any CPU.ActiveCfg = Release|Any CPU
		{1E23EE32-C421-449A-80E7-904C666A6473}.Release|Any CPU.Build.0 = Release|Any CPU
		{1E23EE32-C421-449A-80E7-904C666A6473}.Release|ARM.ActiveCfg = Release|Any CPU
		{1E23EE32-C421-449A-80E7-904C666A6473}.Release|ARM.Build.0 = Release|Any CPU
		{1E23EE32-C421-449A-80E7-904C666A6473}.Release|iPhone.ActiveCfg = Release|Any CPU
		{1E23EE32-C421-449A-80E7-904C666A6473}.Release|iPhone.Build.0 = Release|Any CPU
		{1E23EE32-C421-449A-80E7-904C666A6473}.Release|iPhoneSimulator.ActiveCfg = Release|Any CPU
		{1E23EE32-C421-449A-80E7-904C666A6473}.Release|iPhoneSimulator.Build.0 = Release|Any CPU
		{1E23EE32-C421-449A-80E7-904C666A6473}.Release|x64.ActiveCfg = Release|Any CPU
		{1E23EE32-C421-449A-80E7-904C666A6473}.Release|x64.Build.0 = Release|Any CPU
		{1E23EE32-C421-449A-80E7-904C666A6473}.Release|x86.ActiveCfg = Release|Any CPU
		{1E23EE32-C421-449A-80E7-904C666A6473}.Release|x86.Build.0 = Release|Any CPU
		{F85302DB-140B-4DB6-98F9-CE62E670D00D}.Ad-Hoc|Any CPU.ActiveCfg = Release|Any CPU
		{F85302DB-140B-4DB6-98F9-CE62E670D00D}.Ad-Hoc|Any CPU.Build.0 = Release|Any CPU
		{F85302DB-140B-4DB6-98F9-CE62E670D00D}.Ad-Hoc|Any CPU.Deploy.0 = Release|Any CPU
		{F85302DB-140B-4DB6-98F9-CE62E670D00D}.Ad-Hoc|ARM.ActiveCfg = Release|Any CPU
		{F85302DB-140B-4DB6-98F9-CE62E670D00D}.Ad-Hoc|ARM.Build.0 = Release|Any CPU
		{F85302DB-140B-4DB6-98F9-CE62E670D00D}.Ad-Hoc|ARM.Deploy.0 = Release|Any CPU
		{F85302DB-140B-4DB6-98F9-CE62E670D00D}.Ad-Hoc|iPhone.ActiveCfg = Release|Any CPU
		{F85302DB-140B-4DB6-98F9-CE62E670D00D}.Ad-Hoc|iPhone.Build.0 = Release|Any CPU
		{F85302DB-140B-4DB6-98F9-CE62E670D00D}.Ad-Hoc|iPhone.Deploy.0 = Release|Any CPU
		{F85302DB-140B-4DB6-98F9-CE62E670D00D}.Ad-Hoc|iPhoneSimulator.ActiveCfg = Release|Any CPU
		{F85302DB-140B-4DB6-98F9-CE62E670D00D}.Ad-Hoc|iPhoneSimulator.Build.0 = Release|Any CPU
		{F85302DB-140B-4DB6-98F9-CE62E670D00D}.Ad-Hoc|iPhoneSimulator.Deploy.0 = Release|Any CPU
		{F85302DB-140B-4DB6-98F9-CE62E670D00D}.Ad-Hoc|x64.ActiveCfg = Release|Any CPU
		{F85302DB-140B-4DB6-98F9-CE62E670D00D}.Ad-Hoc|x64.Build.0 = Release|Any CPU
		{F85302DB-140B-4DB6-98F9-CE62E670D00D}.Ad-Hoc|x64.Deploy.0 = Release|Any CPU
		{F85302DB-140B-4DB6-98F9-CE62E670D00D}.Ad-Hoc|x86.ActiveCfg = Release|Any CPU
		{F85302DB-140B-4DB6-98F9-CE62E670D00D}.Ad-Hoc|x86.Build.0 = Release|Any CPU
		{F85302DB-140B-4DB6-98F9-CE62E670D00D}.Ad-Hoc|x86.Deploy.0 = Release|Any CPU
		{F85302DB-140B-4DB6-98F9-CE62E670D00D}.AppStore|Any CPU.ActiveCfg = Release|Any CPU
		{F85302DB-140B-4DB6-98F9-CE62E670D00D}.AppStore|Any CPU.Build.0 = Release|Any CPU
		{F85302DB-140B-4DB6-98F9-CE62E670D00D}.AppStore|Any CPU.Deploy.0 = Release|Any CPU
		{F85302DB-140B-4DB6-98F9-CE62E670D00D}.AppStore|ARM.ActiveCfg = Release|Any CPU
		{F85302DB-140B-4DB6-98F9-CE62E670D00D}.AppStore|ARM.Build.0 = Release|Any CPU
		{F85302DB-140B-4DB6-98F9-CE62E670D00D}.AppStore|ARM.Deploy.0 = Release|Any CPU
		{F85302DB-140B-4DB6-98F9-CE62E670D00D}.AppStore|iPhone.ActiveCfg = Release|Any CPU
		{F85302DB-140B-4DB6-98F9-CE62E670D00D}.AppStore|iPhone.Build.0 = Release|Any CPU
		{F85302DB-140B-4DB6-98F9-CE62E670D00D}.AppStore|iPhone.Deploy.0 = Release|Any CPU
		{F85302DB-140B-4DB6-98F9-CE62E670D00D}.AppStore|iPhoneSimulator.ActiveCfg = Release|Any CPU
		{F85302DB-140B-4DB6-98F9-CE62E670D00D}.AppStore|iPhoneSimulator.Build.0 = Release|Any CPU
		{F85302DB-140B-4DB6-98F9-CE62E670D00D}.AppStore|iPhoneSimulator.Deploy.0 = Release|Any CPU
		{F85302DB-140B-4DB6-98F9-CE62E670D00D}.AppStore|x64.ActiveCfg = Release|Any CPU
		{F85302DB-140B-4DB6-98F9-CE62E670D00D}.AppStore|x64.Build.0 = Release|Any CPU
		{F85302DB-140B-4DB6-98F9-CE62E670D00D}.AppStore|x64.Deploy.0 = Release|Any CPU
		{F85302DB-140B-4DB6-98F9-CE62E670D00D}.AppStore|x86.ActiveCfg = Release|Any CPU
		{F85302DB-140B-4DB6-98F9-CE62E670D00D}.AppStore|x86.Build.0 = Release|Any CPU
		{F85302DB-140B-4DB6-98F9-CE62E670D00D}.AppStore|x86.Deploy.0 = Release|Any CPU
		{F85302DB-140B-4DB6-98F9-CE62E670D00D}.Debug|Any CPU.ActiveCfg = Debug|Any CPU
		{F85302DB-140B-4DB6-98F9-CE62E670D00D}.Debug|Any CPU.Build.0 = Debug|Any CPU
		{F85302DB-140B-4DB6-98F9-CE62E670D00D}.Debug|Any CPU.Deploy.0 = Debug|Any CPU
		{F85302DB-140B-4DB6-98F9-CE62E670D00D}.Debug|ARM.ActiveCfg = Debug|Any CPU
		{F85302DB-140B-4DB6-98F9-CE62E670D00D}.Debug|ARM.Build.0 = Debug|Any CPU
		{F85302DB-140B-4DB6-98F9-CE62E670D00D}.Debug|ARM.Deploy.0 = Debug|Any CPU
		{F85302DB-140B-4DB6-98F9-CE62E670D00D}.Debug|iPhone.ActiveCfg = Debug|Any CPU
		{F85302DB-140B-4DB6-98F9-CE62E670D00D}.Debug|iPhoneSimulator.ActiveCfg = Debug|Any CPU
		{F85302DB-140B-4DB6-98F9-CE62E670D00D}.Debug|x64.ActiveCfg = Debug|Any CPU
		{F85302DB-140B-4DB6-98F9-CE62E670D00D}.Debug|x64.Build.0 = Debug|Any CPU
		{F85302DB-140B-4DB6-98F9-CE62E670D00D}.Debug|x64.Deploy.0 = Debug|Any CPU
		{F85302DB-140B-4DB6-98F9-CE62E670D00D}.Debug|x86.ActiveCfg = Debug|Any CPU
		{F85302DB-140B-4DB6-98F9-CE62E670D00D}.Release|Any CPU.ActiveCfg = Release|Any CPU
		{F85302DB-140B-4DB6-98F9-CE62E670D00D}.Release|Any CPU.Build.0 = Release|Any CPU
		{F85302DB-140B-4DB6-98F9-CE62E670D00D}.Release|Any CPU.Deploy.0 = Release|Any CPU
		{F85302DB-140B-4DB6-98F9-CE62E670D00D}.Release|ARM.ActiveCfg = Release|Any CPU
		{F85302DB-140B-4DB6-98F9-CE62E670D00D}.Release|ARM.Build.0 = Release|Any CPU
		{F85302DB-140B-4DB6-98F9-CE62E670D00D}.Release|ARM.Deploy.0 = Release|Any CPU
		{F85302DB-140B-4DB6-98F9-CE62E670D00D}.Release|iPhone.ActiveCfg = Release|Any CPU
		{F85302DB-140B-4DB6-98F9-CE62E670D00D}.Release|iPhone.Build.0 = Release|Any CPU
		{F85302DB-140B-4DB6-98F9-CE62E670D00D}.Release|iPhone.Deploy.0 = Release|Any CPU
		{F85302DB-140B-4DB6-98F9-CE62E670D00D}.Release|iPhoneSimulator.ActiveCfg = Release|Any CPU
		{F85302DB-140B-4DB6-98F9-CE62E670D00D}.Release|iPhoneSimulator.Build.0 = Release|Any CPU
		{F85302DB-140B-4DB6-98F9-CE62E670D00D}.Release|iPhoneSimulator.Deploy.0 = Release|Any CPU
		{F85302DB-140B-4DB6-98F9-CE62E670D00D}.Release|x64.ActiveCfg = Release|Any CPU
		{F85302DB-140B-4DB6-98F9-CE62E670D00D}.Release|x64.Build.0 = Release|Any CPU
		{F85302DB-140B-4DB6-98F9-CE62E670D00D}.Release|x64.Deploy.0 = Release|Any CPU
		{F85302DB-140B-4DB6-98F9-CE62E670D00D}.Release|x86.ActiveCfg = Release|Any CPU
		{F85302DB-140B-4DB6-98F9-CE62E670D00D}.Release|x86.Build.0 = Release|Any CPU
		{F85302DB-140B-4DB6-98F9-CE62E670D00D}.Release|x86.Deploy.0 = Release|Any CPU
		{47A741F8-5CE4-45CD-832B-1F45ECA6B76D}.Ad-Hoc|Any CPU.ActiveCfg = Ad-Hoc|iPhone
		{47A741F8-5CE4-45CD-832B-1F45ECA6B76D}.Ad-Hoc|ARM.ActiveCfg = Ad-Hoc|iPhone
		{47A741F8-5CE4-45CD-832B-1F45ECA6B76D}.Ad-Hoc|iPhone.ActiveCfg = Ad-Hoc|iPhone
		{47A741F8-5CE4-45CD-832B-1F45ECA6B76D}.Ad-Hoc|iPhone.Build.0 = Ad-Hoc|iPhone
		{47A741F8-5CE4-45CD-832B-1F45ECA6B76D}.Ad-Hoc|iPhoneSimulator.ActiveCfg = Ad-Hoc|iPhoneSimulator
		{47A741F8-5CE4-45CD-832B-1F45ECA6B76D}.Ad-Hoc|iPhoneSimulator.Build.0 = Ad-Hoc|iPhoneSimulator
		{47A741F8-5CE4-45CD-832B-1F45ECA6B76D}.Ad-Hoc|x64.ActiveCfg = Ad-Hoc|iPhone
		{47A741F8-5CE4-45CD-832B-1F45ECA6B76D}.Ad-Hoc|x86.ActiveCfg = Ad-Hoc|iPhone
		{47A741F8-5CE4-45CD-832B-1F45ECA6B76D}.AppStore|Any CPU.ActiveCfg = AppStore|iPhone
		{47A741F8-5CE4-45CD-832B-1F45ECA6B76D}.AppStore|ARM.ActiveCfg = AppStore|iPhone
		{47A741F8-5CE4-45CD-832B-1F45ECA6B76D}.AppStore|iPhone.ActiveCfg = AppStore|iPhone
		{47A741F8-5CE4-45CD-832B-1F45ECA6B76D}.AppStore|iPhone.Build.0 = AppStore|iPhone
		{47A741F8-5CE4-45CD-832B-1F45ECA6B76D}.AppStore|iPhoneSimulator.ActiveCfg = AppStore|iPhoneSimulator
		{47A741F8-5CE4-45CD-832B-1F45ECA6B76D}.AppStore|iPhoneSimulator.Build.0 = AppStore|iPhoneSimulator
		{47A741F8-5CE4-45CD-832B-1F45ECA6B76D}.AppStore|x64.ActiveCfg = AppStore|iPhone
		{47A741F8-5CE4-45CD-832B-1F45ECA6B76D}.AppStore|x86.ActiveCfg = AppStore|iPhone
		{47A741F8-5CE4-45CD-832B-1F45ECA6B76D}.Debug|Any CPU.ActiveCfg = Debug|iPhoneSimulator
		{47A741F8-5CE4-45CD-832B-1F45ECA6B76D}.Debug|ARM.ActiveCfg = Debug|iPhoneSimulator
		{47A741F8-5CE4-45CD-832B-1F45ECA6B76D}.Debug|iPhone.ActiveCfg = Debug|iPhone
		{47A741F8-5CE4-45CD-832B-1F45ECA6B76D}.Debug|iPhone.Build.0 = Debug|iPhone
		{47A741F8-5CE4-45CD-832B-1F45ECA6B76D}.Debug|iPhoneSimulator.ActiveCfg = Debug|iPhoneSimulator
		{47A741F8-5CE4-45CD-832B-1F45ECA6B76D}.Debug|iPhoneSimulator.Build.0 = Debug|iPhoneSimulator
		{47A741F8-5CE4-45CD-832B-1F45ECA6B76D}.Debug|x64.ActiveCfg = Debug|iPhone
		{47A741F8-5CE4-45CD-832B-1F45ECA6B76D}.Debug|x86.ActiveCfg = Debug|iPhoneSimulator
		{47A741F8-5CE4-45CD-832B-1F45ECA6B76D}.Release|Any CPU.ActiveCfg = Release|iPhone
		{47A741F8-5CE4-45CD-832B-1F45ECA6B76D}.Release|ARM.ActiveCfg = Release|iPhone
		{47A741F8-5CE4-45CD-832B-1F45ECA6B76D}.Release|iPhone.ActiveCfg = Release|iPhone
		{47A741F8-5CE4-45CD-832B-1F45ECA6B76D}.Release|iPhone.Build.0 = Release|iPhone
		{47A741F8-5CE4-45CD-832B-1F45ECA6B76D}.Release|iPhoneSimulator.ActiveCfg = Release|iPhoneSimulator
		{47A741F8-5CE4-45CD-832B-1F45ECA6B76D}.Release|iPhoneSimulator.Build.0 = Release|iPhoneSimulator
		{47A741F8-5CE4-45CD-832B-1F45ECA6B76D}.Release|x64.ActiveCfg = Release|iPhone
		{47A741F8-5CE4-45CD-832B-1F45ECA6B76D}.Release|x86.ActiveCfg = Release|iPhone
		{4A0D8043-BD04-4F49-B0C1-F74A9E37F056}.Ad-Hoc|Any CPU.ActiveCfg = Release|x86
		{4A0D8043-BD04-4F49-B0C1-F74A9E37F056}.Ad-Hoc|Any CPU.Build.0 = Release|x86
		{4A0D8043-BD04-4F49-B0C1-F74A9E37F056}.Ad-Hoc|Any CPU.Deploy.0 = Release|x86
		{4A0D8043-BD04-4F49-B0C1-F74A9E37F056}.Ad-Hoc|ARM.ActiveCfg = Release|ARM
		{4A0D8043-BD04-4F49-B0C1-F74A9E37F056}.Ad-Hoc|ARM.Build.0 = Release|ARM
		{4A0D8043-BD04-4F49-B0C1-F74A9E37F056}.Ad-Hoc|ARM.Deploy.0 = Release|ARM
		{4A0D8043-BD04-4F49-B0C1-F74A9E37F056}.Ad-Hoc|iPhone.ActiveCfg = Release|x86
		{4A0D8043-BD04-4F49-B0C1-F74A9E37F056}.Ad-Hoc|iPhone.Build.0 = Release|x86
		{4A0D8043-BD04-4F49-B0C1-F74A9E37F056}.Ad-Hoc|iPhone.Deploy.0 = Release|x86
		{4A0D8043-BD04-4F49-B0C1-F74A9E37F056}.Ad-Hoc|iPhoneSimulator.ActiveCfg = Release|x86
		{4A0D8043-BD04-4F49-B0C1-F74A9E37F056}.Ad-Hoc|iPhoneSimulator.Build.0 = Release|x86
		{4A0D8043-BD04-4F49-B0C1-F74A9E37F056}.Ad-Hoc|iPhoneSimulator.Deploy.0 = Release|x86
		{4A0D8043-BD04-4F49-B0C1-F74A9E37F056}.Ad-Hoc|x64.ActiveCfg = Release|x64
		{4A0D8043-BD04-4F49-B0C1-F74A9E37F056}.Ad-Hoc|x64.Build.0 = Release|x64
		{4A0D8043-BD04-4F49-B0C1-F74A9E37F056}.Ad-Hoc|x64.Deploy.0 = Release|x64
		{4A0D8043-BD04-4F49-B0C1-F74A9E37F056}.Ad-Hoc|x86.ActiveCfg = Release|x86
		{4A0D8043-BD04-4F49-B0C1-F74A9E37F056}.Ad-Hoc|x86.Build.0 = Release|x86
		{4A0D8043-BD04-4F49-B0C1-F74A9E37F056}.Ad-Hoc|x86.Deploy.0 = Release|x86
		{4A0D8043-BD04-4F49-B0C1-F74A9E37F056}.AppStore|Any CPU.ActiveCfg = Release|x86
		{4A0D8043-BD04-4F49-B0C1-F74A9E37F056}.AppStore|Any CPU.Build.0 = Release|x86
		{4A0D8043-BD04-4F49-B0C1-F74A9E37F056}.AppStore|Any CPU.Deploy.0 = Release|x86
		{4A0D8043-BD04-4F49-B0C1-F74A9E37F056}.AppStore|ARM.ActiveCfg = Release|ARM
		{4A0D8043-BD04-4F49-B0C1-F74A9E37F056}.AppStore|ARM.Build.0 = Release|ARM
		{4A0D8043-BD04-4F49-B0C1-F74A9E37F056}.AppStore|ARM.Deploy.0 = Release|ARM
		{4A0D8043-BD04-4F49-B0C1-F74A9E37F056}.AppStore|iPhone.ActiveCfg = Release|x86
		{4A0D8043-BD04-4F49-B0C1-F74A9E37F056}.AppStore|iPhone.Build.0 = Release|x86
		{4A0D8043-BD04-4F49-B0C1-F74A9E37F056}.AppStore|iPhone.Deploy.0 = Release|x86
		{4A0D8043-BD04-4F49-B0C1-F74A9E37F056}.AppStore|iPhoneSimulator.ActiveCfg = Release|x86
		{4A0D8043-BD04-4F49-B0C1-F74A9E37F056}.AppStore|iPhoneSimulator.Build.0 = Release|x86
		{4A0D8043-BD04-4F49-B0C1-F74A9E37F056}.AppStore|iPhoneSimulator.Deploy.0 = Release|x86
		{4A0D8043-BD04-4F49-B0C1-F74A9E37F056}.AppStore|x64.ActiveCfg = Release|x64
		{4A0D8043-BD04-4F49-B0C1-F74A9E37F056}.AppStore|x64.Build.0 = Release|x64
		{4A0D8043-BD04-4F49-B0C1-F74A9E37F056}.AppStore|x64.Deploy.0 = Release|x64
		{4A0D8043-BD04-4F49-B0C1-F74A9E37F056}.AppStore|x86.ActiveCfg = Release|x86
		{4A0D8043-BD04-4F49-B0C1-F74A9E37F056}.AppStore|x86.Build.0 = Release|x86
		{4A0D8043-BD04-4F49-B0C1-F74A9E37F056}.AppStore|x86.Deploy.0 = Release|x86
		{4A0D8043-BD04-4F49-B0C1-F74A9E37F056}.Debug|Any CPU.ActiveCfg = Debug|x86
		{4A0D8043-BD04-4F49-B0C1-F74A9E37F056}.Debug|Any CPU.Build.0 = Debug|x86
		{4A0D8043-BD04-4F49-B0C1-F74A9E37F056}.Debug|Any CPU.Deploy.0 = Debug|x86
		{4A0D8043-BD04-4F49-B0C1-F74A9E37F056}.Debug|ARM.ActiveCfg = Debug|ARM
		{4A0D8043-BD04-4F49-B0C1-F74A9E37F056}.Debug|ARM.Build.0 = Debug|ARM
		{4A0D8043-BD04-4F49-B0C1-F74A9E37F056}.Debug|ARM.Deploy.0 = Debug|ARM
		{4A0D8043-BD04-4F49-B0C1-F74A9E37F056}.Debug|iPhone.ActiveCfg = Debug|x86
		{4A0D8043-BD04-4F49-B0C1-F74A9E37F056}.Debug|iPhoneSimulator.ActiveCfg = Debug|x86
		{4A0D8043-BD04-4F49-B0C1-F74A9E37F056}.Debug|iPhoneSimulator.Build.0 = Debug|x86
		{4A0D8043-BD04-4F49-B0C1-F74A9E37F056}.Debug|iPhoneSimulator.Deploy.0 = Debug|x86
		{4A0D8043-BD04-4F49-B0C1-F74A9E37F056}.Debug|x64.ActiveCfg = Debug|x64
		{4A0D8043-BD04-4F49-B0C1-F74A9E37F056}.Debug|x64.Build.0 = Debug|x64
		{4A0D8043-BD04-4F49-B0C1-F74A9E37F056}.Debug|x64.Deploy.0 = Debug|x64
		{4A0D8043-BD04-4F49-B0C1-F74A9E37F056}.Debug|x86.ActiveCfg = Debug|x86
		{4A0D8043-BD04-4F49-B0C1-F74A9E37F056}.Debug|x86.Build.0 = Debug|x86
		{4A0D8043-BD04-4F49-B0C1-F74A9E37F056}.Debug|x86.Deploy.0 = Debug|x86
		{4A0D8043-BD04-4F49-B0C1-F74A9E37F056}.Release|Any CPU.ActiveCfg = Release|x86
		{4A0D8043-BD04-4F49-B0C1-F74A9E37F056}.Release|ARM.ActiveCfg = Release|ARM
		{4A0D8043-BD04-4F49-B0C1-F74A9E37F056}.Release|ARM.Build.0 = Release|ARM
		{4A0D8043-BD04-4F49-B0C1-F74A9E37F056}.Release|ARM.Deploy.0 = Release|ARM
		{4A0D8043-BD04-4F49-B0C1-F74A9E37F056}.Release|iPhone.ActiveCfg = Release|x86
		{4A0D8043-BD04-4F49-B0C1-F74A9E37F056}.Release|iPhoneSimulator.ActiveCfg = Release|x86
		{4A0D8043-BD04-4F49-B0C1-F74A9E37F056}.Release|x64.ActiveCfg = Release|x64
		{4A0D8043-BD04-4F49-B0C1-F74A9E37F056}.Release|x64.Build.0 = Release|x64
		{4A0D8043-BD04-4F49-B0C1-F74A9E37F056}.Release|x64.Deploy.0 = Release|x64
		{4A0D8043-BD04-4F49-B0C1-F74A9E37F056}.Release|x86.ActiveCfg = Release|x86
		{4A0D8043-BD04-4F49-B0C1-F74A9E37F056}.Release|x86.Build.0 = Release|x86
		{4A0D8043-BD04-4F49-B0C1-F74A9E37F056}.Release|x86.Deploy.0 = Release|x86
		{7C1162B0-EC0F-4288-82A7-E99BD505199C}.Ad-Hoc|Any CPU.ActiveCfg = Debug|Any CPU
		{7C1162B0-EC0F-4288-82A7-E99BD505199C}.Ad-Hoc|Any CPU.Build.0 = Debug|Any CPU
		{7C1162B0-EC0F-4288-82A7-E99BD505199C}.Ad-Hoc|ARM.ActiveCfg = Debug|Any CPU
		{7C1162B0-EC0F-4288-82A7-E99BD505199C}.Ad-Hoc|ARM.Build.0 = Debug|Any CPU
		{7C1162B0-EC0F-4288-82A7-E99BD505199C}.Ad-Hoc|iPhone.ActiveCfg = Debug|Any CPU
		{7C1162B0-EC0F-4288-82A7-E99BD505199C}.Ad-Hoc|iPhone.Build.0 = Debug|Any CPU
		{7C1162B0-EC0F-4288-82A7-E99BD505199C}.Ad-Hoc|iPhoneSimulator.ActiveCfg = Debug|Any CPU
		{7C1162B0-EC0F-4288-82A7-E99BD505199C}.Ad-Hoc|iPhoneSimulator.Build.0 = Debug|Any CPU
		{7C1162B0-EC0F-4288-82A7-E99BD505199C}.Ad-Hoc|x64.ActiveCfg = Debug|Any CPU
		{7C1162B0-EC0F-4288-82A7-E99BD505199C}.Ad-Hoc|x64.Build.0 = Debug|Any CPU
		{7C1162B0-EC0F-4288-82A7-E99BD505199C}.Ad-Hoc|x86.ActiveCfg = Debug|Any CPU
		{7C1162B0-EC0F-4288-82A7-E99BD505199C}.Ad-Hoc|x86.Build.0 = Debug|Any CPU
		{7C1162B0-EC0F-4288-82A7-E99BD505199C}.AppStore|Any CPU.ActiveCfg = Debug|Any CPU
		{7C1162B0-EC0F-4288-82A7-E99BD505199C}.AppStore|Any CPU.Build.0 = Debug|Any CPU
		{7C1162B0-EC0F-4288-82A7-E99BD505199C}.AppStore|ARM.ActiveCfg = Debug|Any CPU
		{7C1162B0-EC0F-4288-82A7-E99BD505199C}.AppStore|ARM.Build.0 = Debug|Any CPU
		{7C1162B0-EC0F-4288-82A7-E99BD505199C}.AppStore|iPhone.ActiveCfg = Debug|Any CPU
		{7C1162B0-EC0F-4288-82A7-E99BD505199C}.AppStore|iPhone.Build.0 = Debug|Any CPU
		{7C1162B0-EC0F-4288-82A7-E99BD505199C}.AppStore|iPhoneSimulator.ActiveCfg = Debug|Any CPU
		{7C1162B0-EC0F-4288-82A7-E99BD505199C}.AppStore|iPhoneSimulator.Build.0 = Debug|Any CPU
		{7C1162B0-EC0F-4288-82A7-E99BD505199C}.AppStore|x64.ActiveCfg = Debug|Any CPU
		{7C1162B0-EC0F-4288-82A7-E99BD505199C}.AppStore|x64.Build.0 = Debug|Any CPU
		{7C1162B0-EC0F-4288-82A7-E99BD505199C}.AppStore|x86.ActiveCfg = Debug|Any CPU
		{7C1162B0-EC0F-4288-82A7-E99BD505199C}.AppStore|x86.Build.0 = Debug|Any CPU
		{7C1162B0-EC0F-4288-82A7-E99BD505199C}.Debug|Any CPU.ActiveCfg = Debug|Any CPU
		{7C1162B0-EC0F-4288-82A7-E99BD505199C}.Debug|Any CPU.Build.0 = Debug|Any CPU
		{7C1162B0-EC0F-4288-82A7-E99BD505199C}.Debug|ARM.ActiveCfg = Debug|Any CPU
		{7C1162B0-EC0F-4288-82A7-E99BD505199C}.Debug|ARM.Build.0 = Debug|Any CPU
		{7C1162B0-EC0F-4288-82A7-E99BD505199C}.Debug|iPhone.ActiveCfg = Debug|Any CPU
		{7C1162B0-EC0F-4288-82A7-E99BD505199C}.Debug|iPhone.Build.0 = Debug|Any CPU
		{7C1162B0-EC0F-4288-82A7-E99BD505199C}.Debug|iPhoneSimulator.ActiveCfg = Debug|Any CPU
		{7C1162B0-EC0F-4288-82A7-E99BD505199C}.Debug|iPhoneSimulator.Build.0 = Debug|Any CPU
		{7C1162B0-EC0F-4288-82A7-E99BD505199C}.Debug|x64.ActiveCfg = Debug|Any CPU
		{7C1162B0-EC0F-4288-82A7-E99BD505199C}.Debug|x64.Build.0 = Debug|Any CPU
		{7C1162B0-EC0F-4288-82A7-E99BD505199C}.Debug|x86.ActiveCfg = Debug|Any CPU
		{7C1162B0-EC0F-4288-82A7-E99BD505199C}.Debug|x86.Build.0 = Debug|Any CPU
		{7C1162B0-EC0F-4288-82A7-E99BD505199C}.Release|Any CPU.ActiveCfg = Release|Any CPU
		{7C1162B0-EC0F-4288-82A7-E99BD505199C}.Release|Any CPU.Build.0 = Release|Any CPU
		{7C1162B0-EC0F-4288-82A7-E99BD505199C}.Release|ARM.ActiveCfg = Release|Any CPU
		{7C1162B0-EC0F-4288-82A7-E99BD505199C}.Release|ARM.Build.0 = Release|Any CPU
		{7C1162B0-EC0F-4288-82A7-E99BD505199C}.Release|iPhone.ActiveCfg = Release|Any CPU
		{7C1162B0-EC0F-4288-82A7-E99BD505199C}.Release|iPhone.Build.0 = Release|Any CPU
		{7C1162B0-EC0F-4288-82A7-E99BD505199C}.Release|iPhoneSimulator.ActiveCfg = Release|Any CPU
		{7C1162B0-EC0F-4288-82A7-E99BD505199C}.Release|iPhoneSimulator.Build.0 = Release|Any CPU
		{7C1162B0-EC0F-4288-82A7-E99BD505199C}.Release|x64.ActiveCfg = Release|Any CPU
		{7C1162B0-EC0F-4288-82A7-E99BD505199C}.Release|x64.Build.0 = Release|Any CPU
		{7C1162B0-EC0F-4288-82A7-E99BD505199C}.Release|x86.ActiveCfg = Release|Any CPU
		{7C1162B0-EC0F-4288-82A7-E99BD505199C}.Release|x86.Build.0 = Release|Any CPU
		{C804A17A-6CD8-4AC6-A53A-A17A8210F925}.Ad-Hoc|Any CPU.ActiveCfg = Debug|Any CPU
		{C804A17A-6CD8-4AC6-A53A-A17A8210F925}.Ad-Hoc|Any CPU.Build.0 = Debug|Any CPU
		{C804A17A-6CD8-4AC6-A53A-A17A8210F925}.Ad-Hoc|ARM.ActiveCfg = Debug|Any CPU
		{C804A17A-6CD8-4AC6-A53A-A17A8210F925}.Ad-Hoc|ARM.Build.0 = Debug|Any CPU
		{C804A17A-6CD8-4AC6-A53A-A17A8210F925}.Ad-Hoc|iPhone.ActiveCfg = Debug|Any CPU
		{C804A17A-6CD8-4AC6-A53A-A17A8210F925}.Ad-Hoc|iPhone.Build.0 = Debug|Any CPU
		{C804A17A-6CD8-4AC6-A53A-A17A8210F925}.Ad-Hoc|iPhoneSimulator.ActiveCfg = Debug|Any CPU
		{C804A17A-6CD8-4AC6-A53A-A17A8210F925}.Ad-Hoc|iPhoneSimulator.Build.0 = Debug|Any CPU
		{C804A17A-6CD8-4AC6-A53A-A17A8210F925}.Ad-Hoc|x64.ActiveCfg = Debug|Any CPU
		{C804A17A-6CD8-4AC6-A53A-A17A8210F925}.Ad-Hoc|x64.Build.0 = Debug|Any CPU
		{C804A17A-6CD8-4AC6-A53A-A17A8210F925}.Ad-Hoc|x86.ActiveCfg = Debug|Any CPU
		{C804A17A-6CD8-4AC6-A53A-A17A8210F925}.Ad-Hoc|x86.Build.0 = Debug|Any CPU
		{C804A17A-6CD8-4AC6-A53A-A17A8210F925}.AppStore|Any CPU.ActiveCfg = Debug|Any CPU
		{C804A17A-6CD8-4AC6-A53A-A17A8210F925}.AppStore|Any CPU.Build.0 = Debug|Any CPU
		{C804A17A-6CD8-4AC6-A53A-A17A8210F925}.AppStore|ARM.ActiveCfg = Debug|Any CPU
		{C804A17A-6CD8-4AC6-A53A-A17A8210F925}.AppStore|ARM.Build.0 = Debug|Any CPU
		{C804A17A-6CD8-4AC6-A53A-A17A8210F925}.AppStore|iPhone.ActiveCfg = Debug|Any CPU
		{C804A17A-6CD8-4AC6-A53A-A17A8210F925}.AppStore|iPhone.Build.0 = Debug|Any CPU
		{C804A17A-6CD8-4AC6-A53A-A17A8210F925}.AppStore|iPhoneSimulator.ActiveCfg = Debug|Any CPU
		{C804A17A-6CD8-4AC6-A53A-A17A8210F925}.AppStore|iPhoneSimulator.Build.0 = Debug|Any CPU
		{C804A17A-6CD8-4AC6-A53A-A17A8210F925}.AppStore|x64.ActiveCfg = Debug|Any CPU
		{C804A17A-6CD8-4AC6-A53A-A17A8210F925}.AppStore|x64.Build.0 = Debug|Any CPU
		{C804A17A-6CD8-4AC6-A53A-A17A8210F925}.AppStore|x86.ActiveCfg = Debug|Any CPU
		{C804A17A-6CD8-4AC6-A53A-A17A8210F925}.AppStore|x86.Build.0 = Debug|Any CPU
		{C804A17A-6CD8-4AC6-A53A-A17A8210F925}.Debug|Any CPU.ActiveCfg = Debug|Any CPU
		{C804A17A-6CD8-4AC6-A53A-A17A8210F925}.Debug|Any CPU.Build.0 = Debug|Any CPU
		{C804A17A-6CD8-4AC6-A53A-A17A8210F925}.Debug|ARM.ActiveCfg = Debug|Any CPU
		{C804A17A-6CD8-4AC6-A53A-A17A8210F925}.Debug|ARM.Build.0 = Debug|Any CPU
		{C804A17A-6CD8-4AC6-A53A-A17A8210F925}.Debug|iPhone.ActiveCfg = Debug|Any CPU
		{C804A17A-6CD8-4AC6-A53A-A17A8210F925}.Debug|iPhone.Build.0 = Debug|Any CPU
		{C804A17A-6CD8-4AC6-A53A-A17A8210F925}.Debug|iPhoneSimulator.ActiveCfg = Debug|Any CPU
		{C804A17A-6CD8-4AC6-A53A-A17A8210F925}.Debug|iPhoneSimulator.Build.0 = Debug|Any CPU
		{C804A17A-6CD8-4AC6-A53A-A17A8210F925}.Debug|x64.ActiveCfg = Debug|Any CPU
		{C804A17A-6CD8-4AC6-A53A-A17A8210F925}.Debug|x64.Build.0 = Debug|Any CPU
		{C804A17A-6CD8-4AC6-A53A-A17A8210F925}.Debug|x86.ActiveCfg = Debug|Any CPU
		{C804A17A-6CD8-4AC6-A53A-A17A8210F925}.Debug|x86.Build.0 = Debug|Any CPU
		{C804A17A-6CD8-4AC6-A53A-A17A8210F925}.Release|Any CPU.ActiveCfg = Release|Any CPU
		{C804A17A-6CD8-4AC6-A53A-A17A8210F925}.Release|Any CPU.Build.0 = Release|Any CPU
		{C804A17A-6CD8-4AC6-A53A-A17A8210F925}.Release|ARM.ActiveCfg = Release|Any CPU
		{C804A17A-6CD8-4AC6-A53A-A17A8210F925}.Release|ARM.Build.0 = Release|Any CPU
		{C804A17A-6CD8-4AC6-A53A-A17A8210F925}.Release|iPhone.ActiveCfg = Release|Any CPU
		{C804A17A-6CD8-4AC6-A53A-A17A8210F925}.Release|iPhone.Build.0 = Release|Any CPU
		{C804A17A-6CD8-4AC6-A53A-A17A8210F925}.Release|iPhoneSimulator.ActiveCfg = Release|Any CPU
		{C804A17A-6CD8-4AC6-A53A-A17A8210F925}.Release|iPhoneSimulator.Build.0 = Release|Any CPU
		{C804A17A-6CD8-4AC6-A53A-A17A8210F925}.Release|x64.ActiveCfg = Release|Any CPU
		{C804A17A-6CD8-4AC6-A53A-A17A8210F925}.Release|x64.Build.0 = Release|Any CPU
		{C804A17A-6CD8-4AC6-A53A-A17A8210F925}.Release|x86.ActiveCfg = Release|Any CPU
		{C804A17A-6CD8-4AC6-A53A-A17A8210F925}.Release|x86.Build.0 = Release|Any CPU
		{8687545A-EF81-4011-8106-1B27BE5CBBC8}.Ad-Hoc|Any CPU.ActiveCfg = Debug|Any CPU
		{8687545A-EF81-4011-8106-1B27BE5CBBC8}.Ad-Hoc|Any CPU.Build.0 = Debug|Any CPU
		{8687545A-EF81-4011-8106-1B27BE5CBBC8}.Ad-Hoc|ARM.ActiveCfg = Debug|Any CPU
		{8687545A-EF81-4011-8106-1B27BE5CBBC8}.Ad-Hoc|ARM.Build.0 = Debug|Any CPU
		{8687545A-EF81-4011-8106-1B27BE5CBBC8}.Ad-Hoc|iPhone.ActiveCfg = Debug|Any CPU
		{8687545A-EF81-4011-8106-1B27BE5CBBC8}.Ad-Hoc|iPhone.Build.0 = Debug|Any CPU
		{8687545A-EF81-4011-8106-1B27BE5CBBC8}.Ad-Hoc|iPhoneSimulator.ActiveCfg = Debug|Any CPU
		{8687545A-EF81-4011-8106-1B27BE5CBBC8}.Ad-Hoc|iPhoneSimulator.Build.0 = Debug|Any CPU
		{8687545A-EF81-4011-8106-1B27BE5CBBC8}.Ad-Hoc|x64.ActiveCfg = Debug|Any CPU
		{8687545A-EF81-4011-8106-1B27BE5CBBC8}.Ad-Hoc|x64.Build.0 = Debug|Any CPU
		{8687545A-EF81-4011-8106-1B27BE5CBBC8}.Ad-Hoc|x86.ActiveCfg = Debug|Any CPU
		{8687545A-EF81-4011-8106-1B27BE5CBBC8}.Ad-Hoc|x86.Build.0 = Debug|Any CPU
		{8687545A-EF81-4011-8106-1B27BE5CBBC8}.AppStore|Any CPU.ActiveCfg = Debug|Any CPU
		{8687545A-EF81-4011-8106-1B27BE5CBBC8}.AppStore|Any CPU.Build.0 = Debug|Any CPU
		{8687545A-EF81-4011-8106-1B27BE5CBBC8}.AppStore|ARM.ActiveCfg = Debug|Any CPU
		{8687545A-EF81-4011-8106-1B27BE5CBBC8}.AppStore|ARM.Build.0 = Debug|Any CPU
		{8687545A-EF81-4011-8106-1B27BE5CBBC8}.AppStore|iPhone.ActiveCfg = Debug|Any CPU
		{8687545A-EF81-4011-8106-1B27BE5CBBC8}.AppStore|iPhone.Build.0 = Debug|Any CPU
		{8687545A-EF81-4011-8106-1B27BE5CBBC8}.AppStore|iPhoneSimulator.ActiveCfg = Debug|Any CPU
		{8687545A-EF81-4011-8106-1B27BE5CBBC8}.AppStore|iPhoneSimulator.Build.0 = Debug|Any CPU
		{8687545A-EF81-4011-8106-1B27BE5CBBC8}.AppStore|x64.ActiveCfg = Debug|Any CPU
		{8687545A-EF81-4011-8106-1B27BE5CBBC8}.AppStore|x64.Build.0 = Debug|Any CPU
		{8687545A-EF81-4011-8106-1B27BE5CBBC8}.AppStore|x86.ActiveCfg = Debug|Any CPU
		{8687545A-EF81-4011-8106-1B27BE5CBBC8}.AppStore|x86.Build.0 = Debug|Any CPU
		{8687545A-EF81-4011-8106-1B27BE5CBBC8}.Debug|Any CPU.ActiveCfg = Debug|Any CPU
		{8687545A-EF81-4011-8106-1B27BE5CBBC8}.Debug|Any CPU.Build.0 = Debug|Any CPU
		{8687545A-EF81-4011-8106-1B27BE5CBBC8}.Debug|ARM.ActiveCfg = Debug|Any CPU
		{8687545A-EF81-4011-8106-1B27BE5CBBC8}.Debug|ARM.Build.0 = Debug|Any CPU
		{8687545A-EF81-4011-8106-1B27BE5CBBC8}.Debug|iPhone.ActiveCfg = Debug|Any CPU
		{8687545A-EF81-4011-8106-1B27BE5CBBC8}.Debug|iPhone.Build.0 = Debug|Any CPU
		{8687545A-EF81-4011-8106-1B27BE5CBBC8}.Debug|iPhoneSimulator.ActiveCfg = Debug|Any CPU
		{8687545A-EF81-4011-8106-1B27BE5CBBC8}.Debug|iPhoneSimulator.Build.0 = Debug|Any CPU
		{8687545A-EF81-4011-8106-1B27BE5CBBC8}.Debug|x64.ActiveCfg = Debug|Any CPU
		{8687545A-EF81-4011-8106-1B27BE5CBBC8}.Debug|x64.Build.0 = Debug|Any CPU
		{8687545A-EF81-4011-8106-1B27BE5CBBC8}.Debug|x86.ActiveCfg = Debug|Any CPU
		{8687545A-EF81-4011-8106-1B27BE5CBBC8}.Debug|x86.Build.0 = Debug|Any CPU
		{8687545A-EF81-4011-8106-1B27BE5CBBC8}.Release|Any CPU.ActiveCfg = Release|Any CPU
		{8687545A-EF81-4011-8106-1B27BE5CBBC8}.Release|Any CPU.Build.0 = Release|Any CPU
		{8687545A-EF81-4011-8106-1B27BE5CBBC8}.Release|ARM.ActiveCfg = Release|Any CPU
		{8687545A-EF81-4011-8106-1B27BE5CBBC8}.Release|ARM.Build.0 = Release|Any CPU
		{8687545A-EF81-4011-8106-1B27BE5CBBC8}.Release|iPhone.ActiveCfg = Release|Any CPU
		{8687545A-EF81-4011-8106-1B27BE5CBBC8}.Release|iPhone.Build.0 = Release|Any CPU
		{8687545A-EF81-4011-8106-1B27BE5CBBC8}.Release|iPhoneSimulator.ActiveCfg = Release|Any CPU
		{8687545A-EF81-4011-8106-1B27BE5CBBC8}.Release|iPhoneSimulator.Build.0 = Release|Any CPU
		{8687545A-EF81-4011-8106-1B27BE5CBBC8}.Release|x64.ActiveCfg = Release|Any CPU
		{8687545A-EF81-4011-8106-1B27BE5CBBC8}.Release|x64.Build.0 = Release|Any CPU
		{8687545A-EF81-4011-8106-1B27BE5CBBC8}.Release|x86.ActiveCfg = Release|Any CPU
		{8687545A-EF81-4011-8106-1B27BE5CBBC8}.Release|x86.Build.0 = Release|Any CPU
	EndGlobalSection
	GlobalSection(SolutionProperties) = preSolution
		HideSolutionNode = FALSE
	EndGlobalSection
	GlobalSection(NestedProjects) = preSolution
		{3315ADBF-B4A3-4A67-BEEB-FF0C2EAE3BE6} = {CFBC9CB3-574E-48A8-ACC3-3E8ECD9F048D}
		{D3477D73-A095-45AB-9535-3375F7F6845E} = {944B3809-2169-474F-A390-CC348A2C6CB2}
		{81237579-D428-4F56-834A-876142E3B8B7} = {610538F7-A5A3-41D9-A6BC-8036E7259659}
		{25785E74-1B01-4DA3-BEA5-454928FDD766} = {610538F7-A5A3-41D9-A6BC-8036E7259659}
		{B6FFC2B4-E0F3-427F-ADBE-C7FA2801ACE6} = {A27AF5D8-2382-420B-BC18-62D9908B7DD8}
		{B0653D67-E038-48CF-A8BD-E3E21B6469C5} = {A27AF5D8-2382-420B-BC18-62D9908B7DD8}
		{DD9EB861-9F9D-4065-B792-CAA81377E906} = {A27AF5D8-2382-420B-BC18-62D9908B7DD8}
		{0DAFEDDE-3988-4ABD-B9E5-80BC511FE26F} = {610538F7-A5A3-41D9-A6BC-8036E7259659}
		{1E23EE32-C421-449A-80E7-904C666A6473} = {610538F7-A5A3-41D9-A6BC-8036E7259659}
		{F85302DB-140B-4DB6-98F9-CE62E670D00D} = {D3477D73-A095-45AB-9535-3375F7F6845E}
		{47A741F8-5CE4-45CD-832B-1F45ECA6B76D} = {D3477D73-A095-45AB-9535-3375F7F6845E}
		{4A0D8043-BD04-4F49-B0C1-F74A9E37F056} = {D3477D73-A095-45AB-9535-3375F7F6845E}
		{7C1162B0-EC0F-4288-82A7-E99BD505199C} = {D3477D73-A095-45AB-9535-3375F7F6845E}
		{C804A17A-6CD8-4AC6-A53A-A17A8210F925} = {F204E34C-19F9-4421-B799-D76C49813F9B}
		{8687545A-EF81-4011-8106-1B27BE5CBBC8} = {F204E34C-19F9-4421-B799-D76C49813F9B}
	EndGlobalSection
	GlobalSection(ExtensibilityGlobals) = postSolution
		SolutionGuid = {65C1FA2A-5D5E-4AA3-9470-8F4F99FEE77A}
	EndGlobalSection
EndGlobal
