
Microsoft Visual Studio Solution File, Format Version 12.00
# Visual Studio 15
VisualStudioVersion = 15.0.26730.10
MinimumVisualStudioVersion = 10.0.40219.1


Project("{9A19103F-16F7-4668-BE54-9A1E7A4F7556}") = "hase.ServiceApp.XFHost", "hase.ServiceApp.XFHost\hase.ServiceApp.XFHost\hase.ServiceApp.XFHost.csproj", "{1666F52B-ACE1-4006-B65F-D3194E37272D}"
EndProject

Project("{FAE04EC0-301F-11D3-BF4B-00C04F79EFBC}") = "hase.ServiceApp.XFHost.iOS", "hase.ServiceApp.XFHost\hase.ServiceApp.XFHost.iOS\hase.ServiceApp.XFHost.iOS.csproj", "{926E2C07-B4BF-417F-BFA9-B2DB7EE24A24}"
EndProject


Project("{FAE04EC0-301F-11D3-BF4B-00C04F79EFBC}") = "hase.ServiceApp.XFHost.Android", "hase.ServiceApp.XFHost\hase.ServiceApp.XFHost.Android\hase.ServiceApp.XFHost.Android.csproj", "{B41E8FAD-D18E-4D14-B4F0-95CEE65FD47C}"
EndProject

Project("{FAE04EC0-301F-11D3-BF4B-00C04F79EFBC}") = "hase.ServiceApp.XFHost.UWP", "hase.ServiceApp.XFHost\hase.ServiceApp.XFHost.UWP\hase.ServiceApp.XFHost.UWP.csproj", "{B38C0E1A-049F-43CF-B95E-E264C5298471}"
EndProject

Global
	GlobalSection(SolutionConfigurationPlatforms) = preSolution
		Ad-Hoc|Any CPU = Ad-Hoc|Any CPU
		Ad-Hoc|ARM = Ad-Hoc|ARM
		Ad-Hoc|iPhone = Ad-Hoc|iPhone
		Ad-Hoc|iPhoneSimulator = Ad-Hoc|iPhoneSimulator
		Ad-Hoc|x64 = Ad-Hoc|x64
		Ad-Hoc|x86 = Ad-Hoc|x86
		AppStore|Any CPU = AppStore|Any CPU
		AppStore|ARM = AppStore|ARM
		AppStore|iPhone = AppStore|iPhone
		AppStore|iPhoneSimulator = AppStore|iPhoneSimulator
		AppStore|x64 = AppStore|x64
		AppStore|x86 = AppStore|x86
		Debug|Any CPU = Debug|Any CPU
		Debug|ARM = Debug|ARM
		Debug|iPhone = Debug|iPhone
		Debug|iPhoneSimulator = Debug|iPhoneSimulator
		Debug|x64 = Debug|x64
		Debug|x86 = Debug|x86
		Release|Any CPU = Release|Any CPU
		Release|ARM = Release|ARM
		Release|iPhone = Release|iPhone
		Release|iPhoneSimulator = Release|iPhoneSimulator
		Release|x64 = Release|x64
		Release|x86 = Release|x86
	EndGlobalSection
	GlobalSection(ProjectConfigurationPlatforms) = postSolution
		{1666F52B-ACE1-4006-B65F-D3194E37272D}.Ad-Hoc|Any CPU.ActiveCfg = Debug|Any CPU
		{1666F52B-ACE1-4006-B65F-D3194E37272D}.Ad-Hoc|Any CPU.Build.0 = Debug|Any CPU
		{1666F52B-ACE1-4006-B65F-D3194E37272D}.Ad-Hoc|ARM.ActiveCfg = Debug|Any CPU
		{1666F52B-ACE1-4006-B65F-D3194E37272D}.Ad-Hoc|ARM.Build.0 = Debug|Any CPU
		{1666F52B-ACE1-4006-B65F-D3194E37272D}.Ad-Hoc|iPhone.ActiveCfg = Debug|Any CPU
		{1666F52B-ACE1-4006-B65F-D3194E37272D}.Ad-Hoc|iPhone.Build.0 = Debug|Any CPU
		{1666F52B-ACE1-4006-B65F-D3194E37272D}.Ad-Hoc|iPhoneSimulator.ActiveCfg = Debug|Any CPU
		{1666F52B-ACE1-4006-B65F-D3194E37272D}.Ad-Hoc|iPhoneSimulator.Build.0 = Debug|Any CPU
		{1666F52B-ACE1-4006-B65F-D3194E37272D}.Ad-Hoc|x64.ActiveCfg = Debug|Any CPU
		{1666F52B-ACE1-4006-B65F-D3194E37272D}.Ad-Hoc|x64.Build.0 = Debug|Any CPU
		{1666F52B-ACE1-4006-B65F-D3194E37272D}.Ad-Hoc|x86.ActiveCfg = Debug|Any CPU
		{1666F52B-ACE1-4006-B65F-D3194E37272D}.Ad-Hoc|x86.Build.0 = Debug|Any CPU
		{1666F52B-ACE1-4006-B65F-D3194E37272D}.AppStore|Any CPU.ActiveCfg = Debug|Any CPU
		{1666F52B-ACE1-4006-B65F-D3194E37272D}.AppStore|Any CPU.Build.0 = Debug|Any CPU
		{1666F52B-ACE1-4006-B65F-D3194E37272D}.AppStore|ARM.ActiveCfg = Debug|Any CPU
		{1666F52B-ACE1-4006-B65F-D3194E37272D}.AppStore|ARM.Build.0 = Debug|Any CPU
		{1666F52B-ACE1-4006-B65F-D3194E37272D}.AppStore|iPhone.ActiveCfg = Debug|Any CPU
		{1666F52B-ACE1-4006-B65F-D3194E37272D}.AppStore|iPhone.Build.0 = Debug|Any CPU
		{1666F52B-ACE1-4006-B65F-D3194E37272D}.AppStore|iPhoneSimulator.ActiveCfg = Debug|Any CPU
		{1666F52B-ACE1-4006-B65F-D3194E37272D}.AppStore|iPhoneSimulator.Build.0 = Debug|Any CPU
		{1666F52B-ACE1-4006-B65F-D3194E37272D}.AppStore|x64.ActiveCfg = Debug|Any CPU
		{1666F52B-ACE1-4006-B65F-D3194E37272D}.AppStore|x64.Build.0 = Debug|Any CPU
		{1666F52B-ACE1-4006-B65F-D3194E37272D}.AppStore|x86.ActiveCfg = Debug|Any CPU
		{1666F52B-ACE1-4006-B65F-D3194E37272D}.AppStore|x86.Build.0 = Debug|Any CPU
		{1666F52B-ACE1-4006-B65F-D3194E37272D}.Debug|Any CPU.ActiveCfg = Debug|Any CPU
		{1666F52B-ACE1-4006-B65F-D3194E37272D}.Debug|Any CPU.Build.0 = Debug|Any CPU
		{1666F52B-ACE1-4006-B65F-D3194E37272D}.Debug|ARM.ActiveCfg = Debug|Any CPU
		{1666F52B-ACE1-4006-B65F-D3194E37272D}.Debug|ARM.Build.0 = Debug|Any CPU
		{1666F52B-ACE1-4006-B65F-D3194E37272D}.Debug|iPhone.ActiveCfg = Debug|Any CPU
		{1666F52B-ACE1-4006-B65F-D3194E37272D}.Debug|iPhone.Build.0 = Debug|Any CPU
		{1666F52B-ACE1-4006-B65F-D3194E37272D}.Debug|iPhoneSimulator.ActiveCfg = Debug|Any CPU
		{1666F52B-ACE1-4006-B65F-D3194E37272D}.Debug|iPhoneSimulator.Build.0 = Debug|Any CPU
		{1666F52B-ACE1-4006-B65F-D3194E37272D}.Debug|x64.ActiveCfg = Debug|Any CPU
		{1666F52B-ACE1-4006-B65F-D3194E37272D}.Debug|x64.Build.0 = Debug|Any CPU
		{1666F52B-ACE1-4006-B65F-D3194E37272D}.Debug|x86.ActiveCfg = Debug|Any CPU
		{1666F52B-ACE1-4006-B65F-D3194E37272D}.Debug|x86.Build.0 = Debug|Any CPU
		{1666F52B-ACE1-4006-B65F-D3194E37272D}.Release|Any CPU.ActiveCfg = Release|Any CPU
		{1666F52B-ACE1-4006-B65F-D3194E37272D}.Release|Any CPU.Build.0 = Release|Any CPU
		{1666F52B-ACE1-4006-B65F-D3194E37272D}.Release|ARM.ActiveCfg = Release|Any CPU
		{1666F52B-ACE1-4006-B65F-D3194E37272D}.Release|ARM.Build.0 = Release|Any CPU
		{1666F52B-ACE1-4006-B65F-D3194E37272D}.Release|iPhone.ActiveCfg = Release|Any CPU
		{1666F52B-ACE1-4006-B65F-D3194E37272D}.Release|iPhone.Build.0 = Release|Any CPU
		{1666F52B-ACE1-4006-B65F-D3194E37272D}.Release|iPhoneSimulator.ActiveCfg = Release|Any CPU
		{1666F52B-ACE1-4006-B65F-D3194E37272D}.Release|iPhoneSimulator.Build.0 = Release|Any CPU
		{1666F52B-ACE1-4006-B65F-D3194E37272D}.Release|x64.ActiveCfg = Release|Any CPU
		{1666F52B-ACE1-4006-B65F-D3194E37272D}.Release|x64.Build.0 = Release|Any CPU
		{1666F52B-ACE1-4006-B65F-D3194E37272D}.Release|x86.ActiveCfg = Release|Any CPU
		{1666F52B-ACE1-4006-B65F-D3194E37272D}.Release|x86.Build.0 = Release|Any CPU
		{926E2C07-B4BF-417F-BFA9-B2DB7EE24A24}.Ad-Hoc|Any CPU.ActiveCfg = Ad-Hoc|iPhone
		{926E2C07-B4BF-417F-BFA9-B2DB7EE24A24}.Ad-Hoc|ARM.ActiveCfg = Ad-Hoc|iPhone
		{926E2C07-B4BF-417F-BFA9-B2DB7EE24A24}.Ad-Hoc|iPhone.ActiveCfg = Ad-Hoc|iPhone
		{926E2C07-B4BF-417F-BFA9-B2DB7EE24A24}.Ad-Hoc|iPhone.Build.0 = Ad-Hoc|iPhone
		{926E2C07-B4BF-417F-BFA9-B2DB7EE24A24}.Ad-Hoc|iPhoneSimulator.ActiveCfg = Ad-Hoc|iPhoneSimulator
		{926E2C07-B4BF-417F-BFA9-B2DB7EE24A24}.Ad-Hoc|iPhoneSimulator.Build.0 = Ad-Hoc|iPhoneSimulator
		{926E2C07-B4BF-417F-BFA9-B2DB7EE24A24}.Ad-Hoc|x64.ActiveCfg = Ad-Hoc|iPhone
		{926E2C07-B4BF-417F-BFA9-B2DB7EE24A24}.Ad-Hoc|x86.ActiveCfg = Ad-Hoc|iPhone
		{926E2C07-B4BF-417F-BFA9-B2DB7EE24A24}.AppStore|Any CPU.ActiveCfg = AppStore|iPhone
		{926E2C07-B4BF-417F-BFA9-B2DB7EE24A24}.AppStore|ARM.ActiveCfg = AppStore|iPhone
		{926E2C07-B4BF-417F-BFA9-B2DB7EE24A24}.AppStore|iPhone.ActiveCfg = AppStore|iPhone
		{926E2C07-B4BF-417F-BFA9-B2DB7EE24A24}.AppStore|iPhone.Build.0 = AppStore|iPhone
		{926E2C07-B4BF-417F-BFA9-B2DB7EE24A24}.AppStore|iPhoneSimulator.ActiveCfg = AppStore|iPhoneSimulator
		{926E2C07-B4BF-417F-BFA9-B2DB7EE24A24}.AppStore|iPhoneSimulator.Build.0 = AppStore|iPhoneSimulator
		{926E2C07-B4BF-417F-BFA9-B2DB7EE24A24}.AppStore|x64.ActiveCfg = AppStore|iPhone
		{926E2C07-B4BF-417F-BFA9-B2DB7EE24A24}.AppStore|x86.ActiveCfg = AppStore|iPhone
		{926E2C07-B4BF-417F-BFA9-B2DB7EE24A24}.Debug|Any CPU.ActiveCfg = Debug|iPhone
		{926E2C07-B4BF-417F-BFA9-B2DB7EE24A24}.Debug|ARM.ActiveCfg = Debug|iPhone
		{926E2C07-B4BF-417F-BFA9-B2DB7EE24A24}.Debug|iPhone.ActiveCfg = Debug|iPhone
		{926E2C07-B4BF-417F-BFA9-B2DB7EE24A24}.Debug|iPhone.Build.0 = Debug|iPhone
		{926E2C07-B4BF-417F-BFA9-B2DB7EE24A24}.Debug|iPhoneSimulator.ActiveCfg = Debug|iPhoneSimulator
		{926E2C07-B4BF-417F-BFA9-B2DB7EE24A24}.Debug|iPhoneSimulator.Build.0 = Debug|iPhoneSimulator
		{926E2C07-B4BF-417F-BFA9-B2DB7EE24A24}.Debug|x64.ActiveCfg = Debug|iPhone
		{926E2C07-B4BF-417F-BFA9-B2DB7EE24A24}.Debug|x86.ActiveCfg = Debug|iPhone
		{926E2C07-B4BF-417F-BFA9-B2DB7EE24A24}.Release|Any CPU.ActiveCfg = Release|iPhone
		{926E2C07-B4BF-417F-BFA9-B2DB7EE24A24}.Release|ARM.ActiveCfg = Release|iPhone
		{926E2C07-B4BF-417F-BFA9-B2DB7EE24A24}.Release|iPhone.ActiveCfg = Release|iPhone
		{926E2C07-B4BF-417F-BFA9-B2DB7EE24A24}.Release|iPhone.Build.0 = Release|iPhone
		{926E2C07-B4BF-417F-BFA9-B2DB7EE24A24}.Release|iPhoneSimulator.ActiveCfg = Release|iPhoneSimulator
		{926E2C07-B4BF-417F-BFA9-B2DB7EE24A24}.Release|iPhoneSimulator.Build.0 = Release|iPhoneSimulator
		{926E2C07-B4BF-417F-BFA9-B2DB7EE24A24}.Release|x64.ActiveCfg = Release|iPhone
		{926E2C07-B4BF-417F-BFA9-B2DB7EE24A24}.Release|x86.ActiveCfg = Release|iPhone
		{B38C0E1A-049F-43CF-B95E-E264C5298471}.Ad-Hoc|Any CPU.ActiveCfg = Release|x86
		{B38C0E1A-049F-43CF-B95E-E264C5298471}.Ad-Hoc|Any CPU.Build.0 = Release|x86
		{B38C0E1A-049F-43CF-B95E-E264C5298471}.Ad-Hoc|Any CPU.Deploy.0 = Release|x86
		{B38C0E1A-049F-43CF-B95E-E264C5298471}.Ad-Hoc|ARM.ActiveCfg = Release|ARM
		{B38C0E1A-049F-43CF-B95E-E264C5298471}.Ad-Hoc|ARM.Build.0 = Release|ARM
		{B38C0E1A-049F-43CF-B95E-E264C5298471}.Ad-Hoc|ARM.Deploy.0 = Release|ARM
		{B38C0E1A-049F-43CF-B95E-E264C5298471}.Ad-Hoc|iPhone.ActiveCfg = Release|x86
		{B38C0E1A-049F-43CF-B95E-E264C5298471}.Ad-Hoc|iPhone.Build.0 = Release|x86
		{B38C0E1A-049F-43CF-B95E-E264C5298471}.Ad-Hoc|iPhone.Deploy.0 = Release|x86
		{B38C0E1A-049F-43CF-B95E-E264C5298471}.Ad-Hoc|iPhoneSimulator.ActiveCfg = Release|x86
		{B38C0E1A-049F-43CF-B95E-E264C5298471}.Ad-Hoc|iPhoneSimulator.Build.0 = Release|x86
		{B38C0E1A-049F-43CF-B95E-E264C5298471}.Ad-Hoc|iPhoneSimulator.Deploy.0 = Release|x86
		{B38C0E1A-049F-43CF-B95E-E264C5298471}.Ad-Hoc|x64.ActiveCfg = Release|x64
		{B38C0E1A-049F-43CF-B95E-E264C5298471}.Ad-Hoc|x64.Build.0 = Release|x64
		{B38C0E1A-049F-43CF-B95E-E264C5298471}.Ad-Hoc|x64.Deploy.0 = Release|x64
		{B38C0E1A-049F-43CF-B95E-E264C5298471}.Ad-Hoc|x86.ActiveCfg = Release|x86
		{B38C0E1A-049F-43CF-B95E-E264C5298471}.Ad-Hoc|x86.Build.0 = Release|x86
		{B38C0E1A-049F-43CF-B95E-E264C5298471}.Ad-Hoc|x86.Deploy.0 = Release|x86
		{B38C0E1A-049F-43CF-B95E-E264C5298471}.AppStore|Any CPU.ActiveCfg = Release|x86
		{B38C0E1A-049F-43CF-B95E-E264C5298471}.AppStore|Any CPU.Build.0 = Release|x86
		{B38C0E1A-049F-43CF-B95E-E264C5298471}.AppStore|Any CPU.Deploy.0 = Release|x86
		{B38C0E1A-049F-43CF-B95E-E264C5298471}.AppStore|ARM.ActiveCfg = Release|ARM
		{B38C0E1A-049F-43CF-B95E-E264C5298471}.AppStore|ARM.Build.0 = Release|ARM
		{B38C0E1A-049F-43CF-B95E-E264C5298471}.AppStore|ARM.Deploy.0 = Release|ARM
		{B38C0E1A-049F-43CF-B95E-E264C5298471}.AppStore|iPhone.ActiveCfg = Release|x86
		{B38C0E1A-049F-43CF-B95E-E264C5298471}.AppStore|iPhone.Build.0 = Release|x86
		{B38C0E1A-049F-43CF-B95E-E264C5298471}.AppStore|iPhone.Deploy.0 = Release|x86
		{B38C0E1A-049F-43CF-B95E-E264C5298471}.AppStore|iPhoneSimulator.ActiveCfg = Release|x86
		{B38C0E1A-049F-43CF-B95E-E264C5298471}.AppStore|iPhoneSimulator.Build.0 = Release|x86
		{B38C0E1A-049F-43CF-B95E-E264C5298471}.AppStore|iPhoneSimulator.Deploy.0 = Release|x86
		{B38C0E1A-049F-43CF-B95E-E264C5298471}.AppStore|x64.ActiveCfg = Release|x64
		{B38C0E1A-049F-43CF-B95E-E264C5298471}.AppStore|x64.Build.0 = Release|x64
		{B38C0E1A-049F-43CF-B95E-E264C5298471}.AppStore|x64.Deploy.0 = Release|x64
		{B38C0E1A-049F-43CF-B95E-E264C5298471}.AppStore|x86.ActiveCfg = Release|x86
		{B38C0E1A-049F-43CF-B95E-E264C5298471}.AppStore|x86.Build.0 = Release|x86
		{B38C0E1A-049F-43CF-B95E-E264C5298471}.AppStore|x86.Deploy.0 = Release|x86
		{B38C0E1A-049F-43CF-B95E-E264C5298471}.Debug|Any CPU.ActiveCfg = Debug|x86
		{B38C0E1A-049F-43CF-B95E-E264C5298471}.Debug|ARM.ActiveCfg = Debug|ARM
		{B38C0E1A-049F-43CF-B95E-E264C5298471}.Debug|ARM.Build.0 = Debug|ARM
		{B38C0E1A-049F-43CF-B95E-E264C5298471}.Debug|ARM.Deploy.0 = Debug|ARM
		{B38C0E1A-049F-43CF-B95E-E264C5298471}.Debug|iPhone.ActiveCfg = Debug|x86
		{B38C0E1A-049F-43CF-B95E-E264C5298471}.Debug|iPhoneSimulator.ActiveCfg = Debug|x86
		{B38C0E1A-049F-43CF-B95E-E264C5298471}.Debug|x64.ActiveCfg = Debug|x64
		{B38C0E1A-049F-43CF-B95E-E264C5298471}.Debug|x64.Build.0 = Debug|x64
		{B38C0E1A-049F-43CF-B95E-E264C5298471}.Debug|x64.Deploy.0 = Debug|x64
		{B38C0E1A-049F-43CF-B95E-E264C5298471}.Debug|x86.ActiveCfg = Debug|x86
		{B38C0E1A-049F-43CF-B95E-E264C5298471}.Debug|x86.Build.0 = Debug|x86
		{B38C0E1A-049F-43CF-B95E-E264C5298471}.Debug|x86.Deploy.0 = Debug|x86
		{B38C0E1A-049F-43CF-B95E-E264C5298471}.Release|Any CPU.ActiveCfg = Release|x86
		{B38C0E1A-049F-43CF-B95E-E264C5298471}.Release|ARM.ActiveCfg = Release|ARM
		{B38C0E1A-049F-43CF-B95E-E264C5298471}.Release|ARM.Build.0 = Release|ARM
		{B38C0E1A-049F-43CF-B95E-E264C5298471}.Release|ARM.Deploy.0 = Release|ARM
		{B38C0E1A-049F-43CF-B95E-E264C5298471}.Release|iPhone.ActiveCfg = Release|x86
		{B38C0E1A-049F-43CF-B95E-E264C5298471}.Release|iPhoneSimulator.ActiveCfg = Release|x86
		{B38C0E1A-049F-43CF-B95E-E264C5298471}.Release|x64.ActiveCfg = Release|x64
		{B38C0E1A-049F-43CF-B95E-E264C5298471}.Release|x64.Build.0 = Release|x64
		{B38C0E1A-049F-43CF-B95E-E264C5298471}.Release|x64.Deploy.0 = Release|x64
		{B38C0E1A-049F-43CF-B95E-E264C5298471}.Release|x86.ActiveCfg = Release|x86
		{B38C0E1A-049F-43CF-B95E-E264C5298471}.Release|x86.Build.0 = Release|x86
		{B38C0E1A-049F-43CF-B95E-E264C5298471}.Release|x86.Deploy.0 = Release|x86
		{20FDA6ED-B68E-4610-807B-F358668F181E}.Ad-Hoc|Any CPU.ActiveCfg = Release|Any CPU
		{20FDA6ED-B68E-4610-807B-F358668F181E}.Ad-Hoc|Any CPU.Build.0 = Release|Any CPU
		{20FDA6ED-B68E-4610-807B-F358668F181E}.Ad-Hoc|Any CPU.Deploy.0 = Release|Any CPU
		{20FDA6ED-B68E-4610-807B-F358668F181E}.Ad-Hoc|ARM.ActiveCfg = Release|Any CPU
		{20FDA6ED-B68E-4610-807B-F358668F181E}.Ad-Hoc|ARM.Build.0 = Release|Any CPU
		{20FDA6ED-B68E-4610-807B-F358668F181E}.Ad-Hoc|ARM.Deploy.0 = Release|Any CPU
		{20FDA6ED-B68E-4610-807B-F358668F181E}.Ad-Hoc|iPhone.ActiveCfg = Release|Any CPU
		{20FDA6ED-B68E-4610-807B-F358668F181E}.Ad-Hoc|iPhone.Build.0 = Release|Any CPU
		{20FDA6ED-B68E-4610-807B-F358668F181E}.Ad-Hoc|iPhone.Deploy.0 = Release|Any CPU
		{20FDA6ED-B68E-4610-807B-F358668F181E}.Ad-Hoc|iPhoneSimulator.ActiveCfg = Release|Any CPU
		{20FDA6ED-B68E-4610-807B-F358668F181E}.Ad-Hoc|iPhoneSimulator.Build.0 = Release|Any CPU
		{20FDA6ED-B68E-4610-807B-F358668F181E}.Ad-Hoc|iPhoneSimulator.Deploy.0 = Release|Any CPU
		{20FDA6ED-B68E-4610-807B-F358668F181E}.Ad-Hoc|x64.ActiveCfg = Release|Any CPU
		{20FDA6ED-B68E-4610-807B-F358668F181E}.Ad-Hoc|x64.Build.0 = Release|Any CPU
		{20FDA6ED-B68E-4610-807B-F358668F181E}.Ad-Hoc|x64.Deploy.0 = Release|Any CPU
		{20FDA6ED-B68E-4610-807B-F358668F181E}.Ad-Hoc|x86.ActiveCfg = Release|Any CPU
		{20FDA6ED-B68E-4610-807B-F358668F181E}.Ad-Hoc|x86.Build.0 = Release|Any CPU
		{20FDA6ED-B68E-4610-807B-F358668F181E}.Ad-Hoc|x86.Deploy.0 = Release|Any CPU
		{20FDA6ED-B68E-4610-807B-F358668F181E}.AppStore|Any CPU.ActiveCfg = Release|Any CPU
		{20FDA6ED-B68E-4610-807B-F358668F181E}.AppStore|Any CPU.Build.0 = Release|Any CPU
		{20FDA6ED-B68E-4610-807B-F358668F181E}.AppStore|Any CPU.Deploy.0 = Release|Any CPU
		{20FDA6ED-B68E-4610-807B-F358668F181E}.AppStore|ARM.ActiveCfg = Release|Any CPU
		{20FDA6ED-B68E-4610-807B-F358668F181E}.AppStore|ARM.Build.0 = Release|Any CPU
		{20FDA6ED-B68E-4610-807B-F358668F181E}.AppStore|ARM.Deploy.0 = Release|Any CPU
		{20FDA6ED-B68E-4610-807B-F358668F181E}.AppStore|iPhone.ActiveCfg = Release|Any CPU
		{20FDA6ED-B68E-4610-807B-F358668F181E}.AppStore|iPhone.Build.0 = Release|Any CPU
		{20FDA6ED-B68E-4610-807B-F358668F181E}.AppStore|iPhone.Deploy.0 = Release|Any CPU
		{20FDA6ED-B68E-4610-807B-F358668F181E}.AppStore|iPhoneSimulator.ActiveCfg = Release|Any CPU
		{20FDA6ED-B68E-4610-807B-F358668F181E}.AppStore|iPhoneSimulator.Build.0 = Release|Any CPU
		{20FDA6ED-B68E-4610-807B-F358668F181E}.AppStore|iPhoneSimulator.Deploy.0 = Release|Any CPU
		{20FDA6ED-B68E-4610-807B-F358668F181E}.AppStore|x64.ActiveCfg = Release|Any CPU
		{20FDA6ED-B68E-4610-807B-F358668F181E}.AppStore|x64.Build.0 = Release|Any CPU
		{20FDA6ED-B68E-4610-807B-F358668F181E}.AppStore|x64.Deploy.0 = Release|Any CPU
		{20FDA6ED-B68E-4610-807B-F358668F181E}.AppStore|x86.ActiveCfg = Release|Any CPU
		{20FDA6ED-B68E-4610-807B-F358668F181E}.AppStore|x86.Build.0 = Release|Any CPU
		{20FDA6ED-B68E-4610-807B-F358668F181E}.AppStore|x86.Deploy.0 = Release|Any CPU
		{20FDA6ED-B68E-4610-807B-F358668F181E}.Debug|Any CPU.ActiveCfg = Debug|Any CPU
		{20FDA6ED-B68E-4610-807B-F358668F181E}.Debug|Any CPU.Build.0 = Debug|Any CPU
		{20FDA6ED-B68E-4610-807B-F358668F181E}.Debug|Any CPU.Deploy.0 = Debug|Any CPU
		{20FDA6ED-B68E-4610-807B-F358668F181E}.Debug|ARM.ActiveCfg = Debug|Any CPU
		{20FDA6ED-B68E-4610-807B-F358668F181E}.Debug|ARM.Build.0 = Debug|Any CPU
		{20FDA6ED-B68E-4610-807B-F358668F181E}.Debug|ARM.Deploy.0 = Debug|Any CPU
		{20FDA6ED-B68E-4610-807B-F358668F181E}.Debug|iPhone.ActiveCfg = Debug|Any CPU
		{20FDA6ED-B68E-4610-807B-F358668F181E}.Debug|iPhone.Build.0 = Debug|Any CPU
		{20FDA6ED-B68E-4610-807B-F358668F181E}.Debug|iPhone.Deploy.0 = Debug|Any CPU
		{20FDA6ED-B68E-4610-807B-F358668F181E}.Debug|iPhoneSimulator.ActiveCfg = Debug|Any CPU
		{20FDA6ED-B68E-4610-807B-F358668F181E}.Debug|iPhoneSimulator.Build.0 = Debug|Any CPU
		{20FDA6ED-B68E-4610-807B-F358668F181E}.Debug|iPhoneSimulator.Deploy.0 = Debug|Any CPU
		{20FDA6ED-B68E-4610-807B-F358668F181E}.Debug|x64.ActiveCfg = Debug|Any CPU
		{20FDA6ED-B68E-4610-807B-F358668F181E}.Debug|x64.Build.0 = Debug|Any CPU
		{20FDA6ED-B68E-4610-807B-F358668F181E}.Debug|x64.Deploy.0 = Debug|Any CPU
		{20FDA6ED-B68E-4610-807B-F358668F181E}.Debug|x86.ActiveCfg = Debug|Any CPU
		{20FDA6ED-B68E-4610-807B-F358668F181E}.Debug|x86.Build.0 = Debug|Any CPU
		{20FDA6ED-B68E-4610-807B-F358668F181E}.Debug|x86.Deploy.0 = Debug|Any CPU
		{20FDA6ED-B68E-4610-807B-F358668F181E}.Release|Any CPU.ActiveCfg = Release|Any CPU
		{20FDA6ED-B68E-4610-807B-F358668F181E}.Release|Any CPU.Build.0 = Release|Any CPU
		{20FDA6ED-B68E-4610-807B-F358668F181E}.Release|Any CPU.Deploy.0 = Release|Any CPU
		{20FDA6ED-B68E-4610-807B-F358668F181E}.Release|ARM.ActiveCfg = Release|Any CPU
		{20FDA6ED-B68E-4610-807B-F358668F181E}.Release|ARM.Build.0 = Release|Any CPU
		{20FDA6ED-B68E-4610-807B-F358668F181E}.Release|ARM.Deploy.0 = Release|Any CPU
		{20FDA6ED-B68E-4610-807B-F358668F181E}.Release|iPhone.ActiveCfg = Release|Any CPU
		{20FDA6ED-B68E-4610-807B-F358668F181E}.Release|iPhone.Build.0 = Release|Any CPU
		{20FDA6ED-B68E-4610-807B-F358668F181E}.Release|iPhone.Deploy.0 = Release|Any CPU
		{20FDA6ED-B68E-4610-807B-F358668F181E}.Release|iPhoneSimulator.ActiveCfg = Release|Any CPU
		{20FDA6ED-B68E-4610-807B-F358668F181E}.Release|iPhoneSimulator.Build.0 = Release|Any CPU
		{20FDA6ED-B68E-4610-807B-F358668F181E}.Release|iPhoneSimulator.Deploy.0 = Release|Any CPU
		{20FDA6ED-B68E-4610-807B-F358668F181E}.Release|x64.ActiveCfg = Release|Any CPU
		{20FDA6ED-B68E-4610-807B-F358668F181E}.Release|x64.Build.0 = Release|Any CPU
		{20FDA6ED-B68E-4610-807B-F358668F181E}.Release|x64.Deploy.0 = Release|Any CPU
		{20FDA6ED-B68E-4610-807B-F358668F181E}.Release|x86.ActiveCfg = Release|Any CPU
		{20FDA6ED-B68E-4610-807B-F358668F181E}.Release|x86.Build.0 = Release|Any CPU
		{20FDA6ED-B68E-4610-807B-F358668F181E}.Release|x86.Deploy.0 = Release|Any CPU
		{B445DF73-AC9E-4276-9FBA-7CB5AD5D2518}.Ad-Hoc|Any CPU.ActiveCfg = Release|Any CPU
		{B445DF73-AC9E-4276-9FBA-7CB5AD5D2518}.Ad-Hoc|Any CPU.Build.0 = Release|Any CPU
		{B445DF73-AC9E-4276-9FBA-7CB5AD5D2518}.Ad-Hoc|ARM.ActiveCfg = Release|Any CPU
		{B445DF73-AC9E-4276-9FBA-7CB5AD5D2518}.Ad-Hoc|ARM.Build.0 = Release|Any CPU
		{B445DF73-AC9E-4276-9FBA-7CB5AD5D2518}.Ad-Hoc|iPhone.ActiveCfg = Release|Any CPU
		{B445DF73-AC9E-4276-9FBA-7CB5AD5D2518}.Ad-Hoc|iPhone.Build.0 = Release|Any CPU
		{B445DF73-AC9E-4276-9FBA-7CB5AD5D2518}.Ad-Hoc|iPhoneSimulator.ActiveCfg = Release|Any CPU
		{B445DF73-AC9E-4276-9FBA-7CB5AD5D2518}.Ad-Hoc|iPhoneSimulator.Build.0 = Release|Any CPU
		{B445DF73-AC9E-4276-9FBA-7CB5AD5D2518}.Ad-Hoc|x64.ActiveCfg = Release|Any CPU
		{B445DF73-AC9E-4276-9FBA-7CB5AD5D2518}.Ad-Hoc|x64.Build.0 = Release|Any CPU
		{B445DF73-AC9E-4276-9FBA-7CB5AD5D2518}.Ad-Hoc|x86.ActiveCfg = Release|Any CPU
		{B445DF73-AC9E-4276-9FBA-7CB5AD5D2518}.Ad-Hoc|x86.Build.0 = Release|Any CPU
		{B445DF73-AC9E-4276-9FBA-7CB5AD5D2518}.AppStore|Any CPU.ActiveCfg = Release|Any CPU
		{B445DF73-AC9E-4276-9FBA-7CB5AD5D2518}.AppStore|Any CPU.Build.0 = Release|Any CPU
		{B445DF73-AC9E-4276-9FBA-7CB5AD5D2518}.AppStore|ARM.ActiveCfg = Release|Any CPU
		{B445DF73-AC9E-4276-9FBA-7CB5AD5D2518}.AppStore|ARM.Build.0 = Release|Any CPU
		{B445DF73-AC9E-4276-9FBA-7CB5AD5D2518}.AppStore|iPhone.ActiveCfg = Release|Any CPU
		{B445DF73-AC9E-4276-9FBA-7CB5AD5D2518}.AppStore|iPhone.Build.0 = Release|Any CPU
		{B445DF73-AC9E-4276-9FBA-7CB5AD5D2518}.AppStore|iPhoneSimulator.ActiveCfg = Release|Any CPU
		{B445DF73-AC9E-4276-9FBA-7CB5AD5D2518}.AppStore|iPhoneSimulator.Build.0 = Release|Any CPU
		{B445DF73-AC9E-4276-9FBA-7CB5AD5D2518}.AppStore|x64.ActiveCfg = Release|Any CPU
		{B445DF73-AC9E-4276-9FBA-7CB5AD5D2518}.AppStore|x64.Build.0 = Release|Any CPU
		{B445DF73-AC9E-4276-9FBA-7CB5AD5D2518}.AppStore|x86.ActiveCfg = Release|Any CPU
		{B445DF73-AC9E-4276-9FBA-7CB5AD5D2518}.AppStore|x86.Build.0 = Release|Any CPU
		{B445DF73-AC9E-4276-9FBA-7CB5AD5D2518}.Debug|Any CPU.ActiveCfg = Debug|Any CPU
		{B445DF73-AC9E-4276-9FBA-7CB5AD5D2518}.Debug|Any CPU.Build.0 = Debug|Any CPU
		{B445DF73-AC9E-4276-9FBA-7CB5AD5D2518}.Debug|ARM.ActiveCfg = Debug|Any CPU
		{B445DF73-AC9E-4276-9FBA-7CB5AD5D2518}.Debug|ARM.Build.0 = Debug|Any CPU
		{B445DF73-AC9E-4276-9FBA-7CB5AD5D2518}.Debug|iPhone.ActiveCfg = Debug|Any CPU
		{B445DF73-AC9E-4276-9FBA-7CB5AD5D2518}.Debug|iPhone.Build.0 = Debug|Any CPU
		{B445DF73-AC9E-4276-9FBA-7CB5AD5D2518}.Debug|iPhoneSimulator.ActiveCfg = Debug|Any CPU
		{B445DF73-AC9E-4276-9FBA-7CB5AD5D2518}.Debug|iPhoneSimulator.Build.0 = Debug|Any CPU
		{B445DF73-AC9E-4276-9FBA-7CB5AD5D2518}.Debug|x64.ActiveCfg = Debug|Any CPU
		{B445DF73-AC9E-4276-9FBA-7CB5AD5D2518}.Debug|x64.Build.0 = Debug|Any CPU
		{B445DF73-AC9E-4276-9FBA-7CB5AD5D2518}.Debug|x86.ActiveCfg = Debug|Any CPU
		{B445DF73-AC9E-4276-9FBA-7CB5AD5D2518}.Debug|x86.Build.0 = Debug|Any CPU
		{B445DF73-AC9E-4276-9FBA-7CB5AD5D2518}.Release|Any CPU.ActiveCfg = Release|Any CPU
		{B445DF73-AC9E-4276-9FBA-7CB5AD5D2518}.Release|Any CPU.Build.0 = Release|Any CPU
		{B445DF73-AC9E-4276-9FBA-7CB5AD5D2518}.Release|ARM.ActiveCfg = Release|Any CPU
		{B445DF73-AC9E-4276-9FBA-7CB5AD5D2518}.Release|ARM.Build.0 = Release|Any CPU
		{B445DF73-AC9E-4276-9FBA-7CB5AD5D2518}.Release|iPhone.ActiveCfg = Release|Any CPU
		{B445DF73-AC9E-4276-9FBA-7CB5AD5D2518}.Release|iPhone.Build.0 = Release|Any CPU
		{B445DF73-AC9E-4276-9FBA-7CB5AD5D2518}.Release|iPhoneSimulator.ActiveCfg = Release|Any CPU
		{B445DF73-AC9E-4276-9FBA-7CB5AD5D2518}.Release|iPhoneSimulator.Build.0 = Release|Any CPU
		{B445DF73-AC9E-4276-9FBA-7CB5AD5D2518}.Release|x64.ActiveCfg = Release|Any CPU
		{B445DF73-AC9E-4276-9FBA-7CB5AD5D2518}.Release|x64.Build.0 = Release|Any CPU
		{B445DF73-AC9E-4276-9FBA-7CB5AD5D2518}.Release|x86.ActiveCfg = Release|Any CPU
		{B445DF73-AC9E-4276-9FBA-7CB5AD5D2518}.Release|x86.Build.0 = Release|Any CPU
	EndGlobalSection
	GlobalSection(SolutionProperties) = preSolution
		HideSolutionNode = FALSE
	EndGlobalSection
	GlobalSection(ExtensibilityGlobals) = postSolution
		SolutionGuid = {F6D05029-56B8-4E45-AF2D-0E76295DDBA2}
	EndGlobalSection
EndGlobal
